
Microsoft Visual Studio Solution File, Format Version 12.00
# Visual Studio Version 16
VisualStudioVersion = 16.0.28705.295
MinimumVisualStudioVersion = 10.0.40219.1
Project("{2150E333-8FDC-42A3-9474-1A3956D46DE8}") = "Solution Items", "Solution Items", "{482108EE-8D47-4693-80B4-B609B536491B}"
	ProjectSection(SolutionItems) = preProject
		.editorconfig = .editorconfig
		azure-pipelines.yml = azure-pipelines.yml
		bean_testhost.ino = bean_testhost.ino
		src\Directory.build.props = src\Directory.build.props
		ISSUE_TEMPLATE = ISSUE_TEMPLATE
		LICENSE.md = LICENSE.md
		readme.md = readme.md
		support.xlsx = support.xlsx
	EndProjectSection
EndProject
Project("{9A19103F-16F7-4668-BE54-9A1E7A4F7556}") = "Shiny.Core", "src\Shiny.Core\Shiny.Core.csproj", "{84C6A1B8-0A57-4C6F-8738-3D3C03CE6F55}"
EndProject
Project("{9A19103F-16F7-4668-BE54-9A1E7A4F7556}") = "Shiny.BluetoothLE", "src\Shiny.BluetoothLE\Shiny.BluetoothLE.csproj", "{007465D6-5714-4E7E-929D-6F01D04E43B6}"
EndProject
Project("{9A19103F-16F7-4668-BE54-9A1E7A4F7556}") = "Shiny.Locations", "src\Shiny.Locations\Shiny.Locations.csproj", "{5A0DD7A1-E497-4051-84B0-2E16B015E012}"
EndProject
Project("{9A19103F-16F7-4668-BE54-9A1E7A4F7556}") = "Shiny.Sensors", "src\Shiny.Sensors\Shiny.Sensors.csproj", "{BE287E27-B7BC-44F5-8E0D-2F1A6E016D47}"
EndProject
Project("{9A19103F-16F7-4668-BE54-9A1E7A4F7556}") = "Shiny.Notifications", "src\Shiny.Notifications\Shiny.Notifications.csproj", "{E76DB2CB-7A95-40B0-9A50-230320554B6B}"
EndProject
Project("{9A19103F-16F7-4668-BE54-9A1E7A4F7556}") = "Shiny.SpeechRecognition", "src\Shiny.SpeechRecognition\Shiny.SpeechRecognition.csproj", "{34905983-1F79-4B74-9BB0-D1DC7D24B8BF}"
EndProject
Project("{9A19103F-16F7-4668-BE54-9A1E7A4F7556}") = "Shiny.Beacons", "src\Shiny.Beacons\Shiny.Beacons.csproj", "{B2E9F094-425F-4899-A979-338C940A917B}"
EndProject
Project("{9A19103F-16F7-4668-BE54-9A1E7A4F7556}") = "Shiny.Net.Http", "src\Shiny.Net.Http\Shiny.Net.Http.csproj", "{FBDC666C-F169-4553-A421-EF5B633962F6}"
EndProject
Project("{9A19103F-16F7-4668-BE54-9A1E7A4F7556}") = "Shiny.Testing", "src\Shiny.Testing\Shiny.Testing.csproj", "{D5F48241-D119-46DE-9A0A-3237AD2199EE}"
EndProject
Project("{9A19103F-16F7-4668-BE54-9A1E7A4F7556}") = "Shiny.Support.Uwp", "src\Shiny.Support.Uwp\Shiny.Support.Uwp.csproj", "{61CCE9F2-3B44-4D87-B820-DE45DEAB4B56}"
EndProject
Project("{9A19103F-16F7-4668-BE54-9A1E7A4F7556}") = "Shiny.Integrations.CurrentActivityPlugin", "src\Shiny.Integrations.CurrentActivityPlugin\Shiny.Integrations.CurrentActivityPlugin.csproj", "{321834F9-1009-4D4E-B8F5-5C6CCA95506E}"
EndProject
Project("{9A19103F-16F7-4668-BE54-9A1E7A4F7556}") = "Shiny.Logging.AppCenter", "src\Shiny.Logging.AppCenter\Shiny.Logging.AppCenter.csproj", "{E7E5F01A-63D3-4BB9-8B3B-A4E7797FBE4B}"
EndProject
Global
	GlobalSection(SolutionConfigurationPlatforms) = preSolution
		Ad-Hoc|Any CPU = Ad-Hoc|Any CPU
		Ad-Hoc|ARM = Ad-Hoc|ARM
		Ad-Hoc|ARM64 = Ad-Hoc|ARM64
		Ad-Hoc|iPhone = Ad-Hoc|iPhone
		Ad-Hoc|iPhoneSimulator = Ad-Hoc|iPhoneSimulator
		Ad-Hoc|x64 = Ad-Hoc|x64
		Ad-Hoc|x86 = Ad-Hoc|x86
		AppStore|Any CPU = AppStore|Any CPU
		AppStore|ARM = AppStore|ARM
		AppStore|ARM64 = AppStore|ARM64
		AppStore|iPhone = AppStore|iPhone
		AppStore|iPhoneSimulator = AppStore|iPhoneSimulator
		AppStore|x64 = AppStore|x64
		AppStore|x86 = AppStore|x86
		Debug|Any CPU = Debug|Any CPU
		Debug|ARM = Debug|ARM
		Debug|ARM64 = Debug|ARM64
		Debug|iPhone = Debug|iPhone
		Debug|iPhoneSimulator = Debug|iPhoneSimulator
		Debug|x64 = Debug|x64
		Debug|x86 = Debug|x86
		Release|Any CPU = Release|Any CPU
		Release|ARM = Release|ARM
		Release|ARM64 = Release|ARM64
		Release|iPhone = Release|iPhone
		Release|iPhoneSimulator = Release|iPhoneSimulator
		Release|x64 = Release|x64
		Release|x86 = Release|x86
	EndGlobalSection
	GlobalSection(ProjectConfigurationPlatforms) = postSolution
		{84C6A1B8-0A57-4C6F-8738-3D3C03CE6F55}.Ad-Hoc|Any CPU.ActiveCfg = Debug|Any CPU
		{84C6A1B8-0A57-4C6F-8738-3D3C03CE6F55}.Ad-Hoc|Any CPU.Build.0 = Debug|Any CPU
		{84C6A1B8-0A57-4C6F-8738-3D3C03CE6F55}.Ad-Hoc|ARM.ActiveCfg = Debug|Any CPU
		{84C6A1B8-0A57-4C6F-8738-3D3C03CE6F55}.Ad-Hoc|ARM.Build.0 = Debug|Any CPU
		{84C6A1B8-0A57-4C6F-8738-3D3C03CE6F55}.Ad-Hoc|ARM64.ActiveCfg = Release|Any CPU
		{84C6A1B8-0A57-4C6F-8738-3D3C03CE6F55}.Ad-Hoc|ARM64.Build.0 = Release|Any CPU
		{84C6A1B8-0A57-4C6F-8738-3D3C03CE6F55}.Ad-Hoc|iPhone.ActiveCfg = Debug|Any CPU
		{84C6A1B8-0A57-4C6F-8738-3D3C03CE6F55}.Ad-Hoc|iPhone.Build.0 = Debug|Any CPU
		{84C6A1B8-0A57-4C6F-8738-3D3C03CE6F55}.Ad-Hoc|iPhoneSimulator.ActiveCfg = Debug|Any CPU
		{84C6A1B8-0A57-4C6F-8738-3D3C03CE6F55}.Ad-Hoc|iPhoneSimulator.Build.0 = Debug|Any CPU
		{84C6A1B8-0A57-4C6F-8738-3D3C03CE6F55}.Ad-Hoc|x64.ActiveCfg = Debug|Any CPU
		{84C6A1B8-0A57-4C6F-8738-3D3C03CE6F55}.Ad-Hoc|x64.Build.0 = Debug|Any CPU
		{84C6A1B8-0A57-4C6F-8738-3D3C03CE6F55}.Ad-Hoc|x86.ActiveCfg = Debug|Any CPU
		{84C6A1B8-0A57-4C6F-8738-3D3C03CE6F55}.Ad-Hoc|x86.Build.0 = Debug|Any CPU
		{84C6A1B8-0A57-4C6F-8738-3D3C03CE6F55}.AppStore|Any CPU.ActiveCfg = Debug|Any CPU
		{84C6A1B8-0A57-4C6F-8738-3D3C03CE6F55}.AppStore|Any CPU.Build.0 = Debug|Any CPU
		{84C6A1B8-0A57-4C6F-8738-3D3C03CE6F55}.AppStore|ARM.ActiveCfg = Debug|Any CPU
		{84C6A1B8-0A57-4C6F-8738-3D3C03CE6F55}.AppStore|ARM.Build.0 = Debug|Any CPU
		{84C6A1B8-0A57-4C6F-8738-3D3C03CE6F55}.AppStore|ARM64.ActiveCfg = Release|Any CPU
		{84C6A1B8-0A57-4C6F-8738-3D3C03CE6F55}.AppStore|ARM64.Build.0 = Release|Any CPU
		{84C6A1B8-0A57-4C6F-8738-3D3C03CE6F55}.AppStore|iPhone.ActiveCfg = Debug|Any CPU
		{84C6A1B8-0A57-4C6F-8738-3D3C03CE6F55}.AppStore|iPhone.Build.0 = Debug|Any CPU
		{84C6A1B8-0A57-4C6F-8738-3D3C03CE6F55}.AppStore|iPhoneSimulator.ActiveCfg = Debug|Any CPU
		{84C6A1B8-0A57-4C6F-8738-3D3C03CE6F55}.AppStore|iPhoneSimulator.Build.0 = Debug|Any CPU
		{84C6A1B8-0A57-4C6F-8738-3D3C03CE6F55}.AppStore|x64.ActiveCfg = Debug|Any CPU
		{84C6A1B8-0A57-4C6F-8738-3D3C03CE6F55}.AppStore|x64.Build.0 = Debug|Any CPU
		{84C6A1B8-0A57-4C6F-8738-3D3C03CE6F55}.AppStore|x86.ActiveCfg = Debug|Any CPU
		{84C6A1B8-0A57-4C6F-8738-3D3C03CE6F55}.AppStore|x86.Build.0 = Debug|Any CPU
		{84C6A1B8-0A57-4C6F-8738-3D3C03CE6F55}.Debug|Any CPU.ActiveCfg = Debug|Any CPU
		{84C6A1B8-0A57-4C6F-8738-3D3C03CE6F55}.Debug|Any CPU.Build.0 = Debug|Any CPU
		{84C6A1B8-0A57-4C6F-8738-3D3C03CE6F55}.Debug|ARM.ActiveCfg = Debug|Any CPU
		{84C6A1B8-0A57-4C6F-8738-3D3C03CE6F55}.Debug|ARM.Build.0 = Debug|Any CPU
		{84C6A1B8-0A57-4C6F-8738-3D3C03CE6F55}.Debug|ARM64.ActiveCfg = Debug|Any CPU
		{84C6A1B8-0A57-4C6F-8738-3D3C03CE6F55}.Debug|ARM64.Build.0 = Debug|Any CPU
		{84C6A1B8-0A57-4C6F-8738-3D3C03CE6F55}.Debug|iPhone.ActiveCfg = Debug|Any CPU
		{84C6A1B8-0A57-4C6F-8738-3D3C03CE6F55}.Debug|iPhone.Build.0 = Debug|Any CPU
		{84C6A1B8-0A57-4C6F-8738-3D3C03CE6F55}.Debug|iPhoneSimulator.ActiveCfg = Debug|Any CPU
		{84C6A1B8-0A57-4C6F-8738-3D3C03CE6F55}.Debug|iPhoneSimulator.Build.0 = Debug|Any CPU
		{84C6A1B8-0A57-4C6F-8738-3D3C03CE6F55}.Debug|x64.ActiveCfg = Debug|Any CPU
		{84C6A1B8-0A57-4C6F-8738-3D3C03CE6F55}.Debug|x64.Build.0 = Debug|Any CPU
		{84C6A1B8-0A57-4C6F-8738-3D3C03CE6F55}.Debug|x86.ActiveCfg = Debug|Any CPU
		{84C6A1B8-0A57-4C6F-8738-3D3C03CE6F55}.Debug|x86.Build.0 = Debug|Any CPU
		{84C6A1B8-0A57-4C6F-8738-3D3C03CE6F55}.Release|Any CPU.ActiveCfg = Release|Any CPU
		{84C6A1B8-0A57-4C6F-8738-3D3C03CE6F55}.Release|Any CPU.Build.0 = Release|Any CPU
		{84C6A1B8-0A57-4C6F-8738-3D3C03CE6F55}.Release|ARM.ActiveCfg = Release|Any CPU
		{84C6A1B8-0A57-4C6F-8738-3D3C03CE6F55}.Release|ARM.Build.0 = Release|Any CPU
		{84C6A1B8-0A57-4C6F-8738-3D3C03CE6F55}.Release|ARM64.ActiveCfg = Release|Any CPU
		{84C6A1B8-0A57-4C6F-8738-3D3C03CE6F55}.Release|ARM64.Build.0 = Release|Any CPU
		{84C6A1B8-0A57-4C6F-8738-3D3C03CE6F55}.Release|iPhone.ActiveCfg = Release|Any CPU
		{84C6A1B8-0A57-4C6F-8738-3D3C03CE6F55}.Release|iPhone.Build.0 = Release|Any CPU
		{84C6A1B8-0A57-4C6F-8738-3D3C03CE6F55}.Release|iPhoneSimulator.ActiveCfg = Release|Any CPU
		{84C6A1B8-0A57-4C6F-8738-3D3C03CE6F55}.Release|iPhoneSimulator.Build.0 = Release|Any CPU
		{84C6A1B8-0A57-4C6F-8738-3D3C03CE6F55}.Release|x64.ActiveCfg = Release|Any CPU
		{84C6A1B8-0A57-4C6F-8738-3D3C03CE6F55}.Release|x64.Build.0 = Release|Any CPU
		{84C6A1B8-0A57-4C6F-8738-3D3C03CE6F55}.Release|x86.ActiveCfg = Release|Any CPU
		{84C6A1B8-0A57-4C6F-8738-3D3C03CE6F55}.Release|x86.Build.0 = Release|Any CPU
		{007465D6-5714-4E7E-929D-6F01D04E43B6}.Ad-Hoc|Any CPU.ActiveCfg = Debug|Any CPU
		{007465D6-5714-4E7E-929D-6F01D04E43B6}.Ad-Hoc|Any CPU.Build.0 = Debug|Any CPU
		{007465D6-5714-4E7E-929D-6F01D04E43B6}.Ad-Hoc|ARM.ActiveCfg = Debug|Any CPU
		{007465D6-5714-4E7E-929D-6F01D04E43B6}.Ad-Hoc|ARM.Build.0 = Debug|Any CPU
		{007465D6-5714-4E7E-929D-6F01D04E43B6}.Ad-Hoc|ARM64.ActiveCfg = Release|Any CPU
		{007465D6-5714-4E7E-929D-6F01D04E43B6}.Ad-Hoc|ARM64.Build.0 = Release|Any CPU
		{007465D6-5714-4E7E-929D-6F01D04E43B6}.Ad-Hoc|iPhone.ActiveCfg = Debug|Any CPU
		{007465D6-5714-4E7E-929D-6F01D04E43B6}.Ad-Hoc|iPhone.Build.0 = Debug|Any CPU
		{007465D6-5714-4E7E-929D-6F01D04E43B6}.Ad-Hoc|iPhoneSimulator.ActiveCfg = Debug|Any CPU
		{007465D6-5714-4E7E-929D-6F01D04E43B6}.Ad-Hoc|iPhoneSimulator.Build.0 = Debug|Any CPU
		{007465D6-5714-4E7E-929D-6F01D04E43B6}.Ad-Hoc|x64.ActiveCfg = Debug|Any CPU
		{007465D6-5714-4E7E-929D-6F01D04E43B6}.Ad-Hoc|x64.Build.0 = Debug|Any CPU
		{007465D6-5714-4E7E-929D-6F01D04E43B6}.Ad-Hoc|x86.ActiveCfg = Debug|Any CPU
		{007465D6-5714-4E7E-929D-6F01D04E43B6}.Ad-Hoc|x86.Build.0 = Debug|Any CPU
		{007465D6-5714-4E7E-929D-6F01D04E43B6}.AppStore|Any CPU.ActiveCfg = Debug|Any CPU
		{007465D6-5714-4E7E-929D-6F01D04E43B6}.AppStore|Any CPU.Build.0 = Debug|Any CPU
		{007465D6-5714-4E7E-929D-6F01D04E43B6}.AppStore|ARM.ActiveCfg = Debug|Any CPU
		{007465D6-5714-4E7E-929D-6F01D04E43B6}.AppStore|ARM.Build.0 = Debug|Any CPU
		{007465D6-5714-4E7E-929D-6F01D04E43B6}.AppStore|ARM64.ActiveCfg = Release|Any CPU
		{007465D6-5714-4E7E-929D-6F01D04E43B6}.AppStore|ARM64.Build.0 = Release|Any CPU
		{007465D6-5714-4E7E-929D-6F01D04E43B6}.AppStore|iPhone.ActiveCfg = Debug|Any CPU
		{007465D6-5714-4E7E-929D-6F01D04E43B6}.AppStore|iPhone.Build.0 = Debug|Any CPU
		{007465D6-5714-4E7E-929D-6F01D04E43B6}.AppStore|iPhoneSimulator.ActiveCfg = Debug|Any CPU
		{007465D6-5714-4E7E-929D-6F01D04E43B6}.AppStore|iPhoneSimulator.Build.0 = Debug|Any CPU
		{007465D6-5714-4E7E-929D-6F01D04E43B6}.AppStore|x64.ActiveCfg = Debug|Any CPU
		{007465D6-5714-4E7E-929D-6F01D04E43B6}.AppStore|x64.Build.0 = Debug|Any CPU
		{007465D6-5714-4E7E-929D-6F01D04E43B6}.AppStore|x86.ActiveCfg = Debug|Any CPU
		{007465D6-5714-4E7E-929D-6F01D04E43B6}.AppStore|x86.Build.0 = Debug|Any CPU
		{007465D6-5714-4E7E-929D-6F01D04E43B6}.Debug|Any CPU.ActiveCfg = Debug|Any CPU
		{007465D6-5714-4E7E-929D-6F01D04E43B6}.Debug|Any CPU.Build.0 = Debug|Any CPU
		{007465D6-5714-4E7E-929D-6F01D04E43B6}.Debug|ARM.ActiveCfg = Debug|Any CPU
		{007465D6-5714-4E7E-929D-6F01D04E43B6}.Debug|ARM.Build.0 = Debug|Any CPU
		{007465D6-5714-4E7E-929D-6F01D04E43B6}.Debug|ARM64.ActiveCfg = Debug|Any CPU
		{007465D6-5714-4E7E-929D-6F01D04E43B6}.Debug|ARM64.Build.0 = Debug|Any CPU
		{007465D6-5714-4E7E-929D-6F01D04E43B6}.Debug|iPhone.ActiveCfg = Debug|Any CPU
		{007465D6-5714-4E7E-929D-6F01D04E43B6}.Debug|iPhone.Build.0 = Debug|Any CPU
		{007465D6-5714-4E7E-929D-6F01D04E43B6}.Debug|iPhoneSimulator.ActiveCfg = Debug|Any CPU
		{007465D6-5714-4E7E-929D-6F01D04E43B6}.Debug|iPhoneSimulator.Build.0 = Debug|Any CPU
		{007465D6-5714-4E7E-929D-6F01D04E43B6}.Debug|x64.ActiveCfg = Debug|Any CPU
		{007465D6-5714-4E7E-929D-6F01D04E43B6}.Debug|x64.Build.0 = Debug|Any CPU
		{007465D6-5714-4E7E-929D-6F01D04E43B6}.Debug|x86.ActiveCfg = Debug|Any CPU
		{007465D6-5714-4E7E-929D-6F01D04E43B6}.Debug|x86.Build.0 = Debug|Any CPU
		{007465D6-5714-4E7E-929D-6F01D04E43B6}.Release|Any CPU.ActiveCfg = Release|Any CPU
		{007465D6-5714-4E7E-929D-6F01D04E43B6}.Release|Any CPU.Build.0 = Release|Any CPU
		{007465D6-5714-4E7E-929D-6F01D04E43B6}.Release|ARM.ActiveCfg = Release|Any CPU
		{007465D6-5714-4E7E-929D-6F01D04E43B6}.Release|ARM.Build.0 = Release|Any CPU
		{007465D6-5714-4E7E-929D-6F01D04E43B6}.Release|ARM64.ActiveCfg = Release|Any CPU
		{007465D6-5714-4E7E-929D-6F01D04E43B6}.Release|ARM64.Build.0 = Release|Any CPU
		{007465D6-5714-4E7E-929D-6F01D04E43B6}.Release|iPhone.ActiveCfg = Release|Any CPU
		{007465D6-5714-4E7E-929D-6F01D04E43B6}.Release|iPhone.Build.0 = Release|Any CPU
		{007465D6-5714-4E7E-929D-6F01D04E43B6}.Release|iPhoneSimulator.ActiveCfg = Release|Any CPU
		{007465D6-5714-4E7E-929D-6F01D04E43B6}.Release|iPhoneSimulator.Build.0 = Release|Any CPU
		{007465D6-5714-4E7E-929D-6F01D04E43B6}.Release|x64.ActiveCfg = Release|Any CPU
		{007465D6-5714-4E7E-929D-6F01D04E43B6}.Release|x64.Build.0 = Release|Any CPU
		{007465D6-5714-4E7E-929D-6F01D04E43B6}.Release|x86.ActiveCfg = Release|Any CPU
		{007465D6-5714-4E7E-929D-6F01D04E43B6}.Release|x86.Build.0 = Release|Any CPU
		{5A0DD7A1-E497-4051-84B0-2E16B015E012}.Ad-Hoc|Any CPU.ActiveCfg = Debug|Any CPU
		{5A0DD7A1-E497-4051-84B0-2E16B015E012}.Ad-Hoc|Any CPU.Build.0 = Debug|Any CPU
		{5A0DD7A1-E497-4051-84B0-2E16B015E012}.Ad-Hoc|ARM.ActiveCfg = Debug|Any CPU
		{5A0DD7A1-E497-4051-84B0-2E16B015E012}.Ad-Hoc|ARM.Build.0 = Debug|Any CPU
		{5A0DD7A1-E497-4051-84B0-2E16B015E012}.Ad-Hoc|ARM64.ActiveCfg = Release|Any CPU
		{5A0DD7A1-E497-4051-84B0-2E16B015E012}.Ad-Hoc|ARM64.Build.0 = Release|Any CPU
		{5A0DD7A1-E497-4051-84B0-2E16B015E012}.Ad-Hoc|iPhone.ActiveCfg = Debug|Any CPU
		{5A0DD7A1-E497-4051-84B0-2E16B015E012}.Ad-Hoc|iPhone.Build.0 = Debug|Any CPU
		{5A0DD7A1-E497-4051-84B0-2E16B015E012}.Ad-Hoc|iPhoneSimulator.ActiveCfg = Debug|Any CPU
		{5A0DD7A1-E497-4051-84B0-2E16B015E012}.Ad-Hoc|iPhoneSimulator.Build.0 = Debug|Any CPU
		{5A0DD7A1-E497-4051-84B0-2E16B015E012}.Ad-Hoc|x64.ActiveCfg = Debug|Any CPU
		{5A0DD7A1-E497-4051-84B0-2E16B015E012}.Ad-Hoc|x64.Build.0 = Debug|Any CPU
		{5A0DD7A1-E497-4051-84B0-2E16B015E012}.Ad-Hoc|x86.ActiveCfg = Debug|Any CPU
		{5A0DD7A1-E497-4051-84B0-2E16B015E012}.Ad-Hoc|x86.Build.0 = Debug|Any CPU
		{5A0DD7A1-E497-4051-84B0-2E16B015E012}.AppStore|Any CPU.ActiveCfg = Debug|Any CPU
		{5A0DD7A1-E497-4051-84B0-2E16B015E012}.AppStore|Any CPU.Build.0 = Debug|Any CPU
		{5A0DD7A1-E497-4051-84B0-2E16B015E012}.AppStore|ARM.ActiveCfg = Debug|Any CPU
		{5A0DD7A1-E497-4051-84B0-2E16B015E012}.AppStore|ARM.Build.0 = Debug|Any CPU
		{5A0DD7A1-E497-4051-84B0-2E16B015E012}.AppStore|ARM64.ActiveCfg = Release|Any CPU
		{5A0DD7A1-E497-4051-84B0-2E16B015E012}.AppStore|ARM64.Build.0 = Release|Any CPU
		{5A0DD7A1-E497-4051-84B0-2E16B015E012}.AppStore|iPhone.ActiveCfg = Debug|Any CPU
		{5A0DD7A1-E497-4051-84B0-2E16B015E012}.AppStore|iPhone.Build.0 = Debug|Any CPU
		{5A0DD7A1-E497-4051-84B0-2E16B015E012}.AppStore|iPhoneSimulator.ActiveCfg = Debug|Any CPU
		{5A0DD7A1-E497-4051-84B0-2E16B015E012}.AppStore|iPhoneSimulator.Build.0 = Debug|Any CPU
		{5A0DD7A1-E497-4051-84B0-2E16B015E012}.AppStore|x64.ActiveCfg = Debug|Any CPU
		{5A0DD7A1-E497-4051-84B0-2E16B015E012}.AppStore|x64.Build.0 = Debug|Any CPU
		{5A0DD7A1-E497-4051-84B0-2E16B015E012}.AppStore|x86.ActiveCfg = Debug|Any CPU
		{5A0DD7A1-E497-4051-84B0-2E16B015E012}.AppStore|x86.Build.0 = Debug|Any CPU
		{5A0DD7A1-E497-4051-84B0-2E16B015E012}.Debug|Any CPU.ActiveCfg = Debug|Any CPU
		{5A0DD7A1-E497-4051-84B0-2E16B015E012}.Debug|Any CPU.Build.0 = Debug|Any CPU
		{5A0DD7A1-E497-4051-84B0-2E16B015E012}.Debug|ARM.ActiveCfg = Debug|Any CPU
		{5A0DD7A1-E497-4051-84B0-2E16B015E012}.Debug|ARM.Build.0 = Debug|Any CPU
		{5A0DD7A1-E497-4051-84B0-2E16B015E012}.Debug|ARM64.ActiveCfg = Debug|Any CPU
		{5A0DD7A1-E497-4051-84B0-2E16B015E012}.Debug|ARM64.Build.0 = Debug|Any CPU
		{5A0DD7A1-E497-4051-84B0-2E16B015E012}.Debug|iPhone.ActiveCfg = Debug|Any CPU
		{5A0DD7A1-E497-4051-84B0-2E16B015E012}.Debug|iPhone.Build.0 = Debug|Any CPU
		{5A0DD7A1-E497-4051-84B0-2E16B015E012}.Debug|iPhoneSimulator.ActiveCfg = Debug|Any CPU
		{5A0DD7A1-E497-4051-84B0-2E16B015E012}.Debug|iPhoneSimulator.Build.0 = Debug|Any CPU
		{5A0DD7A1-E497-4051-84B0-2E16B015E012}.Debug|x64.ActiveCfg = Debug|Any CPU
		{5A0DD7A1-E497-4051-84B0-2E16B015E012}.Debug|x64.Build.0 = Debug|Any CPU
		{5A0DD7A1-E497-4051-84B0-2E16B015E012}.Debug|x86.ActiveCfg = Debug|Any CPU
		{5A0DD7A1-E497-4051-84B0-2E16B015E012}.Debug|x86.Build.0 = Debug|Any CPU
		{5A0DD7A1-E497-4051-84B0-2E16B015E012}.Release|Any CPU.ActiveCfg = Release|Any CPU
		{5A0DD7A1-E497-4051-84B0-2E16B015E012}.Release|Any CPU.Build.0 = Release|Any CPU
		{5A0DD7A1-E497-4051-84B0-2E16B015E012}.Release|ARM.ActiveCfg = Release|Any CPU
		{5A0DD7A1-E497-4051-84B0-2E16B015E012}.Release|ARM.Build.0 = Release|Any CPU
		{5A0DD7A1-E497-4051-84B0-2E16B015E012}.Release|ARM64.ActiveCfg = Release|Any CPU
		{5A0DD7A1-E497-4051-84B0-2E16B015E012}.Release|ARM64.Build.0 = Release|Any CPU
		{5A0DD7A1-E497-4051-84B0-2E16B015E012}.Release|iPhone.ActiveCfg = Release|Any CPU
		{5A0DD7A1-E497-4051-84B0-2E16B015E012}.Release|iPhone.Build.0 = Release|Any CPU
		{5A0DD7A1-E497-4051-84B0-2E16B015E012}.Release|iPhoneSimulator.ActiveCfg = Release|Any CPU
		{5A0DD7A1-E497-4051-84B0-2E16B015E012}.Release|iPhoneSimulator.Build.0 = Release|Any CPU
		{5A0DD7A1-E497-4051-84B0-2E16B015E012}.Release|x64.ActiveCfg = Release|Any CPU
		{5A0DD7A1-E497-4051-84B0-2E16B015E012}.Release|x64.Build.0 = Release|Any CPU
		{5A0DD7A1-E497-4051-84B0-2E16B015E012}.Release|x86.ActiveCfg = Release|Any CPU
		{5A0DD7A1-E497-4051-84B0-2E16B015E012}.Release|x86.Build.0 = Release|Any CPU
		{BE287E27-B7BC-44F5-8E0D-2F1A6E016D47}.Ad-Hoc|Any CPU.ActiveCfg = Debug|Any CPU
		{BE287E27-B7BC-44F5-8E0D-2F1A6E016D47}.Ad-Hoc|Any CPU.Build.0 = Debug|Any CPU
		{BE287E27-B7BC-44F5-8E0D-2F1A6E016D47}.Ad-Hoc|ARM.ActiveCfg = Debug|Any CPU
		{BE287E27-B7BC-44F5-8E0D-2F1A6E016D47}.Ad-Hoc|ARM.Build.0 = Debug|Any CPU
		{BE287E27-B7BC-44F5-8E0D-2F1A6E016D47}.Ad-Hoc|ARM64.ActiveCfg = Release|Any CPU
		{BE287E27-B7BC-44F5-8E0D-2F1A6E016D47}.Ad-Hoc|ARM64.Build.0 = Release|Any CPU
		{BE287E27-B7BC-44F5-8E0D-2F1A6E016D47}.Ad-Hoc|iPhone.ActiveCfg = Debug|Any CPU
		{BE287E27-B7BC-44F5-8E0D-2F1A6E016D47}.Ad-Hoc|iPhone.Build.0 = Debug|Any CPU
		{BE287E27-B7BC-44F5-8E0D-2F1A6E016D47}.Ad-Hoc|iPhoneSimulator.ActiveCfg = Debug|Any CPU
		{BE287E27-B7BC-44F5-8E0D-2F1A6E016D47}.Ad-Hoc|iPhoneSimulator.Build.0 = Debug|Any CPU
		{BE287E27-B7BC-44F5-8E0D-2F1A6E016D47}.Ad-Hoc|x64.ActiveCfg = Debug|Any CPU
		{BE287E27-B7BC-44F5-8E0D-2F1A6E016D47}.Ad-Hoc|x64.Build.0 = Debug|Any CPU
		{BE287E27-B7BC-44F5-8E0D-2F1A6E016D47}.Ad-Hoc|x86.ActiveCfg = Debug|Any CPU
		{BE287E27-B7BC-44F5-8E0D-2F1A6E016D47}.Ad-Hoc|x86.Build.0 = Debug|Any CPU
		{BE287E27-B7BC-44F5-8E0D-2F1A6E016D47}.AppStore|Any CPU.ActiveCfg = Debug|Any CPU
		{BE287E27-B7BC-44F5-8E0D-2F1A6E016D47}.AppStore|Any CPU.Build.0 = Debug|Any CPU
		{BE287E27-B7BC-44F5-8E0D-2F1A6E016D47}.AppStore|ARM.ActiveCfg = Debug|Any CPU
		{BE287E27-B7BC-44F5-8E0D-2F1A6E016D47}.AppStore|ARM.Build.0 = Debug|Any CPU
		{BE287E27-B7BC-44F5-8E0D-2F1A6E016D47}.AppStore|ARM64.ActiveCfg = Release|Any CPU
		{BE287E27-B7BC-44F5-8E0D-2F1A6E016D47}.AppStore|ARM64.Build.0 = Release|Any CPU
		{BE287E27-B7BC-44F5-8E0D-2F1A6E016D47}.AppStore|iPhone.ActiveCfg = Debug|Any CPU
		{BE287E27-B7BC-44F5-8E0D-2F1A6E016D47}.AppStore|iPhone.Build.0 = Debug|Any CPU
		{BE287E27-B7BC-44F5-8E0D-2F1A6E016D47}.AppStore|iPhoneSimulator.ActiveCfg = Debug|Any CPU
		{BE287E27-B7BC-44F5-8E0D-2F1A6E016D47}.AppStore|iPhoneSimulator.Build.0 = Debug|Any CPU
		{BE287E27-B7BC-44F5-8E0D-2F1A6E016D47}.AppStore|x64.ActiveCfg = Debug|Any CPU
		{BE287E27-B7BC-44F5-8E0D-2F1A6E016D47}.AppStore|x64.Build.0 = Debug|Any CPU
		{BE287E27-B7BC-44F5-8E0D-2F1A6E016D47}.AppStore|x86.ActiveCfg = Debug|Any CPU
		{BE287E27-B7BC-44F5-8E0D-2F1A6E016D47}.AppStore|x86.Build.0 = Debug|Any CPU
		{BE287E27-B7BC-44F5-8E0D-2F1A6E016D47}.Debug|Any CPU.ActiveCfg = Debug|Any CPU
		{BE287E27-B7BC-44F5-8E0D-2F1A6E016D47}.Debug|Any CPU.Build.0 = Debug|Any CPU
		{BE287E27-B7BC-44F5-8E0D-2F1A6E016D47}.Debug|ARM.ActiveCfg = Debug|Any CPU
		{BE287E27-B7BC-44F5-8E0D-2F1A6E016D47}.Debug|ARM.Build.0 = Debug|Any CPU
		{BE287E27-B7BC-44F5-8E0D-2F1A6E016D47}.Debug|ARM64.ActiveCfg = Debug|Any CPU
		{BE287E27-B7BC-44F5-8E0D-2F1A6E016D47}.Debug|ARM64.Build.0 = Debug|Any CPU
		{BE287E27-B7BC-44F5-8E0D-2F1A6E016D47}.Debug|iPhone.ActiveCfg = Debug|Any CPU
		{BE287E27-B7BC-44F5-8E0D-2F1A6E016D47}.Debug|iPhone.Build.0 = Debug|Any CPU
		{BE287E27-B7BC-44F5-8E0D-2F1A6E016D47}.Debug|iPhoneSimulator.ActiveCfg = Debug|Any CPU
		{BE287E27-B7BC-44F5-8E0D-2F1A6E016D47}.Debug|iPhoneSimulator.Build.0 = Debug|Any CPU
		{BE287E27-B7BC-44F5-8E0D-2F1A6E016D47}.Debug|x64.ActiveCfg = Debug|Any CPU
		{BE287E27-B7BC-44F5-8E0D-2F1A6E016D47}.Debug|x64.Build.0 = Debug|Any CPU
		{BE287E27-B7BC-44F5-8E0D-2F1A6E016D47}.Debug|x86.ActiveCfg = Debug|Any CPU
		{BE287E27-B7BC-44F5-8E0D-2F1A6E016D47}.Debug|x86.Build.0 = Debug|Any CPU
		{BE287E27-B7BC-44F5-8E0D-2F1A6E016D47}.Release|Any CPU.ActiveCfg = Release|Any CPU
		{BE287E27-B7BC-44F5-8E0D-2F1A6E016D47}.Release|Any CPU.Build.0 = Release|Any CPU
		{BE287E27-B7BC-44F5-8E0D-2F1A6E016D47}.Release|ARM.ActiveCfg = Release|Any CPU
		{BE287E27-B7BC-44F5-8E0D-2F1A6E016D47}.Release|ARM.Build.0 = Release|Any CPU
		{BE287E27-B7BC-44F5-8E0D-2F1A6E016D47}.Release|ARM64.ActiveCfg = Release|Any CPU
		{BE287E27-B7BC-44F5-8E0D-2F1A6E016D47}.Release|ARM64.Build.0 = Release|Any CPU
		{BE287E27-B7BC-44F5-8E0D-2F1A6E016D47}.Release|iPhone.ActiveCfg = Release|Any CPU
		{BE287E27-B7BC-44F5-8E0D-2F1A6E016D47}.Release|iPhone.Build.0 = Release|Any CPU
		{BE287E27-B7BC-44F5-8E0D-2F1A6E016D47}.Release|iPhoneSimulator.ActiveCfg = Release|Any CPU
		{BE287E27-B7BC-44F5-8E0D-2F1A6E016D47}.Release|iPhoneSimulator.Build.0 = Release|Any CPU
		{BE287E27-B7BC-44F5-8E0D-2F1A6E016D47}.Release|x64.ActiveCfg = Release|Any CPU
		{BE287E27-B7BC-44F5-8E0D-2F1A6E016D47}.Release|x64.Build.0 = Release|Any CPU
		{BE287E27-B7BC-44F5-8E0D-2F1A6E016D47}.Release|x86.ActiveCfg = Release|Any CPU
		{BE287E27-B7BC-44F5-8E0D-2F1A6E016D47}.Release|x86.Build.0 = Release|Any CPU
		{E76DB2CB-7A95-40B0-9A50-230320554B6B}.Ad-Hoc|Any CPU.ActiveCfg = Debug|Any CPU
		{E76DB2CB-7A95-40B0-9A50-230320554B6B}.Ad-Hoc|Any CPU.Build.0 = Debug|Any CPU
		{E76DB2CB-7A95-40B0-9A50-230320554B6B}.Ad-Hoc|ARM.ActiveCfg = Debug|Any CPU
		{E76DB2CB-7A95-40B0-9A50-230320554B6B}.Ad-Hoc|ARM.Build.0 = Debug|Any CPU
		{E76DB2CB-7A95-40B0-9A50-230320554B6B}.Ad-Hoc|ARM64.ActiveCfg = Release|Any CPU
		{E76DB2CB-7A95-40B0-9A50-230320554B6B}.Ad-Hoc|ARM64.Build.0 = Release|Any CPU
		{E76DB2CB-7A95-40B0-9A50-230320554B6B}.Ad-Hoc|iPhone.ActiveCfg = Debug|Any CPU
		{E76DB2CB-7A95-40B0-9A50-230320554B6B}.Ad-Hoc|iPhone.Build.0 = Debug|Any CPU
		{E76DB2CB-7A95-40B0-9A50-230320554B6B}.Ad-Hoc|iPhoneSimulator.ActiveCfg = Debug|Any CPU
		{E76DB2CB-7A95-40B0-9A50-230320554B6B}.Ad-Hoc|iPhoneSimulator.Build.0 = Debug|Any CPU
		{E76DB2CB-7A95-40B0-9A50-230320554B6B}.Ad-Hoc|x64.ActiveCfg = Debug|Any CPU
		{E76DB2CB-7A95-40B0-9A50-230320554B6B}.Ad-Hoc|x64.Build.0 = Debug|Any CPU
		{E76DB2CB-7A95-40B0-9A50-230320554B6B}.Ad-Hoc|x86.ActiveCfg = Debug|Any CPU
		{E76DB2CB-7A95-40B0-9A50-230320554B6B}.Ad-Hoc|x86.Build.0 = Debug|Any CPU
		{E76DB2CB-7A95-40B0-9A50-230320554B6B}.AppStore|Any CPU.ActiveCfg = Debug|Any CPU
		{E76DB2CB-7A95-40B0-9A50-230320554B6B}.AppStore|Any CPU.Build.0 = Debug|Any CPU
		{E76DB2CB-7A95-40B0-9A50-230320554B6B}.AppStore|ARM.ActiveCfg = Debug|Any CPU
		{E76DB2CB-7A95-40B0-9A50-230320554B6B}.AppStore|ARM.Build.0 = Debug|Any CPU
		{E76DB2CB-7A95-40B0-9A50-230320554B6B}.AppStore|ARM64.ActiveCfg = Release|Any CPU
		{E76DB2CB-7A95-40B0-9A50-230320554B6B}.AppStore|ARM64.Build.0 = Release|Any CPU
		{E76DB2CB-7A95-40B0-9A50-230320554B6B}.AppStore|iPhone.ActiveCfg = Debug|Any CPU
		{E76DB2CB-7A95-40B0-9A50-230320554B6B}.AppStore|iPhone.Build.0 = Debug|Any CPU
		{E76DB2CB-7A95-40B0-9A50-230320554B6B}.AppStore|iPhoneSimulator.ActiveCfg = Debug|Any CPU
		{E76DB2CB-7A95-40B0-9A50-230320554B6B}.AppStore|iPhoneSimulator.Build.0 = Debug|Any CPU
		{E76DB2CB-7A95-40B0-9A50-230320554B6B}.AppStore|x64.ActiveCfg = Debug|Any CPU
		{E76DB2CB-7A95-40B0-9A50-230320554B6B}.AppStore|x64.Build.0 = Debug|Any CPU
		{E76DB2CB-7A95-40B0-9A50-230320554B6B}.AppStore|x86.ActiveCfg = Debug|Any CPU
		{E76DB2CB-7A95-40B0-9A50-230320554B6B}.AppStore|x86.Build.0 = Debug|Any CPU
		{E76DB2CB-7A95-40B0-9A50-230320554B6B}.Debug|Any CPU.ActiveCfg = Debug|Any CPU
		{E76DB2CB-7A95-40B0-9A50-230320554B6B}.Debug|Any CPU.Build.0 = Debug|Any CPU
		{E76DB2CB-7A95-40B0-9A50-230320554B6B}.Debug|ARM.ActiveCfg = Debug|Any CPU
		{E76DB2CB-7A95-40B0-9A50-230320554B6B}.Debug|ARM.Build.0 = Debug|Any CPU
		{E76DB2CB-7A95-40B0-9A50-230320554B6B}.Debug|ARM64.ActiveCfg = Debug|Any CPU
		{E76DB2CB-7A95-40B0-9A50-230320554B6B}.Debug|ARM64.Build.0 = Debug|Any CPU
		{E76DB2CB-7A95-40B0-9A50-230320554B6B}.Debug|iPhone.ActiveCfg = Debug|Any CPU
		{E76DB2CB-7A95-40B0-9A50-230320554B6B}.Debug|iPhone.Build.0 = Debug|Any CPU
		{E76DB2CB-7A95-40B0-9A50-230320554B6B}.Debug|iPhoneSimulator.ActiveCfg = Debug|Any CPU
		{E76DB2CB-7A95-40B0-9A50-230320554B6B}.Debug|iPhoneSimulator.Build.0 = Debug|Any CPU
		{E76DB2CB-7A95-40B0-9A50-230320554B6B}.Debug|x64.ActiveCfg = Debug|Any CPU
		{E76DB2CB-7A95-40B0-9A50-230320554B6B}.Debug|x64.Build.0 = Debug|Any CPU
		{E76DB2CB-7A95-40B0-9A50-230320554B6B}.Debug|x86.ActiveCfg = Debug|Any CPU
		{E76DB2CB-7A95-40B0-9A50-230320554B6B}.Debug|x86.Build.0 = Debug|Any CPU
		{E76DB2CB-7A95-40B0-9A50-230320554B6B}.Release|Any CPU.ActiveCfg = Release|Any CPU
		{E76DB2CB-7A95-40B0-9A50-230320554B6B}.Release|Any CPU.Build.0 = Release|Any CPU
		{E76DB2CB-7A95-40B0-9A50-230320554B6B}.Release|ARM.ActiveCfg = Release|Any CPU
		{E76DB2CB-7A95-40B0-9A50-230320554B6B}.Release|ARM.Build.0 = Release|Any CPU
		{E76DB2CB-7A95-40B0-9A50-230320554B6B}.Release|ARM64.ActiveCfg = Release|Any CPU
		{E76DB2CB-7A95-40B0-9A50-230320554B6B}.Release|ARM64.Build.0 = Release|Any CPU
		{E76DB2CB-7A95-40B0-9A50-230320554B6B}.Release|iPhone.ActiveCfg = Release|Any CPU
		{E76DB2CB-7A95-40B0-9A50-230320554B6B}.Release|iPhone.Build.0 = Release|Any CPU
		{E76DB2CB-7A95-40B0-9A50-230320554B6B}.Release|iPhoneSimulator.ActiveCfg = Release|Any CPU
		{E76DB2CB-7A95-40B0-9A50-230320554B6B}.Release|iPhoneSimulator.Build.0 = Release|Any CPU
		{E76DB2CB-7A95-40B0-9A50-230320554B6B}.Release|x64.ActiveCfg = Release|Any CPU
		{E76DB2CB-7A95-40B0-9A50-230320554B6B}.Release|x64.Build.0 = Release|Any CPU
		{E76DB2CB-7A95-40B0-9A50-230320554B6B}.Release|x86.ActiveCfg = Release|Any CPU
		{E76DB2CB-7A95-40B0-9A50-230320554B6B}.Release|x86.Build.0 = Release|Any CPU
		{34905983-1F79-4B74-9BB0-D1DC7D24B8BF}.Ad-Hoc|Any CPU.ActiveCfg = Debug|Any CPU
		{34905983-1F79-4B74-9BB0-D1DC7D24B8BF}.Ad-Hoc|Any CPU.Build.0 = Debug|Any CPU
		{34905983-1F79-4B74-9BB0-D1DC7D24B8BF}.Ad-Hoc|ARM.ActiveCfg = Debug|Any CPU
		{34905983-1F79-4B74-9BB0-D1DC7D24B8BF}.Ad-Hoc|ARM.Build.0 = Debug|Any CPU
		{34905983-1F79-4B74-9BB0-D1DC7D24B8BF}.Ad-Hoc|ARM64.ActiveCfg = Release|Any CPU
		{34905983-1F79-4B74-9BB0-D1DC7D24B8BF}.Ad-Hoc|ARM64.Build.0 = Release|Any CPU
		{34905983-1F79-4B74-9BB0-D1DC7D24B8BF}.Ad-Hoc|iPhone.ActiveCfg = Debug|Any CPU
		{34905983-1F79-4B74-9BB0-D1DC7D24B8BF}.Ad-Hoc|iPhone.Build.0 = Debug|Any CPU
		{34905983-1F79-4B74-9BB0-D1DC7D24B8BF}.Ad-Hoc|iPhoneSimulator.ActiveCfg = Debug|Any CPU
		{34905983-1F79-4B74-9BB0-D1DC7D24B8BF}.Ad-Hoc|iPhoneSimulator.Build.0 = Debug|Any CPU
		{34905983-1F79-4B74-9BB0-D1DC7D24B8BF}.Ad-Hoc|x64.ActiveCfg = Debug|Any CPU
		{34905983-1F79-4B74-9BB0-D1DC7D24B8BF}.Ad-Hoc|x64.Build.0 = Debug|Any CPU
		{34905983-1F79-4B74-9BB0-D1DC7D24B8BF}.Ad-Hoc|x86.ActiveCfg = Debug|Any CPU
		{34905983-1F79-4B74-9BB0-D1DC7D24B8BF}.Ad-Hoc|x86.Build.0 = Debug|Any CPU
		{34905983-1F79-4B74-9BB0-D1DC7D24B8BF}.AppStore|Any CPU.ActiveCfg = Debug|Any CPU
		{34905983-1F79-4B74-9BB0-D1DC7D24B8BF}.AppStore|Any CPU.Build.0 = Debug|Any CPU
		{34905983-1F79-4B74-9BB0-D1DC7D24B8BF}.AppStore|ARM.ActiveCfg = Debug|Any CPU
		{34905983-1F79-4B74-9BB0-D1DC7D24B8BF}.AppStore|ARM.Build.0 = Debug|Any CPU
		{34905983-1F79-4B74-9BB0-D1DC7D24B8BF}.AppStore|ARM64.ActiveCfg = Release|Any CPU
		{34905983-1F79-4B74-9BB0-D1DC7D24B8BF}.AppStore|ARM64.Build.0 = Release|Any CPU
		{34905983-1F79-4B74-9BB0-D1DC7D24B8BF}.AppStore|iPhone.ActiveCfg = Debug|Any CPU
		{34905983-1F79-4B74-9BB0-D1DC7D24B8BF}.AppStore|iPhone.Build.0 = Debug|Any CPU
		{34905983-1F79-4B74-9BB0-D1DC7D24B8BF}.AppStore|iPhoneSimulator.ActiveCfg = Debug|Any CPU
		{34905983-1F79-4B74-9BB0-D1DC7D24B8BF}.AppStore|iPhoneSimulator.Build.0 = Debug|Any CPU
		{34905983-1F79-4B74-9BB0-D1DC7D24B8BF}.AppStore|x64.ActiveCfg = Debug|Any CPU
		{34905983-1F79-4B74-9BB0-D1DC7D24B8BF}.AppStore|x64.Build.0 = Debug|Any CPU
		{34905983-1F79-4B74-9BB0-D1DC7D24B8BF}.AppStore|x86.ActiveCfg = Debug|Any CPU
		{34905983-1F79-4B74-9BB0-D1DC7D24B8BF}.AppStore|x86.Build.0 = Debug|Any CPU
		{34905983-1F79-4B74-9BB0-D1DC7D24B8BF}.Debug|Any CPU.ActiveCfg = Debug|Any CPU
		{34905983-1F79-4B74-9BB0-D1DC7D24B8BF}.Debug|Any CPU.Build.0 = Debug|Any CPU
		{34905983-1F79-4B74-9BB0-D1DC7D24B8BF}.Debug|ARM.ActiveCfg = Debug|Any CPU
		{34905983-1F79-4B74-9BB0-D1DC7D24B8BF}.Debug|ARM.Build.0 = Debug|Any CPU
		{34905983-1F79-4B74-9BB0-D1DC7D24B8BF}.Debug|ARM64.ActiveCfg = Debug|Any CPU
		{34905983-1F79-4B74-9BB0-D1DC7D24B8BF}.Debug|ARM64.Build.0 = Debug|Any CPU
		{34905983-1F79-4B74-9BB0-D1DC7D24B8BF}.Debug|iPhone.ActiveCfg = Debug|Any CPU
		{34905983-1F79-4B74-9BB0-D1DC7D24B8BF}.Debug|iPhone.Build.0 = Debug|Any CPU
		{34905983-1F79-4B74-9BB0-D1DC7D24B8BF}.Debug|iPhoneSimulator.ActiveCfg = Debug|Any CPU
		{34905983-1F79-4B74-9BB0-D1DC7D24B8BF}.Debug|iPhoneSimulator.Build.0 = Debug|Any CPU
		{34905983-1F79-4B74-9BB0-D1DC7D24B8BF}.Debug|x64.ActiveCfg = Debug|Any CPU
		{34905983-1F79-4B74-9BB0-D1DC7D24B8BF}.Debug|x64.Build.0 = Debug|Any CPU
		{34905983-1F79-4B74-9BB0-D1DC7D24B8BF}.Debug|x86.ActiveCfg = Debug|Any CPU
		{34905983-1F79-4B74-9BB0-D1DC7D24B8BF}.Debug|x86.Build.0 = Debug|Any CPU
		{34905983-1F79-4B74-9BB0-D1DC7D24B8BF}.Release|Any CPU.ActiveCfg = Release|Any CPU
		{34905983-1F79-4B74-9BB0-D1DC7D24B8BF}.Release|Any CPU.Build.0 = Release|Any CPU
		{34905983-1F79-4B74-9BB0-D1DC7D24B8BF}.Release|ARM.ActiveCfg = Release|Any CPU
		{34905983-1F79-4B74-9BB0-D1DC7D24B8BF}.Release|ARM.Build.0 = Release|Any CPU
		{34905983-1F79-4B74-9BB0-D1DC7D24B8BF}.Release|ARM64.ActiveCfg = Release|Any CPU
		{34905983-1F79-4B74-9BB0-D1DC7D24B8BF}.Release|ARM64.Build.0 = Release|Any CPU
		{34905983-1F79-4B74-9BB0-D1DC7D24B8BF}.Release|iPhone.ActiveCfg = Release|Any CPU
		{34905983-1F79-4B74-9BB0-D1DC7D24B8BF}.Release|iPhone.Build.0 = Release|Any CPU
		{34905983-1F79-4B74-9BB0-D1DC7D24B8BF}.Release|iPhoneSimulator.ActiveCfg = Release|Any CPU
		{34905983-1F79-4B74-9BB0-D1DC7D24B8BF}.Release|iPhoneSimulator.Build.0 = Release|Any CPU
		{34905983-1F79-4B74-9BB0-D1DC7D24B8BF}.Release|x64.ActiveCfg = Release|Any CPU
		{34905983-1F79-4B74-9BB0-D1DC7D24B8BF}.Release|x64.Build.0 = Release|Any CPU
		{34905983-1F79-4B74-9BB0-D1DC7D24B8BF}.Release|x86.ActiveCfg = Release|Any CPU
		{34905983-1F79-4B74-9BB0-D1DC7D24B8BF}.Release|x86.Build.0 = Release|Any CPU
		{B2E9F094-425F-4899-A979-338C940A917B}.Ad-Hoc|Any CPU.ActiveCfg = Debug|Any CPU
		{B2E9F094-425F-4899-A979-338C940A917B}.Ad-Hoc|Any CPU.Build.0 = Debug|Any CPU
		{B2E9F094-425F-4899-A979-338C940A917B}.Ad-Hoc|ARM.ActiveCfg = Debug|Any CPU
		{B2E9F094-425F-4899-A979-338C940A917B}.Ad-Hoc|ARM.Build.0 = Debug|Any CPU
		{B2E9F094-425F-4899-A979-338C940A917B}.Ad-Hoc|ARM64.ActiveCfg = Release|Any CPU
		{B2E9F094-425F-4899-A979-338C940A917B}.Ad-Hoc|ARM64.Build.0 = Release|Any CPU
		{B2E9F094-425F-4899-A979-338C940A917B}.Ad-Hoc|iPhone.ActiveCfg = Debug|Any CPU
		{B2E9F094-425F-4899-A979-338C940A917B}.Ad-Hoc|iPhone.Build.0 = Debug|Any CPU
		{B2E9F094-425F-4899-A979-338C940A917B}.Ad-Hoc|iPhoneSimulator.ActiveCfg = Debug|Any CPU
		{B2E9F094-425F-4899-A979-338C940A917B}.Ad-Hoc|iPhoneSimulator.Build.0 = Debug|Any CPU
		{B2E9F094-425F-4899-A979-338C940A917B}.Ad-Hoc|x64.ActiveCfg = Debug|Any CPU
		{B2E9F094-425F-4899-A979-338C940A917B}.Ad-Hoc|x64.Build.0 = Debug|Any CPU
		{B2E9F094-425F-4899-A979-338C940A917B}.Ad-Hoc|x86.ActiveCfg = Debug|Any CPU
		{B2E9F094-425F-4899-A979-338C940A917B}.Ad-Hoc|x86.Build.0 = Debug|Any CPU
		{B2E9F094-425F-4899-A979-338C940A917B}.AppStore|Any CPU.ActiveCfg = Debug|Any CPU
		{B2E9F094-425F-4899-A979-338C940A917B}.AppStore|Any CPU.Build.0 = Debug|Any CPU
		{B2E9F094-425F-4899-A979-338C940A917B}.AppStore|ARM.ActiveCfg = Debug|Any CPU
		{B2E9F094-425F-4899-A979-338C940A917B}.AppStore|ARM.Build.0 = Debug|Any CPU
		{B2E9F094-425F-4899-A979-338C940A917B}.AppStore|ARM64.ActiveCfg = Release|Any CPU
		{B2E9F094-425F-4899-A979-338C940A917B}.AppStore|ARM64.Build.0 = Release|Any CPU
		{B2E9F094-425F-4899-A979-338C940A917B}.AppStore|iPhone.ActiveCfg = Debug|Any CPU
		{B2E9F094-425F-4899-A979-338C940A917B}.AppStore|iPhone.Build.0 = Debug|Any CPU
		{B2E9F094-425F-4899-A979-338C940A917B}.AppStore|iPhoneSimulator.ActiveCfg = Debug|Any CPU
		{B2E9F094-425F-4899-A979-338C940A917B}.AppStore|iPhoneSimulator.Build.0 = Debug|Any CPU
		{B2E9F094-425F-4899-A979-338C940A917B}.AppStore|x64.ActiveCfg = Debug|Any CPU
		{B2E9F094-425F-4899-A979-338C940A917B}.AppStore|x64.Build.0 = Debug|Any CPU
		{B2E9F094-425F-4899-A979-338C940A917B}.AppStore|x86.ActiveCfg = Debug|Any CPU
		{B2E9F094-425F-4899-A979-338C940A917B}.AppStore|x86.Build.0 = Debug|Any CPU
		{B2E9F094-425F-4899-A979-338C940A917B}.Debug|Any CPU.ActiveCfg = Debug|Any CPU
		{B2E9F094-425F-4899-A979-338C940A917B}.Debug|Any CPU.Build.0 = Debug|Any CPU
		{B2E9F094-425F-4899-A979-338C940A917B}.Debug|ARM.ActiveCfg = Debug|Any CPU
		{B2E9F094-425F-4899-A979-338C940A917B}.Debug|ARM.Build.0 = Debug|Any CPU
		{B2E9F094-425F-4899-A979-338C940A917B}.Debug|ARM64.ActiveCfg = Debug|Any CPU
		{B2E9F094-425F-4899-A979-338C940A917B}.Debug|ARM64.Build.0 = Debug|Any CPU
		{B2E9F094-425F-4899-A979-338C940A917B}.Debug|iPhone.ActiveCfg = Debug|Any CPU
		{B2E9F094-425F-4899-A979-338C940A917B}.Debug|iPhone.Build.0 = Debug|Any CPU
		{B2E9F094-425F-4899-A979-338C940A917B}.Debug|iPhoneSimulator.ActiveCfg = Debug|Any CPU
		{B2E9F094-425F-4899-A979-338C940A917B}.Debug|iPhoneSimulator.Build.0 = Debug|Any CPU
		{B2E9F094-425F-4899-A979-338C940A917B}.Debug|x64.ActiveCfg = Debug|Any CPU
		{B2E9F094-425F-4899-A979-338C940A917B}.Debug|x64.Build.0 = Debug|Any CPU
		{B2E9F094-425F-4899-A979-338C940A917B}.Debug|x86.ActiveCfg = Debug|Any CPU
		{B2E9F094-425F-4899-A979-338C940A917B}.Debug|x86.Build.0 = Debug|Any CPU
		{B2E9F094-425F-4899-A979-338C940A917B}.Release|Any CPU.ActiveCfg = Release|Any CPU
		{B2E9F094-425F-4899-A979-338C940A917B}.Release|Any CPU.Build.0 = Release|Any CPU
		{B2E9F094-425F-4899-A979-338C940A917B}.Release|ARM.ActiveCfg = Release|Any CPU
		{B2E9F094-425F-4899-A979-338C940A917B}.Release|ARM.Build.0 = Release|Any CPU
		{B2E9F094-425F-4899-A979-338C940A917B}.Release|ARM64.ActiveCfg = Release|Any CPU
		{B2E9F094-425F-4899-A979-338C940A917B}.Release|ARM64.Build.0 = Release|Any CPU
		{B2E9F094-425F-4899-A979-338C940A917B}.Release|iPhone.ActiveCfg = Release|Any CPU
		{B2E9F094-425F-4899-A979-338C940A917B}.Release|iPhone.Build.0 = Release|Any CPU
		{B2E9F094-425F-4899-A979-338C940A917B}.Release|iPhoneSimulator.ActiveCfg = Release|Any CPU
		{B2E9F094-425F-4899-A979-338C940A917B}.Release|iPhoneSimulator.Build.0 = Release|Any CPU
		{B2E9F094-425F-4899-A979-338C940A917B}.Release|x64.ActiveCfg = Release|Any CPU
		{B2E9F094-425F-4899-A979-338C940A917B}.Release|x64.Build.0 = Release|Any CPU
		{B2E9F094-425F-4899-A979-338C940A917B}.Release|x86.ActiveCfg = Release|Any CPU
		{B2E9F094-425F-4899-A979-338C940A917B}.Release|x86.Build.0 = Release|Any CPU
		{FBDC666C-F169-4553-A421-EF5B633962F6}.Ad-Hoc|Any CPU.ActiveCfg = Debug|Any CPU
		{FBDC666C-F169-4553-A421-EF5B633962F6}.Ad-Hoc|Any CPU.Build.0 = Debug|Any CPU
		{FBDC666C-F169-4553-A421-EF5B633962F6}.Ad-Hoc|ARM.ActiveCfg = Debug|Any CPU
		{FBDC666C-F169-4553-A421-EF5B633962F6}.Ad-Hoc|ARM.Build.0 = Debug|Any CPU
		{FBDC666C-F169-4553-A421-EF5B633962F6}.Ad-Hoc|ARM64.ActiveCfg = Release|Any CPU
		{FBDC666C-F169-4553-A421-EF5B633962F6}.Ad-Hoc|ARM64.Build.0 = Release|Any CPU
		{FBDC666C-F169-4553-A421-EF5B633962F6}.Ad-Hoc|iPhone.ActiveCfg = Debug|Any CPU
		{FBDC666C-F169-4553-A421-EF5B633962F6}.Ad-Hoc|iPhone.Build.0 = Debug|Any CPU
		{FBDC666C-F169-4553-A421-EF5B633962F6}.Ad-Hoc|iPhoneSimulator.ActiveCfg = Debug|Any CPU
		{FBDC666C-F169-4553-A421-EF5B633962F6}.Ad-Hoc|iPhoneSimulator.Build.0 = Debug|Any CPU
		{FBDC666C-F169-4553-A421-EF5B633962F6}.Ad-Hoc|x64.ActiveCfg = Debug|Any CPU
		{FBDC666C-F169-4553-A421-EF5B633962F6}.Ad-Hoc|x64.Build.0 = Debug|Any CPU
		{FBDC666C-F169-4553-A421-EF5B633962F6}.Ad-Hoc|x86.ActiveCfg = Debug|Any CPU
		{FBDC666C-F169-4553-A421-EF5B633962F6}.Ad-Hoc|x86.Build.0 = Debug|Any CPU
		{FBDC666C-F169-4553-A421-EF5B633962F6}.AppStore|Any CPU.ActiveCfg = Debug|Any CPU
		{FBDC666C-F169-4553-A421-EF5B633962F6}.AppStore|Any CPU.Build.0 = Debug|Any CPU
		{FBDC666C-F169-4553-A421-EF5B633962F6}.AppStore|ARM.ActiveCfg = Debug|Any CPU
		{FBDC666C-F169-4553-A421-EF5B633962F6}.AppStore|ARM.Build.0 = Debug|Any CPU
		{FBDC666C-F169-4553-A421-EF5B633962F6}.AppStore|ARM64.ActiveCfg = Release|Any CPU
		{FBDC666C-F169-4553-A421-EF5B633962F6}.AppStore|ARM64.Build.0 = Release|Any CPU
		{FBDC666C-F169-4553-A421-EF5B633962F6}.AppStore|iPhone.ActiveCfg = Debug|Any CPU
		{FBDC666C-F169-4553-A421-EF5B633962F6}.AppStore|iPhone.Build.0 = Debug|Any CPU
		{FBDC666C-F169-4553-A421-EF5B633962F6}.AppStore|iPhoneSimulator.ActiveCfg = Debug|Any CPU
		{FBDC666C-F169-4553-A421-EF5B633962F6}.AppStore|iPhoneSimulator.Build.0 = Debug|Any CPU
		{FBDC666C-F169-4553-A421-EF5B633962F6}.AppStore|x64.ActiveCfg = Debug|Any CPU
		{FBDC666C-F169-4553-A421-EF5B633962F6}.AppStore|x64.Build.0 = Debug|Any CPU
		{FBDC666C-F169-4553-A421-EF5B633962F6}.AppStore|x86.ActiveCfg = Debug|Any CPU
		{FBDC666C-F169-4553-A421-EF5B633962F6}.AppStore|x86.Build.0 = Debug|Any CPU
		{FBDC666C-F169-4553-A421-EF5B633962F6}.Debug|Any CPU.ActiveCfg = Debug|Any CPU
		{FBDC666C-F169-4553-A421-EF5B633962F6}.Debug|Any CPU.Build.0 = Debug|Any CPU
		{FBDC666C-F169-4553-A421-EF5B633962F6}.Debug|ARM.ActiveCfg = Debug|Any CPU
		{FBDC666C-F169-4553-A421-EF5B633962F6}.Debug|ARM.Build.0 = Debug|Any CPU
		{FBDC666C-F169-4553-A421-EF5B633962F6}.Debug|ARM64.ActiveCfg = Debug|Any CPU
		{FBDC666C-F169-4553-A421-EF5B633962F6}.Debug|ARM64.Build.0 = Debug|Any CPU
		{FBDC666C-F169-4553-A421-EF5B633962F6}.Debug|iPhone.ActiveCfg = Debug|Any CPU
		{FBDC666C-F169-4553-A421-EF5B633962F6}.Debug|iPhone.Build.0 = Debug|Any CPU
		{FBDC666C-F169-4553-A421-EF5B633962F6}.Debug|iPhoneSimulator.ActiveCfg = Debug|Any CPU
		{FBDC666C-F169-4553-A421-EF5B633962F6}.Debug|iPhoneSimulator.Build.0 = Debug|Any CPU
		{FBDC666C-F169-4553-A421-EF5B633962F6}.Debug|x64.ActiveCfg = Debug|Any CPU
		{FBDC666C-F169-4553-A421-EF5B633962F6}.Debug|x64.Build.0 = Debug|Any CPU
		{FBDC666C-F169-4553-A421-EF5B633962F6}.Debug|x86.ActiveCfg = Debug|Any CPU
		{FBDC666C-F169-4553-A421-EF5B633962F6}.Debug|x86.Build.0 = Debug|Any CPU
		{FBDC666C-F169-4553-A421-EF5B633962F6}.Release|Any CPU.ActiveCfg = Release|Any CPU
		{FBDC666C-F169-4553-A421-EF5B633962F6}.Release|Any CPU.Build.0 = Release|Any CPU
		{FBDC666C-F169-4553-A421-EF5B633962F6}.Release|ARM.ActiveCfg = Release|Any CPU
		{FBDC666C-F169-4553-A421-EF5B633962F6}.Release|ARM.Build.0 = Release|Any CPU
		{FBDC666C-F169-4553-A421-EF5B633962F6}.Release|ARM64.ActiveCfg = Release|Any CPU
		{FBDC666C-F169-4553-A421-EF5B633962F6}.Release|ARM64.Build.0 = Release|Any CPU
		{FBDC666C-F169-4553-A421-EF5B633962F6}.Release|iPhone.ActiveCfg = Release|Any CPU
		{FBDC666C-F169-4553-A421-EF5B633962F6}.Release|iPhone.Build.0 = Release|Any CPU
		{FBDC666C-F169-4553-A421-EF5B633962F6}.Release|iPhoneSimulator.ActiveCfg = Release|Any CPU
		{FBDC666C-F169-4553-A421-EF5B633962F6}.Release|iPhoneSimulator.Build.0 = Release|Any CPU
		{FBDC666C-F169-4553-A421-EF5B633962F6}.Release|x64.ActiveCfg = Release|Any CPU
		{FBDC666C-F169-4553-A421-EF5B633962F6}.Release|x64.Build.0 = Release|Any CPU
		{FBDC666C-F169-4553-A421-EF5B633962F6}.Release|x86.ActiveCfg = Release|Any CPU
		{FBDC666C-F169-4553-A421-EF5B633962F6}.Release|x86.Build.0 = Release|Any CPU
		{D5F48241-D119-46DE-9A0A-3237AD2199EE}.Ad-Hoc|Any CPU.ActiveCfg = Debug|Any CPU
		{D5F48241-D119-46DE-9A0A-3237AD2199EE}.Ad-Hoc|Any CPU.Build.0 = Debug|Any CPU
		{D5F48241-D119-46DE-9A0A-3237AD2199EE}.Ad-Hoc|ARM.ActiveCfg = Debug|Any CPU
		{D5F48241-D119-46DE-9A0A-3237AD2199EE}.Ad-Hoc|ARM.Build.0 = Debug|Any CPU
		{D5F48241-D119-46DE-9A0A-3237AD2199EE}.Ad-Hoc|ARM64.ActiveCfg = Release|Any CPU
		{D5F48241-D119-46DE-9A0A-3237AD2199EE}.Ad-Hoc|ARM64.Build.0 = Release|Any CPU
		{D5F48241-D119-46DE-9A0A-3237AD2199EE}.Ad-Hoc|iPhone.ActiveCfg = Debug|Any CPU
		{D5F48241-D119-46DE-9A0A-3237AD2199EE}.Ad-Hoc|iPhone.Build.0 = Debug|Any CPU
		{D5F48241-D119-46DE-9A0A-3237AD2199EE}.Ad-Hoc|iPhoneSimulator.ActiveCfg = Debug|Any CPU
		{D5F48241-D119-46DE-9A0A-3237AD2199EE}.Ad-Hoc|iPhoneSimulator.Build.0 = Debug|Any CPU
		{D5F48241-D119-46DE-9A0A-3237AD2199EE}.Ad-Hoc|x64.ActiveCfg = Debug|Any CPU
		{D5F48241-D119-46DE-9A0A-3237AD2199EE}.Ad-Hoc|x64.Build.0 = Debug|Any CPU
		{D5F48241-D119-46DE-9A0A-3237AD2199EE}.Ad-Hoc|x86.ActiveCfg = Debug|Any CPU
		{D5F48241-D119-46DE-9A0A-3237AD2199EE}.Ad-Hoc|x86.Build.0 = Debug|Any CPU
		{D5F48241-D119-46DE-9A0A-3237AD2199EE}.AppStore|Any CPU.ActiveCfg = Debug|Any CPU
		{D5F48241-D119-46DE-9A0A-3237AD2199EE}.AppStore|Any CPU.Build.0 = Debug|Any CPU
		{D5F48241-D119-46DE-9A0A-3237AD2199EE}.AppStore|ARM.ActiveCfg = Debug|Any CPU
		{D5F48241-D119-46DE-9A0A-3237AD2199EE}.AppStore|ARM.Build.0 = Debug|Any CPU
		{D5F48241-D119-46DE-9A0A-3237AD2199EE}.AppStore|ARM64.ActiveCfg = Release|Any CPU
		{D5F48241-D119-46DE-9A0A-3237AD2199EE}.AppStore|ARM64.Build.0 = Release|Any CPU
		{D5F48241-D119-46DE-9A0A-3237AD2199EE}.AppStore|iPhone.ActiveCfg = Debug|Any CPU
		{D5F48241-D119-46DE-9A0A-3237AD2199EE}.AppStore|iPhone.Build.0 = Debug|Any CPU
		{D5F48241-D119-46DE-9A0A-3237AD2199EE}.AppStore|iPhoneSimulator.ActiveCfg = Debug|Any CPU
		{D5F48241-D119-46DE-9A0A-3237AD2199EE}.AppStore|iPhoneSimulator.Build.0 = Debug|Any CPU
		{D5F48241-D119-46DE-9A0A-3237AD2199EE}.AppStore|x64.ActiveCfg = Debug|Any CPU
		{D5F48241-D119-46DE-9A0A-3237AD2199EE}.AppStore|x64.Build.0 = Debug|Any CPU
		{D5F48241-D119-46DE-9A0A-3237AD2199EE}.AppStore|x86.ActiveCfg = Debug|Any CPU
		{D5F48241-D119-46DE-9A0A-3237AD2199EE}.AppStore|x86.Build.0 = Debug|Any CPU
		{D5F48241-D119-46DE-9A0A-3237AD2199EE}.Debug|Any CPU.ActiveCfg = Debug|Any CPU
		{D5F48241-D119-46DE-9A0A-3237AD2199EE}.Debug|Any CPU.Build.0 = Debug|Any CPU
		{D5F48241-D119-46DE-9A0A-3237AD2199EE}.Debug|ARM.ActiveCfg = Debug|Any CPU
		{D5F48241-D119-46DE-9A0A-3237AD2199EE}.Debug|ARM.Build.0 = Debug|Any CPU
		{D5F48241-D119-46DE-9A0A-3237AD2199EE}.Debug|ARM64.ActiveCfg = Debug|Any CPU
		{D5F48241-D119-46DE-9A0A-3237AD2199EE}.Debug|ARM64.Build.0 = Debug|Any CPU
		{D5F48241-D119-46DE-9A0A-3237AD2199EE}.Debug|iPhone.ActiveCfg = Debug|Any CPU
		{D5F48241-D119-46DE-9A0A-3237AD2199EE}.Debug|iPhone.Build.0 = Debug|Any CPU
		{D5F48241-D119-46DE-9A0A-3237AD2199EE}.Debug|iPhoneSimulator.ActiveCfg = Debug|Any CPU
		{D5F48241-D119-46DE-9A0A-3237AD2199EE}.Debug|iPhoneSimulator.Build.0 = Debug|Any CPU
		{D5F48241-D119-46DE-9A0A-3237AD2199EE}.Debug|x64.ActiveCfg = Debug|Any CPU
		{D5F48241-D119-46DE-9A0A-3237AD2199EE}.Debug|x64.Build.0 = Debug|Any CPU
		{D5F48241-D119-46DE-9A0A-3237AD2199EE}.Debug|x86.ActiveCfg = Debug|Any CPU
		{D5F48241-D119-46DE-9A0A-3237AD2199EE}.Debug|x86.Build.0 = Debug|Any CPU
		{D5F48241-D119-46DE-9A0A-3237AD2199EE}.Release|Any CPU.ActiveCfg = Release|Any CPU
		{D5F48241-D119-46DE-9A0A-3237AD2199EE}.Release|Any CPU.Build.0 = Release|Any CPU
		{D5F48241-D119-46DE-9A0A-3237AD2199EE}.Release|ARM.ActiveCfg = Release|Any CPU
		{D5F48241-D119-46DE-9A0A-3237AD2199EE}.Release|ARM.Build.0 = Release|Any CPU
		{D5F48241-D119-46DE-9A0A-3237AD2199EE}.Release|ARM64.ActiveCfg = Release|Any CPU
		{D5F48241-D119-46DE-9A0A-3237AD2199EE}.Release|ARM64.Build.0 = Release|Any CPU
		{D5F48241-D119-46DE-9A0A-3237AD2199EE}.Release|iPhone.ActiveCfg = Release|Any CPU
		{D5F48241-D119-46DE-9A0A-3237AD2199EE}.Release|iPhone.Build.0 = Release|Any CPU
		{D5F48241-D119-46DE-9A0A-3237AD2199EE}.Release|iPhoneSimulator.ActiveCfg = Release|Any CPU
		{D5F48241-D119-46DE-9A0A-3237AD2199EE}.Release|iPhoneSimulator.Build.0 = Release|Any CPU
		{D5F48241-D119-46DE-9A0A-3237AD2199EE}.Release|x64.ActiveCfg = Release|Any CPU
		{D5F48241-D119-46DE-9A0A-3237AD2199EE}.Release|x64.Build.0 = Release|Any CPU
		{D5F48241-D119-46DE-9A0A-3237AD2199EE}.Release|x86.ActiveCfg = Release|Any CPU
		{D5F48241-D119-46DE-9A0A-3237AD2199EE}.Release|x86.Build.0 = Release|Any CPU
		{61CCE9F2-3B44-4D87-B820-DE45DEAB4B56}.Ad-Hoc|Any CPU.ActiveCfg = Release|Any CPU
		{61CCE9F2-3B44-4D87-B820-DE45DEAB4B56}.Ad-Hoc|Any CPU.Build.0 = Release|Any CPU
		{61CCE9F2-3B44-4D87-B820-DE45DEAB4B56}.Ad-Hoc|ARM.ActiveCfg = Debug|Any CPU
		{61CCE9F2-3B44-4D87-B820-DE45DEAB4B56}.Ad-Hoc|ARM.Build.0 = Debug|Any CPU
		{61CCE9F2-3B44-4D87-B820-DE45DEAB4B56}.Ad-Hoc|ARM64.ActiveCfg = Debug|Any CPU
		{61CCE9F2-3B44-4D87-B820-DE45DEAB4B56}.Ad-Hoc|ARM64.Build.0 = Debug|Any CPU
		{61CCE9F2-3B44-4D87-B820-DE45DEAB4B56}.Ad-Hoc|iPhone.ActiveCfg = Release|Any CPU
		{61CCE9F2-3B44-4D87-B820-DE45DEAB4B56}.Ad-Hoc|iPhone.Build.0 = Release|Any CPU
		{61CCE9F2-3B44-4D87-B820-DE45DEAB4B56}.Ad-Hoc|iPhoneSimulator.ActiveCfg = Release|Any CPU
		{61CCE9F2-3B44-4D87-B820-DE45DEAB4B56}.Ad-Hoc|iPhoneSimulator.Build.0 = Release|Any CPU
		{61CCE9F2-3B44-4D87-B820-DE45DEAB4B56}.Ad-Hoc|x64.ActiveCfg = Debug|Any CPU
		{61CCE9F2-3B44-4D87-B820-DE45DEAB4B56}.Ad-Hoc|x64.Build.0 = Debug|Any CPU
		{61CCE9F2-3B44-4D87-B820-DE45DEAB4B56}.Ad-Hoc|x86.ActiveCfg = Debug|Any CPU
		{61CCE9F2-3B44-4D87-B820-DE45DEAB4B56}.Ad-Hoc|x86.Build.0 = Debug|Any CPU
		{61CCE9F2-3B44-4D87-B820-DE45DEAB4B56}.AppStore|Any CPU.ActiveCfg = Release|Any CPU
		{61CCE9F2-3B44-4D87-B820-DE45DEAB4B56}.AppStore|Any CPU.Build.0 = Release|Any CPU
		{61CCE9F2-3B44-4D87-B820-DE45DEAB4B56}.AppStore|ARM.ActiveCfg = Debug|Any CPU
		{61CCE9F2-3B44-4D87-B820-DE45DEAB4B56}.AppStore|ARM.Build.0 = Debug|Any CPU
		{61CCE9F2-3B44-4D87-B820-DE45DEAB4B56}.AppStore|ARM64.ActiveCfg = Debug|Any CPU
		{61CCE9F2-3B44-4D87-B820-DE45DEAB4B56}.AppStore|ARM64.Build.0 = Debug|Any CPU
		{61CCE9F2-3B44-4D87-B820-DE45DEAB4B56}.AppStore|iPhone.ActiveCfg = Release|Any CPU
		{61CCE9F2-3B44-4D87-B820-DE45DEAB4B56}.AppStore|iPhone.Build.0 = Release|Any CPU
		{61CCE9F2-3B44-4D87-B820-DE45DEAB4B56}.AppStore|iPhoneSimulator.ActiveCfg = Release|Any CPU
		{61CCE9F2-3B44-4D87-B820-DE45DEAB4B56}.AppStore|iPhoneSimulator.Build.0 = Release|Any CPU
		{61CCE9F2-3B44-4D87-B820-DE45DEAB4B56}.AppStore|x64.ActiveCfg = Debug|Any CPU
		{61CCE9F2-3B44-4D87-B820-DE45DEAB4B56}.AppStore|x64.Build.0 = Debug|Any CPU
		{61CCE9F2-3B44-4D87-B820-DE45DEAB4B56}.AppStore|x86.ActiveCfg = Debug|Any CPU
		{61CCE9F2-3B44-4D87-B820-DE45DEAB4B56}.AppStore|x86.Build.0 = Debug|Any CPU
		{61CCE9F2-3B44-4D87-B820-DE45DEAB4B56}.Debug|Any CPU.ActiveCfg = Debug|Any CPU
		{61CCE9F2-3B44-4D87-B820-DE45DEAB4B56}.Debug|Any CPU.Build.0 = Debug|Any CPU
		{61CCE9F2-3B44-4D87-B820-DE45DEAB4B56}.Debug|ARM.ActiveCfg = Debug|Any CPU
		{61CCE9F2-3B44-4D87-B820-DE45DEAB4B56}.Debug|ARM.Build.0 = Debug|Any CPU
		{61CCE9F2-3B44-4D87-B820-DE45DEAB4B56}.Debug|ARM64.ActiveCfg = Debug|Any CPU
		{61CCE9F2-3B44-4D87-B820-DE45DEAB4B56}.Debug|ARM64.Build.0 = Debug|Any CPU
		{61CCE9F2-3B44-4D87-B820-DE45DEAB4B56}.Debug|iPhone.ActiveCfg = Debug|Any CPU
		{61CCE9F2-3B44-4D87-B820-DE45DEAB4B56}.Debug|iPhone.Build.0 = Debug|Any CPU
		{61CCE9F2-3B44-4D87-B820-DE45DEAB4B56}.Debug|iPhoneSimulator.ActiveCfg = Debug|Any CPU
		{61CCE9F2-3B44-4D87-B820-DE45DEAB4B56}.Debug|iPhoneSimulator.Build.0 = Debug|Any CPU
		{61CCE9F2-3B44-4D87-B820-DE45DEAB4B56}.Debug|x64.ActiveCfg = Debug|Any CPU
		{61CCE9F2-3B44-4D87-B820-DE45DEAB4B56}.Debug|x64.Build.0 = Debug|Any CPU
		{61CCE9F2-3B44-4D87-B820-DE45DEAB4B56}.Debug|x86.ActiveCfg = Debug|Any CPU
		{61CCE9F2-3B44-4D87-B820-DE45DEAB4B56}.Debug|x86.Build.0 = Debug|Any CPU
		{61CCE9F2-3B44-4D87-B820-DE45DEAB4B56}.Release|Any CPU.ActiveCfg = Release|Any CPU
		{61CCE9F2-3B44-4D87-B820-DE45DEAB4B56}.Release|Any CPU.Build.0 = Release|Any CPU
		{61CCE9F2-3B44-4D87-B820-DE45DEAB4B56}.Release|ARM.ActiveCfg = Release|Any CPU
		{61CCE9F2-3B44-4D87-B820-DE45DEAB4B56}.Release|ARM.Build.0 = Release|Any CPU
		{61CCE9F2-3B44-4D87-B820-DE45DEAB4B56}.Release|ARM64.ActiveCfg = Release|Any CPU
		{61CCE9F2-3B44-4D87-B820-DE45DEAB4B56}.Release|ARM64.Build.0 = Release|Any CPU
		{61CCE9F2-3B44-4D87-B820-DE45DEAB4B56}.Release|iPhone.ActiveCfg = Release|Any CPU
		{61CCE9F2-3B44-4D87-B820-DE45DEAB4B56}.Release|iPhone.Build.0 = Release|Any CPU
		{61CCE9F2-3B44-4D87-B820-DE45DEAB4B56}.Release|iPhoneSimulator.ActiveCfg = Release|Any CPU
		{61CCE9F2-3B44-4D87-B820-DE45DEAB4B56}.Release|iPhoneSimulator.Build.0 = Release|Any CPU
		{61CCE9F2-3B44-4D87-B820-DE45DEAB4B56}.Release|x64.ActiveCfg = Release|Any CPU
		{61CCE9F2-3B44-4D87-B820-DE45DEAB4B56}.Release|x64.Build.0 = Release|Any CPU
		{61CCE9F2-3B44-4D87-B820-DE45DEAB4B56}.Release|x86.ActiveCfg = Release|Any CPU
		{61CCE9F2-3B44-4D87-B820-DE45DEAB4B56}.Release|x86.Build.0 = Release|Any CPU
		{321834F9-1009-4D4E-B8F5-5C6CCA95506E}.Ad-Hoc|Any CPU.ActiveCfg = Debug|Any CPU
		{321834F9-1009-4D4E-B8F5-5C6CCA95506E}.Ad-Hoc|Any CPU.Build.0 = Debug|Any CPU
		{321834F9-1009-4D4E-B8F5-5C6CCA95506E}.Ad-Hoc|ARM.ActiveCfg = Debug|Any CPU
		{321834F9-1009-4D4E-B8F5-5C6CCA95506E}.Ad-Hoc|ARM.Build.0 = Debug|Any CPU
		{321834F9-1009-4D4E-B8F5-5C6CCA95506E}.Ad-Hoc|ARM64.ActiveCfg = Debug|Any CPU
		{321834F9-1009-4D4E-B8F5-5C6CCA95506E}.Ad-Hoc|ARM64.Build.0 = Debug|Any CPU
		{321834F9-1009-4D4E-B8F5-5C6CCA95506E}.Ad-Hoc|iPhone.ActiveCfg = Debug|Any CPU
		{321834F9-1009-4D4E-B8F5-5C6CCA95506E}.Ad-Hoc|iPhone.Build.0 = Debug|Any CPU
		{321834F9-1009-4D4E-B8F5-5C6CCA95506E}.Ad-Hoc|iPhoneSimulator.ActiveCfg = Debug|Any CPU
		{321834F9-1009-4D4E-B8F5-5C6CCA95506E}.Ad-Hoc|iPhoneSimulator.Build.0 = Debug|Any CPU
		{321834F9-1009-4D4E-B8F5-5C6CCA95506E}.Ad-Hoc|x64.ActiveCfg = Debug|Any CPU
		{321834F9-1009-4D4E-B8F5-5C6CCA95506E}.Ad-Hoc|x64.Build.0 = Debug|Any CPU
		{321834F9-1009-4D4E-B8F5-5C6CCA95506E}.Ad-Hoc|x86.ActiveCfg = Debug|Any CPU
		{321834F9-1009-4D4E-B8F5-5C6CCA95506E}.Ad-Hoc|x86.Build.0 = Debug|Any CPU
		{321834F9-1009-4D4E-B8F5-5C6CCA95506E}.AppStore|Any CPU.ActiveCfg = Debug|Any CPU
		{321834F9-1009-4D4E-B8F5-5C6CCA95506E}.AppStore|Any CPU.Build.0 = Debug|Any CPU
		{321834F9-1009-4D4E-B8F5-5C6CCA95506E}.AppStore|ARM.ActiveCfg = Debug|Any CPU
		{321834F9-1009-4D4E-B8F5-5C6CCA95506E}.AppStore|ARM.Build.0 = Debug|Any CPU
		{321834F9-1009-4D4E-B8F5-5C6CCA95506E}.AppStore|ARM64.ActiveCfg = Debug|Any CPU
		{321834F9-1009-4D4E-B8F5-5C6CCA95506E}.AppStore|ARM64.Build.0 = Debug|Any CPU
		{321834F9-1009-4D4E-B8F5-5C6CCA95506E}.AppStore|iPhone.ActiveCfg = Debug|Any CPU
		{321834F9-1009-4D4E-B8F5-5C6CCA95506E}.AppStore|iPhone.Build.0 = Debug|Any CPU
		{321834F9-1009-4D4E-B8F5-5C6CCA95506E}.AppStore|iPhoneSimulator.ActiveCfg = Debug|Any CPU
		{321834F9-1009-4D4E-B8F5-5C6CCA95506E}.AppStore|iPhoneSimulator.Build.0 = Debug|Any CPU
		{321834F9-1009-4D4E-B8F5-5C6CCA95506E}.AppStore|x64.ActiveCfg = Debug|Any CPU
		{321834F9-1009-4D4E-B8F5-5C6CCA95506E}.AppStore|x64.Build.0 = Debug|Any CPU
		{321834F9-1009-4D4E-B8F5-5C6CCA95506E}.AppStore|x86.ActiveCfg = Debug|Any CPU
		{321834F9-1009-4D4E-B8F5-5C6CCA95506E}.AppStore|x86.Build.0 = Debug|Any CPU
		{321834F9-1009-4D4E-B8F5-5C6CCA95506E}.Debug|Any CPU.ActiveCfg = Debug|Any CPU
		{321834F9-1009-4D4E-B8F5-5C6CCA95506E}.Debug|Any CPU.Build.0 = Debug|Any CPU
		{321834F9-1009-4D4E-B8F5-5C6CCA95506E}.Debug|ARM.ActiveCfg = Debug|Any CPU
		{321834F9-1009-4D4E-B8F5-5C6CCA95506E}.Debug|ARM.Build.0 = Debug|Any CPU
		{321834F9-1009-4D4E-B8F5-5C6CCA95506E}.Debug|ARM64.ActiveCfg = Debug|Any CPU
		{321834F9-1009-4D4E-B8F5-5C6CCA95506E}.Debug|ARM64.Build.0 = Debug|Any CPU
		{321834F9-1009-4D4E-B8F5-5C6CCA95506E}.Debug|iPhone.ActiveCfg = Debug|Any CPU
		{321834F9-1009-4D4E-B8F5-5C6CCA95506E}.Debug|iPhone.Build.0 = Debug|Any CPU
		{321834F9-1009-4D4E-B8F5-5C6CCA95506E}.Debug|iPhoneSimulator.ActiveCfg = Debug|Any CPU
		{321834F9-1009-4D4E-B8F5-5C6CCA95506E}.Debug|iPhoneSimulator.Build.0 = Debug|Any CPU
		{321834F9-1009-4D4E-B8F5-5C6CCA95506E}.Debug|x64.ActiveCfg = Debug|Any CPU
		{321834F9-1009-4D4E-B8F5-5C6CCA95506E}.Debug|x64.Build.0 = Debug|Any CPU
		{321834F9-1009-4D4E-B8F5-5C6CCA95506E}.Debug|x86.ActiveCfg = Debug|Any CPU
		{321834F9-1009-4D4E-B8F5-5C6CCA95506E}.Debug|x86.Build.0 = Debug|Any CPU
		{321834F9-1009-4D4E-B8F5-5C6CCA95506E}.Release|Any CPU.ActiveCfg = Release|Any CPU
		{321834F9-1009-4D4E-B8F5-5C6CCA95506E}.Release|Any CPU.Build.0 = Release|Any CPU
		{321834F9-1009-4D4E-B8F5-5C6CCA95506E}.Release|ARM.ActiveCfg = Release|Any CPU
		{321834F9-1009-4D4E-B8F5-5C6CCA95506E}.Release|ARM.Build.0 = Release|Any CPU
		{321834F9-1009-4D4E-B8F5-5C6CCA95506E}.Release|ARM64.ActiveCfg = Release|Any CPU
		{321834F9-1009-4D4E-B8F5-5C6CCA95506E}.Release|ARM64.Build.0 = Release|Any CPU
		{321834F9-1009-4D4E-B8F5-5C6CCA95506E}.Release|iPhone.ActiveCfg = Release|Any CPU
		{321834F9-1009-4D4E-B8F5-5C6CCA95506E}.Release|iPhone.Build.0 = Release|Any CPU
		{321834F9-1009-4D4E-B8F5-5C6CCA95506E}.Release|iPhoneSimulator.ActiveCfg = Release|Any CPU
		{321834F9-1009-4D4E-B8F5-5C6CCA95506E}.Release|iPhoneSimulator.Build.0 = Release|Any CPU
		{321834F9-1009-4D4E-B8F5-5C6CCA95506E}.Release|x64.ActiveCfg = Release|Any CPU
		{321834F9-1009-4D4E-B8F5-5C6CCA95506E}.Release|x64.Build.0 = Release|Any CPU
		{321834F9-1009-4D4E-B8F5-5C6CCA95506E}.Release|x86.ActiveCfg = Release|Any CPU
		{321834F9-1009-4D4E-B8F5-5C6CCA95506E}.Release|x86.Build.0 = Release|Any CPU
		{E7E5F01A-63D3-4BB9-8B3B-A4E7797FBE4B}.Ad-Hoc|Any CPU.ActiveCfg = Debug|Any CPU
		{E7E5F01A-63D3-4BB9-8B3B-A4E7797FBE4B}.Ad-Hoc|Any CPU.Build.0 = Debug|Any CPU
		{E7E5F01A-63D3-4BB9-8B3B-A4E7797FBE4B}.Ad-Hoc|ARM.ActiveCfg = Debug|Any CPU
		{E7E5F01A-63D3-4BB9-8B3B-A4E7797FBE4B}.Ad-Hoc|ARM.Build.0 = Debug|Any CPU
		{E7E5F01A-63D3-4BB9-8B3B-A4E7797FBE4B}.Ad-Hoc|ARM64.ActiveCfg = Debug|Any CPU
		{E7E5F01A-63D3-4BB9-8B3B-A4E7797FBE4B}.Ad-Hoc|ARM64.Build.0 = Debug|Any CPU
		{E7E5F01A-63D3-4BB9-8B3B-A4E7797FBE4B}.Ad-Hoc|iPhone.ActiveCfg = Debug|Any CPU
		{E7E5F01A-63D3-4BB9-8B3B-A4E7797FBE4B}.Ad-Hoc|iPhone.Build.0 = Debug|Any CPU
		{E7E5F01A-63D3-4BB9-8B3B-A4E7797FBE4B}.Ad-Hoc|iPhoneSimulator.ActiveCfg = Debug|Any CPU
		{E7E5F01A-63D3-4BB9-8B3B-A4E7797FBE4B}.Ad-Hoc|iPhoneSimulator.Build.0 = Debug|Any CPU
		{E7E5F01A-63D3-4BB9-8B3B-A4E7797FBE4B}.Ad-Hoc|x64.ActiveCfg = Debug|Any CPU
		{E7E5F01A-63D3-4BB9-8B3B-A4E7797FBE4B}.Ad-Hoc|x64.Build.0 = Debug|Any CPU
		{E7E5F01A-63D3-4BB9-8B3B-A4E7797FBE4B}.Ad-Hoc|x86.ActiveCfg = Debug|Any CPU
		{E7E5F01A-63D3-4BB9-8B3B-A4E7797FBE4B}.Ad-Hoc|x86.Build.0 = Debug|Any CPU
		{E7E5F01A-63D3-4BB9-8B3B-A4E7797FBE4B}.AppStore|Any CPU.ActiveCfg = Debug|Any CPU
		{E7E5F01A-63D3-4BB9-8B3B-A4E7797FBE4B}.AppStore|Any CPU.Build.0 = Debug|Any CPU
		{E7E5F01A-63D3-4BB9-8B3B-A4E7797FBE4B}.AppStore|ARM.ActiveCfg = Debug|Any CPU
		{E7E5F01A-63D3-4BB9-8B3B-A4E7797FBE4B}.AppStore|ARM.Build.0 = Debug|Any CPU
		{E7E5F01A-63D3-4BB9-8B3B-A4E7797FBE4B}.AppStore|ARM64.ActiveCfg = Debug|Any CPU
		{E7E5F01A-63D3-4BB9-8B3B-A4E7797FBE4B}.AppStore|ARM64.Build.0 = Debug|Any CPU
		{E7E5F01A-63D3-4BB9-8B3B-A4E7797FBE4B}.AppStore|iPhone.ActiveCfg = Debug|Any CPU
		{E7E5F01A-63D3-4BB9-8B3B-A4E7797FBE4B}.AppStore|iPhone.Build.0 = Debug|Any CPU
		{E7E5F01A-63D3-4BB9-8B3B-A4E7797FBE4B}.AppStore|iPhoneSimulator.ActiveCfg = Debug|Any CPU
		{E7E5F01A-63D3-4BB9-8B3B-A4E7797FBE4B}.AppStore|iPhoneSimulator.Build.0 = Debug|Any CPU
		{E7E5F01A-63D3-4BB9-8B3B-A4E7797FBE4B}.AppStore|x64.ActiveCfg = Debug|Any CPU
		{E7E5F01A-63D3-4BB9-8B3B-A4E7797FBE4B}.AppStore|x64.Build.0 = Debug|Any CPU
		{E7E5F01A-63D3-4BB9-8B3B-A4E7797FBE4B}.AppStore|x86.ActiveCfg = Debug|Any CPU
		{E7E5F01A-63D3-4BB9-8B3B-A4E7797FBE4B}.AppStore|x86.Build.0 = Debug|Any CPU
		{E7E5F01A-63D3-4BB9-8B3B-A4E7797FBE4B}.Debug|Any CPU.ActiveCfg = Debug|Any CPU
		{E7E5F01A-63D3-4BB9-8B3B-A4E7797FBE4B}.Debug|Any CPU.Build.0 = Debug|Any CPU
		{E7E5F01A-63D3-4BB9-8B3B-A4E7797FBE4B}.Debug|ARM.ActiveCfg = Debug|Any CPU
		{E7E5F01A-63D3-4BB9-8B3B-A4E7797FBE4B}.Debug|ARM.Build.0 = Debug|Any CPU
		{E7E5F01A-63D3-4BB9-8B3B-A4E7797FBE4B}.Debug|ARM64.ActiveCfg = Debug|Any CPU
		{E7E5F01A-63D3-4BB9-8B3B-A4E7797FBE4B}.Debug|ARM64.Build.0 = Debug|Any CPU
		{E7E5F01A-63D3-4BB9-8B3B-A4E7797FBE4B}.Debug|iPhone.ActiveCfg = Debug|Any CPU
		{E7E5F01A-63D3-4BB9-8B3B-A4E7797FBE4B}.Debug|iPhone.Build.0 = Debug|Any CPU
		{E7E5F01A-63D3-4BB9-8B3B-A4E7797FBE4B}.Debug|iPhoneSimulator.ActiveCfg = Debug|Any CPU
		{E7E5F01A-63D3-4BB9-8B3B-A4E7797FBE4B}.Debug|iPhoneSimulator.Build.0 = Debug|Any CPU
		{E7E5F01A-63D3-4BB9-8B3B-A4E7797FBE4B}.Debug|x64.ActiveCfg = Debug|Any CPU
		{E7E5F01A-63D3-4BB9-8B3B-A4E7797FBE4B}.Debug|x64.Build.0 = Debug|Any CPU
		{E7E5F01A-63D3-4BB9-8B3B-A4E7797FBE4B}.Debug|x86.ActiveCfg = Debug|Any CPU
		{E7E5F01A-63D3-4BB9-8B3B-A4E7797FBE4B}.Debug|x86.Build.0 = Debug|Any CPU
		{E7E5F01A-63D3-4BB9-8B3B-A4E7797FBE4B}.Release|Any CPU.ActiveCfg = Release|Any CPU
		{E7E5F01A-63D3-4BB9-8B3B-A4E7797FBE4B}.Release|Any CPU.Build.0 = Release|Any CPU
		{E7E5F01A-63D3-4BB9-8B3B-A4E7797FBE4B}.Release|ARM.ActiveCfg = Release|Any CPU
		{E7E5F01A-63D3-4BB9-8B3B-A4E7797FBE4B}.Release|ARM.Build.0 = Release|Any CPU
		{E7E5F01A-63D3-4BB9-8B3B-A4E7797FBE4B}.Release|ARM64.ActiveCfg = Release|Any CPU
		{E7E5F01A-63D3-4BB9-8B3B-A4E7797FBE4B}.Release|ARM64.Build.0 = Release|Any CPU
		{E7E5F01A-63D3-4BB9-8B3B-A4E7797FBE4B}.Release|iPhone.ActiveCfg = Release|Any CPU
		{E7E5F01A-63D3-4BB9-8B3B-A4E7797FBE4B}.Release|iPhone.Build.0 = Release|Any CPU
		{E7E5F01A-63D3-4BB9-8B3B-A4E7797FBE4B}.Release|iPhoneSimulator.ActiveCfg = Release|Any CPU
		{E7E5F01A-63D3-4BB9-8B3B-A4E7797FBE4B}.Release|iPhoneSimulator.Build.0 = Release|Any CPU
		{E7E5F01A-63D3-4BB9-8B3B-A4E7797FBE4B}.Release|x64.ActiveCfg = Release|Any CPU
		{E7E5F01A-63D3-4BB9-8B3B-A4E7797FBE4B}.Release|x64.Build.0 = Release|Any CPU
		{E7E5F01A-63D3-4BB9-8B3B-A4E7797FBE4B}.Release|x86.ActiveCfg = Release|Any CPU
		{E7E5F01A-63D3-4BB9-8B3B-A4E7797FBE4B}.Release|x86.Build.0 = Release|Any CPU
	EndGlobalSection
	GlobalSection(SolutionProperties) = preSolution
		HideSolutionNode = FALSE
	EndGlobalSection
	GlobalSection(ExtensibilityGlobals) = postSolution
		SolutionGuid = {135D86AF-4EC4-4AA0-BD06-75C410F3EA08}
	EndGlobalSection
EndGlobal
