
Microsoft Visual Studio Solution File, Format Version 12.00
# Visual Studio Version 16
VisualStudioVersion = 16.0.28621.142
MinimumVisualStudioVersion = 10.0.40219.1
Project("{2150E333-8FDC-42A3-9474-1A3956D46DE8}") = "Solution Items", "Solution Items", "{3D16168F-A0F7-4B3F-BBF2-2AB1338B8840}"
	ProjectSection(SolutionItems) = preProject
		samples\Directory.Build.props = samples\Directory.Build.props
		samples\Directory.Build.targets = samples\Directory.Build.targets
		samples\Packages.props = samples\Packages.props
		samples\readme.md = samples\readme.md
	EndProjectSection
EndProject
Project("{9A19103F-16F7-4668-BE54-9A1E7A4F7556}") = "Samples", "samples\Samples\Samples.csproj", "{56EB33AF-1430-42A6-BCB4-21A5FCE49C96}"
EndProject
Project("{FAE04EC0-301F-11D3-BF4B-00C04F79EFBC}") = "Samples.Android", "samples\Samples.Android\Samples.Android.csproj", "{E780B778-C40F-4993-A62F-277486480A67}"
EndProject
Project("{FAE04EC0-301F-11D3-BF4B-00C04F79EFBC}") = "Samples.iOS", "samples\Samples.iOS\Samples.iOS.csproj", "{227E1B5E-7678-4492-B100-B069186494E5}"
EndProject
Project("{FAE04EC0-301F-11D3-BF4B-00C04F79EFBC}") = "Samples.UWP", "samples\Samples.UWP\Samples.UWP.csproj", "{4718D281-A453-42A7-9381-0FD48DB8D801}"
EndProject
Project("{9A19103F-16F7-4668-BE54-9A1E7A4F7556}") = "Samples.SqliteGenerator", "samples\Samples.SqliteGenerator\Samples.SqliteGenerator.csproj", "{209BCE92-ED11-43CB-8FDA-C460701EC008}"
EndProject
Project("{9A19103F-16F7-4668-BE54-9A1E7A4F7556}") = "Samples.Api", "samples\Samples.Api\Samples.Api.csproj", "{5D9F7267-68ED-4DE4-99D8-354110F86FAD}"
EndProject
Global
	GlobalSection(SolutionConfigurationPlatforms) = preSolution
		Ad-Hoc|Any CPU = Ad-Hoc|Any CPU
		Ad-Hoc|ARM = Ad-Hoc|ARM
		Ad-Hoc|iPhone = Ad-Hoc|iPhone
		Ad-Hoc|iPhoneSimulator = Ad-Hoc|iPhoneSimulator
		Ad-Hoc|x64 = Ad-Hoc|x64
		Ad-Hoc|x86 = Ad-Hoc|x86
		AppStore|Any CPU = AppStore|Any CPU
		AppStore|ARM = AppStore|ARM
		AppStore|iPhone = AppStore|iPhone
		AppStore|iPhoneSimulator = AppStore|iPhoneSimulator
		AppStore|x64 = AppStore|x64
		AppStore|x86 = AppStore|x86
		Debug|Any CPU = Debug|Any CPU
		Debug|ARM = Debug|ARM
		Debug|iPhone = Debug|iPhone
		Debug|iPhoneSimulator = Debug|iPhoneSimulator
		Debug|x64 = Debug|x64
		Debug|x86 = Debug|x86
		Release|Any CPU = Release|Any CPU
		Release|ARM = Release|ARM
		Release|iPhone = Release|iPhone
		Release|iPhoneSimulator = Release|iPhoneSimulator
		Release|x64 = Release|x64
		Release|x86 = Release|x86
	EndGlobalSection
	GlobalSection(ProjectConfigurationPlatforms) = postSolution
		{56EB33AF-1430-42A6-BCB4-21A5FCE49C96}.Ad-Hoc|Any CPU.ActiveCfg = Debug|Any CPU
		{56EB33AF-1430-42A6-BCB4-21A5FCE49C96}.Ad-Hoc|Any CPU.Build.0 = Debug|Any CPU
		{56EB33AF-1430-42A6-BCB4-21A5FCE49C96}.Ad-Hoc|ARM.ActiveCfg = Debug|Any CPU
		{56EB33AF-1430-42A6-BCB4-21A5FCE49C96}.Ad-Hoc|ARM.Build.0 = Debug|Any CPU
		{56EB33AF-1430-42A6-BCB4-21A5FCE49C96}.Ad-Hoc|iPhone.ActiveCfg = Debug|Any CPU
		{56EB33AF-1430-42A6-BCB4-21A5FCE49C96}.Ad-Hoc|iPhone.Build.0 = Debug|Any CPU
		{56EB33AF-1430-42A6-BCB4-21A5FCE49C96}.Ad-Hoc|iPhoneSimulator.ActiveCfg = Debug|Any CPU
		{56EB33AF-1430-42A6-BCB4-21A5FCE49C96}.Ad-Hoc|iPhoneSimulator.Build.0 = Debug|Any CPU
		{56EB33AF-1430-42A6-BCB4-21A5FCE49C96}.Ad-Hoc|x64.ActiveCfg = Debug|Any CPU
		{56EB33AF-1430-42A6-BCB4-21A5FCE49C96}.Ad-Hoc|x64.Build.0 = Debug|Any CPU
		{56EB33AF-1430-42A6-BCB4-21A5FCE49C96}.Ad-Hoc|x86.ActiveCfg = Debug|Any CPU
		{56EB33AF-1430-42A6-BCB4-21A5FCE49C96}.Ad-Hoc|x86.Build.0 = Debug|Any CPU
		{56EB33AF-1430-42A6-BCB4-21A5FCE49C96}.AppStore|Any CPU.ActiveCfg = Debug|Any CPU
		{56EB33AF-1430-42A6-BCB4-21A5FCE49C96}.AppStore|Any CPU.Build.0 = Debug|Any CPU
		{56EB33AF-1430-42A6-BCB4-21A5FCE49C96}.AppStore|ARM.ActiveCfg = Debug|Any CPU
		{56EB33AF-1430-42A6-BCB4-21A5FCE49C96}.AppStore|ARM.Build.0 = Debug|Any CPU
		{56EB33AF-1430-42A6-BCB4-21A5FCE49C96}.AppStore|iPhone.ActiveCfg = Debug|Any CPU
		{56EB33AF-1430-42A6-BCB4-21A5FCE49C96}.AppStore|iPhone.Build.0 = Debug|Any CPU
		{56EB33AF-1430-42A6-BCB4-21A5FCE49C96}.AppStore|iPhoneSimulator.ActiveCfg = Debug|Any CPU
		{56EB33AF-1430-42A6-BCB4-21A5FCE49C96}.AppStore|iPhoneSimulator.Build.0 = Debug|Any CPU
		{56EB33AF-1430-42A6-BCB4-21A5FCE49C96}.AppStore|x64.ActiveCfg = Debug|Any CPU
		{56EB33AF-1430-42A6-BCB4-21A5FCE49C96}.AppStore|x64.Build.0 = Debug|Any CPU
		{56EB33AF-1430-42A6-BCB4-21A5FCE49C96}.AppStore|x86.ActiveCfg = Debug|Any CPU
		{56EB33AF-1430-42A6-BCB4-21A5FCE49C96}.AppStore|x86.Build.0 = Debug|Any CPU
		{56EB33AF-1430-42A6-BCB4-21A5FCE49C96}.Debug|Any CPU.ActiveCfg = Debug|Any CPU
		{56EB33AF-1430-42A6-BCB4-21A5FCE49C96}.Debug|Any CPU.Build.0 = Debug|Any CPU
		{56EB33AF-1430-42A6-BCB4-21A5FCE49C96}.Debug|ARM.ActiveCfg = Debug|Any CPU
		{56EB33AF-1430-42A6-BCB4-21A5FCE49C96}.Debug|ARM.Build.0 = Debug|Any CPU
		{56EB33AF-1430-42A6-BCB4-21A5FCE49C96}.Debug|iPhone.ActiveCfg = Debug|Any CPU
		{56EB33AF-1430-42A6-BCB4-21A5FCE49C96}.Debug|iPhone.Build.0 = Debug|Any CPU
		{56EB33AF-1430-42A6-BCB4-21A5FCE49C96}.Debug|iPhoneSimulator.ActiveCfg = Debug|Any CPU
		{56EB33AF-1430-42A6-BCB4-21A5FCE49C96}.Debug|iPhoneSimulator.Build.0 = Debug|Any CPU
		{56EB33AF-1430-42A6-BCB4-21A5FCE49C96}.Debug|x64.ActiveCfg = Debug|Any CPU
		{56EB33AF-1430-42A6-BCB4-21A5FCE49C96}.Debug|x64.Build.0 = Debug|Any CPU
		{56EB33AF-1430-42A6-BCB4-21A5FCE49C96}.Debug|x86.ActiveCfg = Debug|Any CPU
		{56EB33AF-1430-42A6-BCB4-21A5FCE49C96}.Debug|x86.Build.0 = Debug|Any CPU
		{56EB33AF-1430-42A6-BCB4-21A5FCE49C96}.Release|Any CPU.ActiveCfg = Release|Any CPU
		{56EB33AF-1430-42A6-BCB4-21A5FCE49C96}.Release|Any CPU.Build.0 = Release|Any CPU
		{56EB33AF-1430-42A6-BCB4-21A5FCE49C96}.Release|ARM.ActiveCfg = Release|Any CPU
		{56EB33AF-1430-42A6-BCB4-21A5FCE49C96}.Release|ARM.Build.0 = Release|Any CPU
		{56EB33AF-1430-42A6-BCB4-21A5FCE49C96}.Release|iPhone.ActiveCfg = Release|Any CPU
		{56EB33AF-1430-42A6-BCB4-21A5FCE49C96}.Release|iPhone.Build.0 = Release|Any CPU
		{56EB33AF-1430-42A6-BCB4-21A5FCE49C96}.Release|iPhoneSimulator.ActiveCfg = Release|Any CPU
		{56EB33AF-1430-42A6-BCB4-21A5FCE49C96}.Release|iPhoneSimulator.Build.0 = Release|Any CPU
		{56EB33AF-1430-42A6-BCB4-21A5FCE49C96}.Release|x64.ActiveCfg = Release|Any CPU
		{56EB33AF-1430-42A6-BCB4-21A5FCE49C96}.Release|x64.Build.0 = Release|Any CPU
		{56EB33AF-1430-42A6-BCB4-21A5FCE49C96}.Release|x86.ActiveCfg = Release|Any CPU
		{56EB33AF-1430-42A6-BCB4-21A5FCE49C96}.Release|x86.Build.0 = Release|Any CPU
		{E780B778-C40F-4993-A62F-277486480A67}.Ad-Hoc|Any CPU.ActiveCfg = Debug|Any CPU
		{E780B778-C40F-4993-A62F-277486480A67}.Ad-Hoc|Any CPU.Build.0 = Debug|Any CPU
		{E780B778-C40F-4993-A62F-277486480A67}.Ad-Hoc|Any CPU.Deploy.0 = Debug|Any CPU
		{E780B778-C40F-4993-A62F-277486480A67}.Ad-Hoc|ARM.ActiveCfg = Debug|Any CPU
		{E780B778-C40F-4993-A62F-277486480A67}.Ad-Hoc|ARM.Build.0 = Debug|Any CPU
		{E780B778-C40F-4993-A62F-277486480A67}.Ad-Hoc|ARM.Deploy.0 = Debug|Any CPU
		{E780B778-C40F-4993-A62F-277486480A67}.Ad-Hoc|iPhone.ActiveCfg = Debug|Any CPU
		{E780B778-C40F-4993-A62F-277486480A67}.Ad-Hoc|iPhone.Build.0 = Debug|Any CPU
		{E780B778-C40F-4993-A62F-277486480A67}.Ad-Hoc|iPhone.Deploy.0 = Debug|Any CPU
		{E780B778-C40F-4993-A62F-277486480A67}.Ad-Hoc|iPhoneSimulator.ActiveCfg = Debug|Any CPU
		{E780B778-C40F-4993-A62F-277486480A67}.Ad-Hoc|iPhoneSimulator.Build.0 = Debug|Any CPU
		{E780B778-C40F-4993-A62F-277486480A67}.Ad-Hoc|iPhoneSimulator.Deploy.0 = Debug|Any CPU
		{E780B778-C40F-4993-A62F-277486480A67}.Ad-Hoc|x64.ActiveCfg = Debug|Any CPU
		{E780B778-C40F-4993-A62F-277486480A67}.Ad-Hoc|x64.Build.0 = Debug|Any CPU
		{E780B778-C40F-4993-A62F-277486480A67}.Ad-Hoc|x64.Deploy.0 = Debug|Any CPU
		{E780B778-C40F-4993-A62F-277486480A67}.Ad-Hoc|x86.ActiveCfg = Debug|Any CPU
		{E780B778-C40F-4993-A62F-277486480A67}.Ad-Hoc|x86.Build.0 = Debug|Any CPU
		{E780B778-C40F-4993-A62F-277486480A67}.Ad-Hoc|x86.Deploy.0 = Debug|Any CPU
		{E780B778-C40F-4993-A62F-277486480A67}.AppStore|Any CPU.ActiveCfg = Debug|Any CPU
		{E780B778-C40F-4993-A62F-277486480A67}.AppStore|Any CPU.Build.0 = Debug|Any CPU
		{E780B778-C40F-4993-A62F-277486480A67}.AppStore|Any CPU.Deploy.0 = Debug|Any CPU
		{E780B778-C40F-4993-A62F-277486480A67}.AppStore|ARM.ActiveCfg = Debug|Any CPU
		{E780B778-C40F-4993-A62F-277486480A67}.AppStore|ARM.Build.0 = Debug|Any CPU
		{E780B778-C40F-4993-A62F-277486480A67}.AppStore|ARM.Deploy.0 = Debug|Any CPU
		{E780B778-C40F-4993-A62F-277486480A67}.AppStore|iPhone.ActiveCfg = Debug|Any CPU
		{E780B778-C40F-4993-A62F-277486480A67}.AppStore|iPhone.Build.0 = Debug|Any CPU
		{E780B778-C40F-4993-A62F-277486480A67}.AppStore|iPhone.Deploy.0 = Debug|Any CPU
		{E780B778-C40F-4993-A62F-277486480A67}.AppStore|iPhoneSimulator.ActiveCfg = Debug|Any CPU
		{E780B778-C40F-4993-A62F-277486480A67}.AppStore|iPhoneSimulator.Build.0 = Debug|Any CPU
		{E780B778-C40F-4993-A62F-277486480A67}.AppStore|iPhoneSimulator.Deploy.0 = Debug|Any CPU
		{E780B778-C40F-4993-A62F-277486480A67}.AppStore|x64.ActiveCfg = Debug|Any CPU
		{E780B778-C40F-4993-A62F-277486480A67}.AppStore|x64.Build.0 = Debug|Any CPU
		{E780B778-C40F-4993-A62F-277486480A67}.AppStore|x64.Deploy.0 = Debug|Any CPU
		{E780B778-C40F-4993-A62F-277486480A67}.AppStore|x86.ActiveCfg = Debug|Any CPU
		{E780B778-C40F-4993-A62F-277486480A67}.AppStore|x86.Build.0 = Debug|Any CPU
		{E780B778-C40F-4993-A62F-277486480A67}.AppStore|x86.Deploy.0 = Debug|Any CPU
		{E780B778-C40F-4993-A62F-277486480A67}.Debug|Any CPU.ActiveCfg = Debug|Any CPU
		{E780B778-C40F-4993-A62F-277486480A67}.Debug|Any CPU.Build.0 = Debug|Any CPU
		{E780B778-C40F-4993-A62F-277486480A67}.Debug|Any CPU.Deploy.0 = Debug|Any CPU
		{E780B778-C40F-4993-A62F-277486480A67}.Debug|ARM.ActiveCfg = Debug|Any CPU
		{E780B778-C40F-4993-A62F-277486480A67}.Debug|ARM.Build.0 = Debug|Any CPU
		{E780B778-C40F-4993-A62F-277486480A67}.Debug|ARM.Deploy.0 = Debug|Any CPU
		{E780B778-C40F-4993-A62F-277486480A67}.Debug|iPhone.ActiveCfg = Debug|Any CPU
		{E780B778-C40F-4993-A62F-277486480A67}.Debug|iPhone.Build.0 = Debug|Any CPU
		{E780B778-C40F-4993-A62F-277486480A67}.Debug|iPhone.Deploy.0 = Debug|Any CPU
		{E780B778-C40F-4993-A62F-277486480A67}.Debug|iPhoneSimulator.ActiveCfg = Debug|Any CPU
		{E780B778-C40F-4993-A62F-277486480A67}.Debug|iPhoneSimulator.Build.0 = Debug|Any CPU
		{E780B778-C40F-4993-A62F-277486480A67}.Debug|iPhoneSimulator.Deploy.0 = Debug|Any CPU
		{E780B778-C40F-4993-A62F-277486480A67}.Debug|x64.ActiveCfg = Debug|Any CPU
		{E780B778-C40F-4993-A62F-277486480A67}.Debug|x64.Build.0 = Debug|Any CPU
		{E780B778-C40F-4993-A62F-277486480A67}.Debug|x64.Deploy.0 = Debug|Any CPU
		{E780B778-C40F-4993-A62F-277486480A67}.Debug|x86.ActiveCfg = Debug|Any CPU
		{E780B778-C40F-4993-A62F-277486480A67}.Debug|x86.Build.0 = Debug|Any CPU
		{E780B778-C40F-4993-A62F-277486480A67}.Debug|x86.Deploy.0 = Debug|Any CPU
		{E780B778-C40F-4993-A62F-277486480A67}.Release|Any CPU.ActiveCfg = Release|Any CPU
		{E780B778-C40F-4993-A62F-277486480A67}.Release|Any CPU.Build.0 = Release|Any CPU
		{E780B778-C40F-4993-A62F-277486480A67}.Release|Any CPU.Deploy.0 = Release|Any CPU
		{E780B778-C40F-4993-A62F-277486480A67}.Release|ARM.ActiveCfg = Release|Any CPU
		{E780B778-C40F-4993-A62F-277486480A67}.Release|ARM.Build.0 = Release|Any CPU
		{E780B778-C40F-4993-A62F-277486480A67}.Release|ARM.Deploy.0 = Release|Any CPU
		{E780B778-C40F-4993-A62F-277486480A67}.Release|iPhone.ActiveCfg = Release|Any CPU
		{E780B778-C40F-4993-A62F-277486480A67}.Release|iPhone.Build.0 = Release|Any CPU
		{E780B778-C40F-4993-A62F-277486480A67}.Release|iPhone.Deploy.0 = Release|Any CPU
		{E780B778-C40F-4993-A62F-277486480A67}.Release|iPhoneSimulator.ActiveCfg = Release|Any CPU
		{E780B778-C40F-4993-A62F-277486480A67}.Release|iPhoneSimulator.Build.0 = Release|Any CPU
		{E780B778-C40F-4993-A62F-277486480A67}.Release|iPhoneSimulator.Deploy.0 = Release|Any CPU
		{E780B778-C40F-4993-A62F-277486480A67}.Release|x64.ActiveCfg = Release|Any CPU
		{E780B778-C40F-4993-A62F-277486480A67}.Release|x64.Build.0 = Release|Any CPU
		{E780B778-C40F-4993-A62F-277486480A67}.Release|x64.Deploy.0 = Release|Any CPU
		{E780B778-C40F-4993-A62F-277486480A67}.Release|x86.ActiveCfg = Release|Any CPU
		{E780B778-C40F-4993-A62F-277486480A67}.Release|x86.Build.0 = Release|Any CPU
		{E780B778-C40F-4993-A62F-277486480A67}.Release|x86.Deploy.0 = Release|Any CPU
		{227E1B5E-7678-4492-B100-B069186494E5}.Ad-Hoc|Any CPU.ActiveCfg = Ad-Hoc|iPhoneSimulator
		{227E1B5E-7678-4492-B100-B069186494E5}.Ad-Hoc|ARM.ActiveCfg = Ad-Hoc|iPhoneSimulator
		{227E1B5E-7678-4492-B100-B069186494E5}.Ad-Hoc|iPhone.ActiveCfg = Ad-Hoc|iPhone
		{227E1B5E-7678-4492-B100-B069186494E5}.Ad-Hoc|iPhone.Build.0 = Ad-Hoc|iPhone
		{227E1B5E-7678-4492-B100-B069186494E5}.Ad-Hoc|iPhoneSimulator.ActiveCfg = Ad-Hoc|iPhoneSimulator
		{227E1B5E-7678-4492-B100-B069186494E5}.Ad-Hoc|iPhoneSimulator.Build.0 = Ad-Hoc|iPhoneSimulator
		{227E1B5E-7678-4492-B100-B069186494E5}.Ad-Hoc|x64.ActiveCfg = Ad-Hoc|iPhoneSimulator
		{227E1B5E-7678-4492-B100-B069186494E5}.Ad-Hoc|x86.ActiveCfg = Ad-Hoc|iPhoneSimulator
		{227E1B5E-7678-4492-B100-B069186494E5}.AppStore|Any CPU.ActiveCfg = AppStore|iPhoneSimulator
		{227E1B5E-7678-4492-B100-B069186494E5}.AppStore|ARM.ActiveCfg = AppStore|iPhoneSimulator
		{227E1B5E-7678-4492-B100-B069186494E5}.AppStore|iPhone.ActiveCfg = AppStore|iPhone
		{227E1B5E-7678-4492-B100-B069186494E5}.AppStore|iPhone.Build.0 = AppStore|iPhone
		{227E1B5E-7678-4492-B100-B069186494E5}.AppStore|iPhoneSimulator.ActiveCfg = AppStore|iPhoneSimulator
		{227E1B5E-7678-4492-B100-B069186494E5}.AppStore|iPhoneSimulator.Build.0 = AppStore|iPhoneSimulator
		{227E1B5E-7678-4492-B100-B069186494E5}.AppStore|x64.ActiveCfg = AppStore|iPhoneSimulator
		{227E1B5E-7678-4492-B100-B069186494E5}.AppStore|x86.ActiveCfg = AppStore|iPhoneSimulator
		{227E1B5E-7678-4492-B100-B069186494E5}.Debug|Any CPU.ActiveCfg = Debug|iPhoneSimulator
		{227E1B5E-7678-4492-B100-B069186494E5}.Debug|ARM.ActiveCfg = Debug|iPhoneSimulator
		{227E1B5E-7678-4492-B100-B069186494E5}.Debug|iPhone.ActiveCfg = Debug|iPhone
		{227E1B5E-7678-4492-B100-B069186494E5}.Debug|iPhone.Build.0 = Debug|iPhone
		{227E1B5E-7678-4492-B100-B069186494E5}.Debug|iPhoneSimulator.ActiveCfg = Debug|iPhoneSimulator
		{227E1B5E-7678-4492-B100-B069186494E5}.Debug|iPhoneSimulator.Build.0 = Debug|iPhoneSimulator
		{227E1B5E-7678-4492-B100-B069186494E5}.Debug|x64.ActiveCfg = Debug|iPhoneSimulator
		{227E1B5E-7678-4492-B100-B069186494E5}.Debug|x86.ActiveCfg = Debug|iPhoneSimulator
		{227E1B5E-7678-4492-B100-B069186494E5}.Release|Any CPU.ActiveCfg = Release|iPhoneSimulator
		{227E1B5E-7678-4492-B100-B069186494E5}.Release|ARM.ActiveCfg = Release|iPhoneSimulator
		{227E1B5E-7678-4492-B100-B069186494E5}.Release|iPhone.ActiveCfg = Release|iPhone
		{227E1B5E-7678-4492-B100-B069186494E5}.Release|iPhone.Build.0 = Release|iPhone
		{227E1B5E-7678-4492-B100-B069186494E5}.Release|iPhoneSimulator.ActiveCfg = Release|iPhoneSimulator
		{227E1B5E-7678-4492-B100-B069186494E5}.Release|iPhoneSimulator.Build.0 = Release|iPhoneSimulator
		{227E1B5E-7678-4492-B100-B069186494E5}.Release|x64.ActiveCfg = Release|iPhoneSimulator
		{227E1B5E-7678-4492-B100-B069186494E5}.Release|x86.ActiveCfg = Release|iPhoneSimulator
		{4718D281-A453-42A7-9381-0FD48DB8D801}.Ad-Hoc|Any CPU.ActiveCfg = Debug|ARM
		{4718D281-A453-42A7-9381-0FD48DB8D801}.Ad-Hoc|Any CPU.Build.0 = Debug|ARM
		{4718D281-A453-42A7-9381-0FD48DB8D801}.Ad-Hoc|Any CPU.Deploy.0 = Debug|ARM
		{4718D281-A453-42A7-9381-0FD48DB8D801}.Ad-Hoc|ARM.ActiveCfg = Debug|ARM
		{4718D281-A453-42A7-9381-0FD48DB8D801}.Ad-Hoc|ARM.Build.0 = Debug|ARM
		{4718D281-A453-42A7-9381-0FD48DB8D801}.Ad-Hoc|ARM.Deploy.0 = Debug|ARM
		{4718D281-A453-42A7-9381-0FD48DB8D801}.Ad-Hoc|iPhone.ActiveCfg = Debug|ARM
		{4718D281-A453-42A7-9381-0FD48DB8D801}.Ad-Hoc|iPhone.Build.0 = Debug|ARM
		{4718D281-A453-42A7-9381-0FD48DB8D801}.Ad-Hoc|iPhone.Deploy.0 = Debug|ARM
		{4718D281-A453-42A7-9381-0FD48DB8D801}.Ad-Hoc|iPhoneSimulator.ActiveCfg = Debug|ARM
		{4718D281-A453-42A7-9381-0FD48DB8D801}.Ad-Hoc|iPhoneSimulator.Build.0 = Debug|ARM
		{4718D281-A453-42A7-9381-0FD48DB8D801}.Ad-Hoc|iPhoneSimulator.Deploy.0 = Debug|ARM
		{4718D281-A453-42A7-9381-0FD48DB8D801}.Ad-Hoc|x64.ActiveCfg = Debug|x64
		{4718D281-A453-42A7-9381-0FD48DB8D801}.Ad-Hoc|x64.Build.0 = Debug|x64
		{4718D281-A453-42A7-9381-0FD48DB8D801}.Ad-Hoc|x64.Deploy.0 = Debug|x64
		{4718D281-A453-42A7-9381-0FD48DB8D801}.Ad-Hoc|x86.ActiveCfg = Debug|x86
		{4718D281-A453-42A7-9381-0FD48DB8D801}.Ad-Hoc|x86.Build.0 = Debug|x86
		{4718D281-A453-42A7-9381-0FD48DB8D801}.Ad-Hoc|x86.Deploy.0 = Debug|x86
		{4718D281-A453-42A7-9381-0FD48DB8D801}.AppStore|Any CPU.ActiveCfg = Debug|ARM
		{4718D281-A453-42A7-9381-0FD48DB8D801}.AppStore|Any CPU.Build.0 = Debug|ARM
		{4718D281-A453-42A7-9381-0FD48DB8D801}.AppStore|Any CPU.Deploy.0 = Debug|ARM
		{4718D281-A453-42A7-9381-0FD48DB8D801}.AppStore|ARM.ActiveCfg = Debug|ARM
		{4718D281-A453-42A7-9381-0FD48DB8D801}.AppStore|ARM.Build.0 = Debug|ARM
		{4718D281-A453-42A7-9381-0FD48DB8D801}.AppStore|ARM.Deploy.0 = Debug|ARM
		{4718D281-A453-42A7-9381-0FD48DB8D801}.AppStore|iPhone.ActiveCfg = Debug|ARM
		{4718D281-A453-42A7-9381-0FD48DB8D801}.AppStore|iPhone.Build.0 = Debug|ARM
		{4718D281-A453-42A7-9381-0FD48DB8D801}.AppStore|iPhone.Deploy.0 = Debug|ARM
		{4718D281-A453-42A7-9381-0FD48DB8D801}.AppStore|iPhoneSimulator.ActiveCfg = Debug|ARM
		{4718D281-A453-42A7-9381-0FD48DB8D801}.AppStore|iPhoneSimulator.Build.0 = Debug|ARM
		{4718D281-A453-42A7-9381-0FD48DB8D801}.AppStore|iPhoneSimulator.Deploy.0 = Debug|ARM
		{4718D281-A453-42A7-9381-0FD48DB8D801}.AppStore|x64.ActiveCfg = Debug|x64
		{4718D281-A453-42A7-9381-0FD48DB8D801}.AppStore|x64.Build.0 = Debug|x64
		{4718D281-A453-42A7-9381-0FD48DB8D801}.AppStore|x64.Deploy.0 = Debug|x64
		{4718D281-A453-42A7-9381-0FD48DB8D801}.AppStore|x86.ActiveCfg = Debug|x86
		{4718D281-A453-42A7-9381-0FD48DB8D801}.AppStore|x86.Build.0 = Debug|x86
		{4718D281-A453-42A7-9381-0FD48DB8D801}.AppStore|x86.Deploy.0 = Debug|x86
		{4718D281-A453-42A7-9381-0FD48DB8D801}.Debug|Any CPU.ActiveCfg = Debug|x86
		{4718D281-A453-42A7-9381-0FD48DB8D801}.Debug|ARM.ActiveCfg = Debug|ARM
		{4718D281-A453-42A7-9381-0FD48DB8D801}.Debug|ARM.Build.0 = Debug|ARM
		{4718D281-A453-42A7-9381-0FD48DB8D801}.Debug|ARM.Deploy.0 = Debug|ARM
		{4718D281-A453-42A7-9381-0FD48DB8D801}.Debug|iPhone.ActiveCfg = Debug|x86
		{4718D281-A453-42A7-9381-0FD48DB8D801}.Debug|iPhoneSimulator.ActiveCfg = Debug|x86
		{4718D281-A453-42A7-9381-0FD48DB8D801}.Debug|x64.ActiveCfg = Debug|x64
		{4718D281-A453-42A7-9381-0FD48DB8D801}.Debug|x64.Build.0 = Debug|x64
		{4718D281-A453-42A7-9381-0FD48DB8D801}.Debug|x64.Deploy.0 = Debug|x64
		{4718D281-A453-42A7-9381-0FD48DB8D801}.Debug|x86.ActiveCfg = Debug|x86
		{4718D281-A453-42A7-9381-0FD48DB8D801}.Debug|x86.Build.0 = Debug|x86
		{4718D281-A453-42A7-9381-0FD48DB8D801}.Debug|x86.Deploy.0 = Debug|x86
		{4718D281-A453-42A7-9381-0FD48DB8D801}.Release|Any CPU.ActiveCfg = Release|x86
		{4718D281-A453-42A7-9381-0FD48DB8D801}.Release|ARM.ActiveCfg = Release|ARM
		{4718D281-A453-42A7-9381-0FD48DB8D801}.Release|ARM.Build.0 = Release|ARM
		{4718D281-A453-42A7-9381-0FD48DB8D801}.Release|ARM.Deploy.0 = Release|ARM
		{4718D281-A453-42A7-9381-0FD48DB8D801}.Release|iPhone.ActiveCfg = Release|x86
		{4718D281-A453-42A7-9381-0FD48DB8D801}.Release|iPhoneSimulator.ActiveCfg = Release|x86
		{4718D281-A453-42A7-9381-0FD48DB8D801}.Release|x64.ActiveCfg = Release|x64
		{4718D281-A453-42A7-9381-0FD48DB8D801}.Release|x64.Build.0 = Release|x64
		{4718D281-A453-42A7-9381-0FD48DB8D801}.Release|x64.Deploy.0 = Release|x64
		{4718D281-A453-42A7-9381-0FD48DB8D801}.Release|x86.ActiveCfg = Release|x86
		{4718D281-A453-42A7-9381-0FD48DB8D801}.Release|x86.Build.0 = Release|x86
		{4718D281-A453-42A7-9381-0FD48DB8D801}.Release|x86.Deploy.0 = Release|x86
		{209BCE92-ED11-43CB-8FDA-C460701EC008}.Ad-Hoc|Any CPU.ActiveCfg = Debug|Any CPU
		{209BCE92-ED11-43CB-8FDA-C460701EC008}.Ad-Hoc|Any CPU.Build.0 = Debug|Any CPU
		{209BCE92-ED11-43CB-8FDA-C460701EC008}.Ad-Hoc|ARM.ActiveCfg = Debug|Any CPU
		{209BCE92-ED11-43CB-8FDA-C460701EC008}.Ad-Hoc|ARM.Build.0 = Debug|Any CPU
		{209BCE92-ED11-43CB-8FDA-C460701EC008}.Ad-Hoc|iPhone.ActiveCfg = Debug|Any CPU
		{209BCE92-ED11-43CB-8FDA-C460701EC008}.Ad-Hoc|iPhone.Build.0 = Debug|Any CPU
		{209BCE92-ED11-43CB-8FDA-C460701EC008}.Ad-Hoc|iPhoneSimulator.ActiveCfg = Debug|Any CPU
		{209BCE92-ED11-43CB-8FDA-C460701EC008}.Ad-Hoc|iPhoneSimulator.Build.0 = Debug|Any CPU
		{209BCE92-ED11-43CB-8FDA-C460701EC008}.Ad-Hoc|x64.ActiveCfg = Debug|Any CPU
		{209BCE92-ED11-43CB-8FDA-C460701EC008}.Ad-Hoc|x64.Build.0 = Debug|Any CPU
		{209BCE92-ED11-43CB-8FDA-C460701EC008}.Ad-Hoc|x86.ActiveCfg = Debug|Any CPU
		{209BCE92-ED11-43CB-8FDA-C460701EC008}.Ad-Hoc|x86.Build.0 = Debug|Any CPU
		{209BCE92-ED11-43CB-8FDA-C460701EC008}.AppStore|Any CPU.ActiveCfg = Debug|Any CPU
		{209BCE92-ED11-43CB-8FDA-C460701EC008}.AppStore|Any CPU.Build.0 = Debug|Any CPU
		{209BCE92-ED11-43CB-8FDA-C460701EC008}.AppStore|ARM.ActiveCfg = Debug|Any CPU
		{209BCE92-ED11-43CB-8FDA-C460701EC008}.AppStore|ARM.Build.0 = Debug|Any CPU
		{209BCE92-ED11-43CB-8FDA-C460701EC008}.AppStore|iPhone.ActiveCfg = Debug|Any CPU
		{209BCE92-ED11-43CB-8FDA-C460701EC008}.AppStore|iPhone.Build.0 = Debug|Any CPU
		{209BCE92-ED11-43CB-8FDA-C460701EC008}.AppStore|iPhoneSimulator.ActiveCfg = Debug|Any CPU
		{209BCE92-ED11-43CB-8FDA-C460701EC008}.AppStore|iPhoneSimulator.Build.0 = Debug|Any CPU
		{209BCE92-ED11-43CB-8FDA-C460701EC008}.AppStore|x64.ActiveCfg = Debug|Any CPU
		{209BCE92-ED11-43CB-8FDA-C460701EC008}.AppStore|x64.Build.0 = Debug|Any CPU
		{209BCE92-ED11-43CB-8FDA-C460701EC008}.AppStore|x86.ActiveCfg = Debug|Any CPU
		{209BCE92-ED11-43CB-8FDA-C460701EC008}.AppStore|x86.Build.0 = Debug|Any CPU
		{209BCE92-ED11-43CB-8FDA-C460701EC008}.Debug|Any CPU.ActiveCfg = Debug|Any CPU
		{209BCE92-ED11-43CB-8FDA-C460701EC008}.Debug|Any CPU.Build.0 = Debug|Any CPU
		{209BCE92-ED11-43CB-8FDA-C460701EC008}.Debug|ARM.ActiveCfg = Debug|Any CPU
		{209BCE92-ED11-43CB-8FDA-C460701EC008}.Debug|ARM.Build.0 = Debug|Any CPU
		{209BCE92-ED11-43CB-8FDA-C460701EC008}.Debug|iPhone.ActiveCfg = Debug|Any CPU
		{209BCE92-ED11-43CB-8FDA-C460701EC008}.Debug|iPhone.Build.0 = Debug|Any CPU
		{209BCE92-ED11-43CB-8FDA-C460701EC008}.Debug|iPhoneSimulator.ActiveCfg = Debug|Any CPU
		{209BCE92-ED11-43CB-8FDA-C460701EC008}.Debug|iPhoneSimulator.Build.0 = Debug|Any CPU
		{209BCE92-ED11-43CB-8FDA-C460701EC008}.Debug|x64.ActiveCfg = Debug|Any CPU
		{209BCE92-ED11-43CB-8FDA-C460701EC008}.Debug|x64.Build.0 = Debug|Any CPU
		{209BCE92-ED11-43CB-8FDA-C460701EC008}.Debug|x86.ActiveCfg = Debug|Any CPU
		{209BCE92-ED11-43CB-8FDA-C460701EC008}.Debug|x86.Build.0 = Debug|Any CPU
		{209BCE92-ED11-43CB-8FDA-C460701EC008}.Release|Any CPU.ActiveCfg = Release|Any CPU
		{209BCE92-ED11-43CB-8FDA-C460701EC008}.Release|Any CPU.Build.0 = Release|Any CPU
		{209BCE92-ED11-43CB-8FDA-C460701EC008}.Release|ARM.ActiveCfg = Release|Any CPU
		{209BCE92-ED11-43CB-8FDA-C460701EC008}.Release|ARM.Build.0 = Release|Any CPU
		{209BCE92-ED11-43CB-8FDA-C460701EC008}.Release|iPhone.ActiveCfg = Release|Any CPU
		{209BCE92-ED11-43CB-8FDA-C460701EC008}.Release|iPhone.Build.0 = Release|Any CPU
		{209BCE92-ED11-43CB-8FDA-C460701EC008}.Release|iPhoneSimulator.ActiveCfg = Release|Any CPU
		{209BCE92-ED11-43CB-8FDA-C460701EC008}.Release|iPhoneSimulator.Build.0 = Release|Any CPU
		{209BCE92-ED11-43CB-8FDA-C460701EC008}.Release|x64.ActiveCfg = Release|Any CPU
		{209BCE92-ED11-43CB-8FDA-C460701EC008}.Release|x64.Build.0 = Release|Any CPU
		{209BCE92-ED11-43CB-8FDA-C460701EC008}.Release|x86.ActiveCfg = Release|Any CPU
		{209BCE92-ED11-43CB-8FDA-C460701EC008}.Release|x86.Build.0 = Release|Any CPU
		{5D9F7267-68ED-4DE4-99D8-354110F86FAD}.Ad-Hoc|Any CPU.ActiveCfg = Debug|Any CPU
		{5D9F7267-68ED-4DE4-99D8-354110F86FAD}.Ad-Hoc|Any CPU.Build.0 = Debug|Any CPU
		{5D9F7267-68ED-4DE4-99D8-354110F86FAD}.Ad-Hoc|ARM.ActiveCfg = Debug|Any CPU
		{5D9F7267-68ED-4DE4-99D8-354110F86FAD}.Ad-Hoc|ARM.Build.0 = Debug|Any CPU
		{5D9F7267-68ED-4DE4-99D8-354110F86FAD}.Ad-Hoc|iPhone.ActiveCfg = Debug|Any CPU
		{5D9F7267-68ED-4DE4-99D8-354110F86FAD}.Ad-Hoc|iPhone.Build.0 = Debug|Any CPU
		{5D9F7267-68ED-4DE4-99D8-354110F86FAD}.Ad-Hoc|iPhoneSimulator.ActiveCfg = Debug|Any CPU
		{5D9F7267-68ED-4DE4-99D8-354110F86FAD}.Ad-Hoc|iPhoneSimulator.Build.0 = Debug|Any CPU
		{5D9F7267-68ED-4DE4-99D8-354110F86FAD}.Ad-Hoc|x64.ActiveCfg = Debug|Any CPU
		{5D9F7267-68ED-4DE4-99D8-354110F86FAD}.Ad-Hoc|x64.Build.0 = Debug|Any CPU
		{5D9F7267-68ED-4DE4-99D8-354110F86FAD}.Ad-Hoc|x86.ActiveCfg = Debug|Any CPU
		{5D9F7267-68ED-4DE4-99D8-354110F86FAD}.Ad-Hoc|x86.Build.0 = Debug|Any CPU
		{5D9F7267-68ED-4DE4-99D8-354110F86FAD}.AppStore|Any CPU.ActiveCfg = Debug|Any CPU
		{5D9F7267-68ED-4DE4-99D8-354110F86FAD}.AppStore|Any CPU.Build.0 = Debug|Any CPU
		{5D9F7267-68ED-4DE4-99D8-354110F86FAD}.AppStore|ARM.ActiveCfg = Debug|Any CPU
		{5D9F7267-68ED-4DE4-99D8-354110F86FAD}.AppStore|ARM.Build.0 = Debug|Any CPU
		{5D9F7267-68ED-4DE4-99D8-354110F86FAD}.AppStore|iPhone.ActiveCfg = Debug|Any CPU
		{5D9F7267-68ED-4DE4-99D8-354110F86FAD}.AppStore|iPhone.Build.0 = Debug|Any CPU
		{5D9F7267-68ED-4DE4-99D8-354110F86FAD}.AppStore|iPhoneSimulator.ActiveCfg = Debug|Any CPU
		{5D9F7267-68ED-4DE4-99D8-354110F86FAD}.AppStore|iPhoneSimulator.Build.0 = Debug|Any CPU
		{5D9F7267-68ED-4DE4-99D8-354110F86FAD}.AppStore|x64.ActiveCfg = Debug|Any CPU
		{5D9F7267-68ED-4DE4-99D8-354110F86FAD}.AppStore|x64.Build.0 = Debug|Any CPU
		{5D9F7267-68ED-4DE4-99D8-354110F86FAD}.AppStore|x86.ActiveCfg = Debug|Any CPU
		{5D9F7267-68ED-4DE4-99D8-354110F86FAD}.AppStore|x86.Build.0 = Debug|Any CPU
		{5D9F7267-68ED-4DE4-99D8-354110F86FAD}.Debug|Any CPU.ActiveCfg = Debug|Any CPU
		{5D9F7267-68ED-4DE4-99D8-354110F86FAD}.Debug|Any CPU.Build.0 = Debug|Any CPU
		{5D9F7267-68ED-4DE4-99D8-354110F86FAD}.Debug|ARM.ActiveCfg = Debug|Any CPU
		{5D9F7267-68ED-4DE4-99D8-354110F86FAD}.Debug|ARM.Build.0 = Debug|Any CPU
		{5D9F7267-68ED-4DE4-99D8-354110F86FAD}.Debug|iPhone.ActiveCfg = Debug|Any CPU
		{5D9F7267-68ED-4DE4-99D8-354110F86FAD}.Debug|iPhone.Build.0 = Debug|Any CPU
		{5D9F7267-68ED-4DE4-99D8-354110F86FAD}.Debug|iPhoneSimulator.ActiveCfg = Debug|Any CPU
		{5D9F7267-68ED-4DE4-99D8-354110F86FAD}.Debug|iPhoneSimulator.Build.0 = Debug|Any CPU
		{5D9F7267-68ED-4DE4-99D8-354110F86FAD}.Debug|x64.ActiveCfg = Debug|Any CPU
		{5D9F7267-68ED-4DE4-99D8-354110F86FAD}.Debug|x64.Build.0 = Debug|Any CPU
		{5D9F7267-68ED-4DE4-99D8-354110F86FAD}.Debug|x86.ActiveCfg = Debug|Any CPU
		{5D9F7267-68ED-4DE4-99D8-354110F86FAD}.Debug|x86.Build.0 = Debug|Any CPU
		{5D9F7267-68ED-4DE4-99D8-354110F86FAD}.Release|Any CPU.ActiveCfg = Release|Any CPU
		{5D9F7267-68ED-4DE4-99D8-354110F86FAD}.Release|Any CPU.Build.0 = Release|Any CPU
		{5D9F7267-68ED-4DE4-99D8-354110F86FAD}.Release|ARM.ActiveCfg = Release|Any CPU
		{5D9F7267-68ED-4DE4-99D8-354110F86FAD}.Release|ARM.Build.0 = Release|Any CPU
		{5D9F7267-68ED-4DE4-99D8-354110F86FAD}.Release|iPhone.ActiveCfg = Release|Any CPU
		{5D9F7267-68ED-4DE4-99D8-354110F86FAD}.Release|iPhone.Build.0 = Release|Any CPU
		{5D9F7267-68ED-4DE4-99D8-354110F86FAD}.Release|iPhoneSimulator.ActiveCfg = Release|Any CPU
		{5D9F7267-68ED-4DE4-99D8-354110F86FAD}.Release|iPhoneSimulator.Build.0 = Release|Any CPU
		{5D9F7267-68ED-4DE4-99D8-354110F86FAD}.Release|x64.ActiveCfg = Release|Any CPU
		{5D9F7267-68ED-4DE4-99D8-354110F86FAD}.Release|x64.Build.0 = Release|Any CPU
		{5D9F7267-68ED-4DE4-99D8-354110F86FAD}.Release|x86.ActiveCfg = Release|Any CPU
		{5D9F7267-68ED-4DE4-99D8-354110F86FAD}.Release|x86.Build.0 = Release|Any CPU
	EndGlobalSection
	GlobalSection(SolutionProperties) = preSolution
		HideSolutionNode = FALSE
	EndGlobalSection
	GlobalSection(ExtensibilityGlobals) = postSolution
		SolutionGuid = {135D86AF-4EC4-4AA0-BD06-75C410F3EA08}
	EndGlobalSection
EndGlobal
