
Microsoft Visual Studio Solution File, Format Version 12.00
# Visual Studio Version 16
VisualStudioVersion = 16.0.31129.286
MinimumVisualStudioVersion = 10.0.40219.1
Project("{9A19103F-16F7-4668-BE54-9A1E7A4F7556}") = "Docs", "docs\Docs.csproj", "{9A10CBCF-DC27-47E0-B9AE-3582E79765E3}"
EndProject
Project("{2150E333-8FDC-42A3-9474-1A3956D46DE8}") = "Solution Items", "Solution Items", "{331434F9-5C7F-4267-8373-B8F7C8974AE6}"
	ProjectSection(SolutionItems) = preProject
		build.ps1 = build.ps1
		build.sh = build.sh
		.github\workflows\build.yml = .github\workflows\build.yml
		src\Directory.build.props = src\Directory.build.props
		Packages.props = Packages.props
		readme.md = readme.md
	EndProjectSection
EndProject
Project("{9A19103F-16F7-4668-BE54-9A1E7A4F7556}") = "ShinyBuild", "build\ShinyBuild.csproj", "{13CA0B56-5AE3-401F-A978-ADCE1DE4099E}"
EndProject
Global
	GlobalSection(SolutionConfigurationPlatforms) = preSolution
		Debug|Any CPU = Debug|Any CPU
		Release|Any CPU = Release|Any CPU
	EndGlobalSection
	GlobalSection(ProjectConfigurationPlatforms) = postSolution
		{9A10CBCF-DC27-47E0-B9AE-3582E79765E3}.Debug|Any CPU.ActiveCfg = Debug|Any CPU
		{9A10CBCF-DC27-47E0-B9AE-3582E79765E3}.Debug|Any CPU.Build.0 = Debug|Any CPU
		{9A10CBCF-DC27-47E0-B9AE-3582E79765E3}.Release|Any CPU.ActiveCfg = Release|Any CPU
		{9A10CBCF-DC27-47E0-B9AE-3582E79765E3}.Release|Any CPU.Build.0 = Release|Any CPU
		{13CA0B56-5AE3-401F-A978-ADCE1DE4099E}.Debug|Any CPU.ActiveCfg = Debug|Any CPU
		{13CA0B56-5AE3-401F-A978-ADCE1DE4099E}.Debug|Any CPU.Build.0 = Debug|Any CPU
		{13CA0B56-5AE3-401F-A978-ADCE1DE4099E}.Release|Any CPU.ActiveCfg = Release|Any CPU
		{13CA0B56-5AE3-401F-A978-ADCE1DE4099E}.Release|Any CPU.Build.0 = Release|Any CPU
	EndGlobalSection
	GlobalSection(SolutionProperties) = preSolution
		HideSolutionNode = FALSE
	EndGlobalSection
	GlobalSection(ExtensibilityGlobals) = postSolution
		SolutionGuid = {632F8338-81D3-4088-985A-BFF3C6433337}
	EndGlobalSection
EndGlobal
