<Solution>
    <Folder Name="/Solution Items/">
        <File Path=".editorconfig" />
        <File Path=".github\CODE_OF_CONDUCT.md" />
        <File Path=".github\FUNDING.yml" />
        <File Path=".github\ISSUE_TEMPLATE\bug_report.yml" />
        <File Path=".github\ISSUE_TEMPLATE\config.yml" />
        <File Path=".github\ISSUE_TEMPLATE\feature_request.yml" />
        <File Path=".github\PULL_REQUEST_TEMPLATE.md" />
        <File Path=".github\workflows\build.yml" />
        <File Path=".github\workflows\sync-skills.yml" />
        <File Path="Build.slnf" />
        <File Path="LICENSE.md" />
        <File Path="readme.md" />
        <File Path="nuget.config" />
        <File Path="Directory.build.props" />
        <File Path="Directory.build.targets" />
        <File Path="Directory.packages.props" />
        <File Path="nuget.png" />
        <File Path="nuget.txt" />
        <File Path="version.json" />
    </Folder>
    <Project Path="src\Shiny.BluetoothLE.Common\Shiny.BluetoothLE.Common.csproj" />
    <Project Path="src\Shiny.BluetoothLE.Hosting\Shiny.BluetoothLE.Hosting.csproj" />
    <Project Path="src\Shiny.BluetoothLE\Shiny.BluetoothLE.csproj" />
    <Project Path="src\Shiny.Core\Shiny.Core.csproj" />
    <Project Path="src\Shiny.Extensions.Configuration\Shiny.Extensions.Configuration.csproj" />
    <Project Path="src\Shiny.Hosting.Maui\Shiny.Hosting.Maui.csproj" />
    <Project Path="src\Shiny.Hosting.Native\Shiny.Hosting.Native.csproj" />
    <Project Path="src\Shiny.Jobs\Shiny.Jobs.csproj" />
    <Project Path="src\Shiny.Locations\Shiny.Locations.csproj" />
    <Project Path="src\Shiny.Net.Http\Shiny.Net.Http.csproj" />
    <Project Path="src\Shiny.Notifications\Shiny.Notifications.csproj" />
    <Project Path="src\Shiny.Push.AzureNotificationHubs\Shiny.Push.AzureNotificationHubs.csproj" />
    <Project Path="src\Shiny.Push\Shiny.Push.csproj" />
    <Project Path="src\Shiny.Support.DeviceMonitoring\Shiny.Support.DeviceMonitoring.csproj" />
    <Project Path="src\Shiny.Support.Locations\Shiny.Support.Locations.csproj" />
    <Project Path="src\Shiny.Support.Repositories\Shiny.Support.Repositories.csproj" />
    <Folder Name="/Blazor/">
        <Project Path="samples\Sample.Blazor\Sample.Blazor.csproj" />
        <Project Path="src/Shiny.Jobs.Blazor/Shiny.Jobs.Blazor.csproj" />
        <Project Path="src/Shiny.Push.Blazor/Shiny.Push.Blazor.csproj" />
        <Project Path="src/Shiny.Support.DeviceMonitoring.Blazor/Shiny.Support.DeviceMonitoring.Blazor.csproj" />
        <Project Path="src/Shiny.Support.Storage.Blazor/Shiny.Support.Storage.Blazor.csproj" />
        <Project Path="src\Shiny.BluetoothLE.Blazor\Shiny.BluetoothLE.Blazor.csproj" />
        <Project Path="src/Shiny.Locations.Blazor/Shiny.Locations.Blazor.csproj" />
    </Folder>
    <Folder Name="/Linux/">
        <Project Path="samples\Sample.Linux\Sample.Linux.csproj" />
        <Project Path="src\Shiny.BluetoothLE.Linux\Shiny.BluetoothLE.Linux.csproj" />
        <Project Path="src\Shiny.BluetoothLE.Hosting.Linux\Shiny.BluetoothLE.Hosting.Linux.csproj" />
        <Project Path="src\Shiny.Support.DeviceMonitoring.Linux\Shiny.Support.DeviceMonitoring.Linux.csproj" />
        <Project Path="src\Shiny.Notifications.Linux\Shiny.Notifications.Linux.csproj" />
    </Folder>
    <Folder Name="/Samples/">
        <Project Path="samples\Sample.Maui\Sample.Maui.csproj" />
        <Project Path="samples\Sample.MacOS\Sample.MacOS.csproj" />
    </Folder>
</Solution>