
Microsoft Visual Studio Solution File, Format Version 12.00
# Visual Studio Version 17
VisualStudioVersion = 17.0.31815.197
MinimumVisualStudioVersion = 10.0.40219.1
Project("{2150E333-8FDC-42A3-9474-1A3956D46DE8}") = "Solution Items", "Solution Items", "{482108EE-8D47-4693-80B4-B609B536491B}"
	ProjectSection(SolutionItems) = preProject
		.editorconfig = .editorconfig
		Build.slnf = Build.slnf
		.github\workflows\build.yml = .github\workflows\build.yml
		LICENSE.md = LICENSE.md
		readme.md = readme.md
		nuget.config = nuget.config
	EndProjectSection
EndProject
Project("{2150E333-8FDC-42A3-9474-1A3956D46DE8}") = "samples", "samples", "{7C114E37-36C8-4971-91C6-E2557DDCB4E8}"
	ProjectSection(SolutionItems) = preProject
		samples\readme.md = samples\readme.md
		samples\Directory.build.props = samples\Directory.build.props
	EndProjectSection
EndProject
Project("{2150E333-8FDC-42A3-9474-1A3956D46DE8}") = "libs", "libs", "{6374E4D9-1BD8-4880-B603-AFDEA8345D7E}"
	ProjectSection(SolutionItems) = preProject
		src\Directory.build.props = src\Directory.build.props
		src\Directory.build.targets = src\Directory.build.targets
		src\nuget.png = src\nuget.png
		src\nuget.txt = src\nuget.txt
		version.json = version.json
	EndProjectSection
EndProject
Project("{2150E333-8FDC-42A3-9474-1A3956D46DE8}") = "build", "build", "{3A15354E-BAD2-4195-BE6B-49ED2B4E56E6}"
	ProjectSection(SolutionItems) = preProject
		Build.slnf = Build.slnf
		.github\workflows\build.yml = .github\workflows\build.yml
	EndProjectSection
EndProject
Project("{2150E333-8FDC-42A3-9474-1A3956D46DE8}") = ".github", ".github", "{75481E6D-0D2C-4AFA-81AE-73A7756EA9C0}"
	ProjectSection(SolutionItems) = preProject
		.github\CODE_OF_CONDUCT.md = .github\CODE_OF_CONDUCT.md
		.github\CONTRIBUTING.md = .github\CONTRIBUTING.md
		.github\dependabot.yml = .github\dependabot.yml
		.github\FUNDING.yml = .github\FUNDING.yml
		.github\PULL_REQUEST_TEMPLATE.md = .github\PULL_REQUEST_TEMPLATE.md
	EndProjectSection
EndProject
Project("{2150E333-8FDC-42A3-9474-1A3956D46DE8}") = "issue templates", "issue templates", "{60275342-B149-46E0-B609-12F57FFB799E}"
	ProjectSection(SolutionItems) = preProject
		.github\ISSUE_TEMPLATE\bug_report.yml = .github\ISSUE_TEMPLATE\bug_report.yml
		.github\ISSUE_TEMPLATE\config.yml = .github\ISSUE_TEMPLATE\config.yml
		.github\ISSUE_TEMPLATE\feature_request.yml = .github\ISSUE_TEMPLATE\feature_request.yml
	EndProjectSection
EndProject
Project("{2150E333-8FDC-42A3-9474-1A3956D46DE8}") = "workflows", "workflows", "{7ABDA2A1-3B8C-456D-8347-9C03C1DACC73}"
	ProjectSection(SolutionItems) = preProject
		.github\workflows\build.yml = .github\workflows\build.yml
	EndProjectSection
EndProject
Project("{FAE04EC0-301F-11D3-BF4B-00C04F79EFBC}") = "Shiny.Core", "src\Shiny.Core\Shiny.Core.csproj", "{5CBF580C-B30C-4279-8E77-80D23AB2EF93}"
EndProject
Project("{9A19103F-16F7-4668-BE54-9A1E7A4F7556}") = "Shiny.BluetoothLE.Common", "src\Shiny.BluetoothLE.Common\Shiny.BluetoothLE.Common.csproj", "{D9128F4A-8A8D-4586-9DD7-22BD6221B03E}"
EndProject
Project("{9A19103F-16F7-4668-BE54-9A1E7A4F7556}") = "Shiny.BluetoothLE.Hosting", "src\Shiny.BluetoothLE.Hosting\Shiny.BluetoothLE.Hosting.csproj", "{BB14C96A-4248-491B-A1FE-8408CD64354E}"
EndProject
Project("{9A19103F-16F7-4668-BE54-9A1E7A4F7556}") = "Shiny.SpeechRecognition", "src\Shiny.SpeechRecognition\Shiny.SpeechRecognition.csproj", "{A75B0415-BA95-44EF-81B3-542484947E19}"
EndProject
Project("{9A19103F-16F7-4668-BE54-9A1E7A4F7556}") = "Shiny.Hosting.Maui", "src\Shiny.Hosting.Maui\Shiny.Hosting.Maui.csproj", "{069AE9CC-9793-4E3A-ACBE-4763325527D8}"
EndProject
Project("{9A19103F-16F7-4668-BE54-9A1E7A4F7556}") = "Shiny.BluetoothLE", "src\Shiny.BluetoothLE\Shiny.BluetoothLE.csproj", "{53833B4E-C3FD-4DEC-A8D6-6E8E17603A87}"
EndProject
Project("{9A19103F-16F7-4668-BE54-9A1E7A4F7556}") = "Shiny.Locations", "src\Shiny.Locations\Shiny.Locations.csproj", "{1601A59D-B2E0-4BCF-98BF-BE74FAA11C13}"
EndProject
Project("{FAE04EC0-301F-11D3-BF4B-00C04F79EFBC}") = "Shiny.Notifications", "src\Shiny.Notifications\Shiny.Notifications.csproj", "{8D6035EC-A59B-4531-998F-F5D955B057F6}"
EndProject
Project("{9A19103F-16F7-4668-BE54-9A1E7A4F7556}") = "Shiny.Beacons", "src\Shiny.Beacons\Shiny.Beacons.csproj", "{B0B23E85-0DAB-4723-9690-44EB14F6321D}"
EndProject
Project("{FAE04EC0-301F-11D3-BF4B-00C04F79EFBC}") = "Shiny.Jobs", "src\Shiny.Jobs\Shiny.Jobs.csproj", "{F3A15C34-EBBD-439E-9AFE-D78FF1FDBB60}"
EndProject
Project("{9A19103F-16F7-4668-BE54-9A1E7A4F7556}") = "Shiny.Extensions.Configuration", "src\Shiny.Extensions.Configuration\Shiny.Extensions.Configuration.csproj", "{61751BE5-2EA0-43CF-A271-8DE24E934080}"
EndProject
Project("{FAE04EC0-301F-11D3-BF4B-00C04F79EFBC}") = "Shiny.Push", "src\Shiny.Push\Shiny.Push.csproj", "{F80BF383-347B-492D-87D2-D566D80AFFC7}"
EndProject
Project("{9A19103F-16F7-4668-BE54-9A1E7A4F7556}") = "Shiny.Push.AzureNotificationHubs", "src\Shiny.Push.AzureNotificationHubs\Shiny.Push.AzureNotificationHubs.csproj", "{A4FAACE2-CE11-415C-8886-97A9A52FB35C}"
EndProject
Project("{FAE04EC0-301F-11D3-BF4B-00C04F79EFBC}") = "Shiny.Net.Http", "src\Shiny.Net.Http\Shiny.Net.Http.csproj", "{DA452A0B-08F8-4809-95F4-9CD583F30FEA}"
EndProject
Project("{9A19103F-16F7-4668-BE54-9A1E7A4F7556}") = "ShinyBuild", "build\ShinyBuild.csproj", "{452F676E-22B7-49A6-9603-D39689F0EAAD}"
EndProject
Project("{9A19103F-16F7-4668-BE54-9A1E7A4F7556}") = "Shiny.Support.Repositories", "src\Shiny.Support.Repositories\Shiny.Support.Repositories.csproj", "{47A57CFE-A1A8-407A-86FA-FA003D562C58}"
EndProject
Project("{FAE04EC0-301F-11D3-BF4B-00C04F79EFBC}") = "Shiny.Tests", "tests\Shiny.Tests\Shiny.Tests.csproj", "{B145321D-8E33-4A33-B5CF-37A162C0E261}"
EndProject
Project("{FAE04EC0-301F-11D3-BF4B-00C04F79EFBC}") = "Shiny.Hosting.Native", "src\Shiny.Hosting.Native\Shiny.Hosting.Native.csproj", "{2E4505D4-B9B3-4836-A0F8-37BA72025D3D}"
EndProject
Project("{FAE04EC0-301F-11D3-BF4B-00C04F79EFBC}") = "Shiny.Logging.Sqlite", "src\Shiny.Logging.Sqlite\Shiny.Logging.Sqlite.csproj", "{3A8077E2-E4BE-47FE-A08D-7ABFDE28961A}"
EndProject
Project("{FAE04EC0-301F-11D3-BF4B-00C04F79EFBC}") = "Shiny.Support.DeviceMonitoring", "src\Shiny.Support.DeviceMonitoring\Shiny.Support.DeviceMonitoring.csproj", "{2DB017C9-BB62-4FF5-8832-38B9DF0E847E}"
EndProject
Project("{FAE04EC0-301F-11D3-BF4B-00C04F79EFBC}") = "Shiny.Support.Locations", "src\Shiny.Support.Locations\Shiny.Support.Locations.csproj", "{9FE27436-643D-4EDF-AF4A-F0770CD0AEB3}"
EndProject
Project("{FAE04EC0-301F-11D3-BF4B-00C04F79EFBC}") = "Shiny.Push.FirebaseMessaging", "src\Shiny.Push.FirebaseMessaging\Shiny.Push.FirebaseMessaging.csproj", "{A7717BEB-CF3C-4CAB-8826-FD3848CCBE95}"
EndProject
Project("{FAE04EC0-301F-11D3-BF4B-00C04F79EFBC}") = "Sample.Api", "samples\Sample.Api\Sample.Api.csproj", "{6084D6FA-765E-4AE2-A29E-3FE9DFC4A5FC}"
EndProject
Project("{FAE04EC0-301F-11D3-BF4B-00C04F79EFBC}") = "Sample.Maui", "samples\Sample.Maui\Sample.Maui.csproj", "{88774A33-08F5-4AA1-A77C-A7ED2CFFDE51}"
EndProject
Project("{FAE04EC0-301F-11D3-BF4B-00C04F79EFBC}") = "Sample.Blazor", "samples\Sample.Blazor\Sample.Blazor.csproj", "{C21631E7-A789-4DF8-B83F-03D6A07B57B4}"
EndProject
Project("{FAE04EC0-301F-11D3-BF4B-00C04F79EFBC}") = "Shiny.SourceGenerators.Tests", "tests\Shiny.SourceGenerators.Tests\Shiny.SourceGenerators.Tests.csproj", "{4B31F220-D152-40A7-8D0F-2FABA7C3926C}"
EndProject
Project("{FAE04EC0-301F-11D3-BF4B-00C04F79EFBC}") = "Shiny.SourceGenerators", "src\Shiny.SourceGenerators\Shiny.SourceGenerators.csproj", "{A44BB6F8-283F-4FD7-9955-41B6B515AC98}"
EndProject
Global
	GlobalSection(SolutionConfigurationPlatforms) = preSolution
		Ad-Hoc|Any CPU = Ad-Hoc|Any CPU
		Ad-Hoc|ARM = Ad-Hoc|ARM
		Ad-Hoc|ARM64 = Ad-Hoc|ARM64
		Ad-Hoc|iPhone = Ad-Hoc|iPhone
		Ad-Hoc|iPhoneSimulator = Ad-Hoc|iPhoneSimulator
		Ad-Hoc|x64 = Ad-Hoc|x64
		Ad-Hoc|x86 = Ad-Hoc|x86
		AppStore|Any CPU = AppStore|Any CPU
		AppStore|ARM = AppStore|ARM
		AppStore|ARM64 = AppStore|ARM64
		AppStore|iPhone = AppStore|iPhone
		AppStore|iPhoneSimulator = AppStore|iPhoneSimulator
		AppStore|x64 = AppStore|x64
		AppStore|x86 = AppStore|x86
		Debug|Any CPU = Debug|Any CPU
		Debug|ARM = Debug|ARM
		Debug|ARM64 = Debug|ARM64
		Debug|iPhone = Debug|iPhone
		Debug|iPhoneSimulator = Debug|iPhoneSimulator
		Debug|x64 = Debug|x64
		Debug|x86 = Debug|x86
		Release|Any CPU = Release|Any CPU
		Release|ARM = Release|ARM
		Release|ARM64 = Release|ARM64
		Release|iPhone = Release|iPhone
		Release|iPhoneSimulator = Release|iPhoneSimulator
		Release|x64 = Release|x64
		Release|x86 = Release|x86
	EndGlobalSection
	GlobalSection(ProjectConfigurationPlatforms) = postSolution
		{5CBF580C-B30C-4279-8E77-80D23AB2EF93}.Debug|Any CPU.ActiveCfg = Debug|Any CPU
		{5CBF580C-B30C-4279-8E77-80D23AB2EF93}.Debug|Any CPU.Build.0 = Debug|Any CPU
		{5CBF580C-B30C-4279-8E77-80D23AB2EF93}.Release|Any CPU.ActiveCfg = Release|Any CPU
		{5CBF580C-B30C-4279-8E77-80D23AB2EF93}.Release|Any CPU.Build.0 = Release|Any CPU
		{D9128F4A-8A8D-4586-9DD7-22BD6221B03E}.Debug|Any CPU.ActiveCfg = Debug|Any CPU
		{D9128F4A-8A8D-4586-9DD7-22BD6221B03E}.Debug|Any CPU.Build.0 = Debug|Any CPU
		{D9128F4A-8A8D-4586-9DD7-22BD6221B03E}.Release|Any CPU.ActiveCfg = Release|Any CPU
		{D9128F4A-8A8D-4586-9DD7-22BD6221B03E}.Release|Any CPU.Build.0 = Release|Any CPU
		{BB14C96A-4248-491B-A1FE-8408CD64354E}.Debug|Any CPU.ActiveCfg = Debug|Any CPU
		{BB14C96A-4248-491B-A1FE-8408CD64354E}.Debug|Any CPU.Build.0 = Debug|Any CPU
		{BB14C96A-4248-491B-A1FE-8408CD64354E}.Release|Any CPU.ActiveCfg = Release|Any CPU
		{BB14C96A-4248-491B-A1FE-8408CD64354E}.Release|Any CPU.Build.0 = Release|Any CPU
		{A75B0415-BA95-44EF-81B3-542484947E19}.Debug|Any CPU.ActiveCfg = Debug|Any CPU
		{A75B0415-BA95-44EF-81B3-542484947E19}.Debug|Any CPU.Build.0 = Debug|Any CPU
		{A75B0415-BA95-44EF-81B3-542484947E19}.Release|Any CPU.ActiveCfg = Release|Any CPU
		{A75B0415-BA95-44EF-81B3-542484947E19}.Release|Any CPU.Build.0 = Release|Any CPU
		{069AE9CC-9793-4E3A-ACBE-4763325527D8}.Debug|Any CPU.ActiveCfg = Debug|Any CPU
		{069AE9CC-9793-4E3A-ACBE-4763325527D8}.Debug|Any CPU.Build.0 = Debug|Any CPU
		{069AE9CC-9793-4E3A-ACBE-4763325527D8}.Release|Any CPU.ActiveCfg = Release|Any CPU
		{069AE9CC-9793-4E3A-ACBE-4763325527D8}.Release|Any CPU.Build.0 = Release|Any CPU
		{53833B4E-C3FD-4DEC-A8D6-6E8E17603A87}.Debug|Any CPU.ActiveCfg = Debug|Any CPU
		{53833B4E-C3FD-4DEC-A8D6-6E8E17603A87}.Debug|Any CPU.Build.0 = Debug|Any CPU
		{53833B4E-C3FD-4DEC-A8D6-6E8E17603A87}.Release|Any CPU.ActiveCfg = Release|Any CPU
		{53833B4E-C3FD-4DEC-A8D6-6E8E17603A87}.Release|Any CPU.Build.0 = Release|Any CPU
		{1601A59D-B2E0-4BCF-98BF-BE74FAA11C13}.Debug|Any CPU.ActiveCfg = Debug|Any CPU
		{1601A59D-B2E0-4BCF-98BF-BE74FAA11C13}.Debug|Any CPU.Build.0 = Debug|Any CPU
		{1601A59D-B2E0-4BCF-98BF-BE74FAA11C13}.Release|Any CPU.ActiveCfg = Release|Any CPU
		{1601A59D-B2E0-4BCF-98BF-BE74FAA11C13}.Release|Any CPU.Build.0 = Release|Any CPU
		{8D6035EC-A59B-4531-998F-F5D955B057F6}.Debug|Any CPU.ActiveCfg = Debug|Any CPU
		{8D6035EC-A59B-4531-998F-F5D955B057F6}.Debug|Any CPU.Build.0 = Debug|Any CPU
		{8D6035EC-A59B-4531-998F-F5D955B057F6}.Release|Any CPU.ActiveCfg = Release|Any CPU
		{8D6035EC-A59B-4531-998F-F5D955B057F6}.Release|Any CPU.Build.0 = Release|Any CPU
		{B0B23E85-0DAB-4723-9690-44EB14F6321D}.Debug|Any CPU.ActiveCfg = Debug|Any CPU
		{B0B23E85-0DAB-4723-9690-44EB14F6321D}.Debug|Any CPU.Build.0 = Debug|Any CPU
		{B0B23E85-0DAB-4723-9690-44EB14F6321D}.Release|Any CPU.ActiveCfg = Release|Any CPU
		{B0B23E85-0DAB-4723-9690-44EB14F6321D}.Release|Any CPU.Build.0 = Release|Any CPU
		{F3A15C34-EBBD-439E-9AFE-D78FF1FDBB60}.Debug|Any CPU.ActiveCfg = Debug|Any CPU
		{F3A15C34-EBBD-439E-9AFE-D78FF1FDBB60}.Debug|Any CPU.Build.0 = Debug|Any CPU
		{F3A15C34-EBBD-439E-9AFE-D78FF1FDBB60}.Release|Any CPU.ActiveCfg = Release|Any CPU
		{F3A15C34-EBBD-439E-9AFE-D78FF1FDBB60}.Release|Any CPU.Build.0 = Release|Any CPU
		{61751BE5-2EA0-43CF-A271-8DE24E934080}.Debug|Any CPU.ActiveCfg = Debug|Any CPU
		{61751BE5-2EA0-43CF-A271-8DE24E934080}.Debug|Any CPU.Build.0 = Debug|Any CPU
		{61751BE5-2EA0-43CF-A271-8DE24E934080}.Release|Any CPU.ActiveCfg = Release|Any CPU
		{61751BE5-2EA0-43CF-A271-8DE24E934080}.Release|Any CPU.Build.0 = Release|Any CPU
		{F80BF383-347B-492D-87D2-D566D80AFFC7}.Debug|Any CPU.ActiveCfg = Debug|Any CPU
		{F80BF383-347B-492D-87D2-D566D80AFFC7}.Debug|Any CPU.Build.0 = Debug|Any CPU
		{F80BF383-347B-492D-87D2-D566D80AFFC7}.Release|Any CPU.ActiveCfg = Release|Any CPU
		{F80BF383-347B-492D-87D2-D566D80AFFC7}.Release|Any CPU.Build.0 = Release|Any CPU
		{A4FAACE2-CE11-415C-8886-97A9A52FB35C}.Debug|Any CPU.ActiveCfg = Debug|Any CPU
		{A4FAACE2-CE11-415C-8886-97A9A52FB35C}.Debug|Any CPU.Build.0 = Debug|Any CPU
		{A4FAACE2-CE11-415C-8886-97A9A52FB35C}.Release|Any CPU.ActiveCfg = Release|Any CPU
		{A4FAACE2-CE11-415C-8886-97A9A52FB35C}.Release|Any CPU.Build.0 = Release|Any CPU
		{DA452A0B-08F8-4809-95F4-9CD583F30FEA}.Debug|Any CPU.ActiveCfg = Debug|Any CPU
		{DA452A0B-08F8-4809-95F4-9CD583F30FEA}.Debug|Any CPU.Build.0 = Debug|Any CPU
		{DA452A0B-08F8-4809-95F4-9CD583F30FEA}.Release|Any CPU.ActiveCfg = Release|Any CPU
		{DA452A0B-08F8-4809-95F4-9CD583F30FEA}.Release|Any CPU.Build.0 = Release|Any CPU
		{452F676E-22B7-49A6-9603-D39689F0EAAD}.Debug|Any CPU.ActiveCfg = Debug|Any CPU
		{452F676E-22B7-49A6-9603-D39689F0EAAD}.Debug|Any CPU.Build.0 = Debug|Any CPU
		{452F676E-22B7-49A6-9603-D39689F0EAAD}.Release|Any CPU.ActiveCfg = Release|Any CPU
		{452F676E-22B7-49A6-9603-D39689F0EAAD}.Release|Any CPU.Build.0 = Release|Any CPU
		{47A57CFE-A1A8-407A-86FA-FA003D562C58}.Debug|Any CPU.ActiveCfg = Debug|Any CPU
		{47A57CFE-A1A8-407A-86FA-FA003D562C58}.Debug|Any CPU.Build.0 = Debug|Any CPU
		{47A57CFE-A1A8-407A-86FA-FA003D562C58}.Release|Any CPU.ActiveCfg = Release|Any CPU
		{47A57CFE-A1A8-407A-86FA-FA003D562C58}.Release|Any CPU.Build.0 = Release|Any CPU
		{B145321D-8E33-4A33-B5CF-37A162C0E261}.Debug|Any CPU.ActiveCfg = Debug|Any CPU
		{B145321D-8E33-4A33-B5CF-37A162C0E261}.Debug|Any CPU.Build.0 = Debug|Any CPU
		{B145321D-8E33-4A33-B5CF-37A162C0E261}.Debug|Any CPU.Deploy.0 = Debug|Any CPU
		{B145321D-8E33-4A33-B5CF-37A162C0E261}.Release|Any CPU.ActiveCfg = Release|Any CPU
		{B145321D-8E33-4A33-B5CF-37A162C0E261}.Release|Any CPU.Build.0 = Release|Any CPU
		{B145321D-8E33-4A33-B5CF-37A162C0E261}.Release|Any CPU.Deploy.0 = Release|Any CPU
		{2E4505D4-B9B3-4836-A0F8-37BA72025D3D}.Debug|Any CPU.ActiveCfg = Debug|Any CPU
		{2E4505D4-B9B3-4836-A0F8-37BA72025D3D}.Debug|Any CPU.Build.0 = Debug|Any CPU
		{2E4505D4-B9B3-4836-A0F8-37BA72025D3D}.Release|Any CPU.ActiveCfg = Release|Any CPU
		{2E4505D4-B9B3-4836-A0F8-37BA72025D3D}.Release|Any CPU.Build.0 = Release|Any CPU
		{3A8077E2-E4BE-47FE-A08D-7ABFDE28961A}.Debug|Any CPU.ActiveCfg = Debug|Any CPU
		{3A8077E2-E4BE-47FE-A08D-7ABFDE28961A}.Debug|Any CPU.Build.0 = Debug|Any CPU
		{3A8077E2-E4BE-47FE-A08D-7ABFDE28961A}.Release|Any CPU.ActiveCfg = Release|Any CPU
		{3A8077E2-E4BE-47FE-A08D-7ABFDE28961A}.Release|Any CPU.Build.0 = Release|Any CPU
		{2DB017C9-BB62-4FF5-8832-38B9DF0E847E}.Debug|Any CPU.ActiveCfg = Debug|Any CPU
		{2DB017C9-BB62-4FF5-8832-38B9DF0E847E}.Debug|Any CPU.Build.0 = Debug|Any CPU
		{2DB017C9-BB62-4FF5-8832-38B9DF0E847E}.Release|Any CPU.ActiveCfg = Release|Any CPU
		{2DB017C9-BB62-4FF5-8832-38B9DF0E847E}.Release|Any CPU.Build.0 = Release|Any CPU
		{9FE27436-643D-4EDF-AF4A-F0770CD0AEB3}.Debug|Any CPU.ActiveCfg = Debug|Any CPU
		{9FE27436-643D-4EDF-AF4A-F0770CD0AEB3}.Debug|Any CPU.Build.0 = Debug|Any CPU
		{9FE27436-643D-4EDF-AF4A-F0770CD0AEB3}.Release|Any CPU.ActiveCfg = Release|Any CPU
		{9FE27436-643D-4EDF-AF4A-F0770CD0AEB3}.Release|Any CPU.Build.0 = Release|Any CPU
		{A7717BEB-CF3C-4CAB-8826-FD3848CCBE95}.Debug|Any CPU.ActiveCfg = Debug|Any CPU
		{A7717BEB-CF3C-4CAB-8826-FD3848CCBE95}.Debug|Any CPU.Build.0 = Debug|Any CPU
		{A7717BEB-CF3C-4CAB-8826-FD3848CCBE95}.Release|Any CPU.ActiveCfg = Release|Any CPU
		{A7717BEB-CF3C-4CAB-8826-FD3848CCBE95}.Release|Any CPU.Build.0 = Release|Any CPU
		{6084D6FA-765E-4AE2-A29E-3FE9DFC4A5FC}.Debug|Any CPU.ActiveCfg = Debug|Any CPU
		{6084D6FA-765E-4AE2-A29E-3FE9DFC4A5FC}.Debug|Any CPU.Build.0 = Debug|Any CPU
		{6084D6FA-765E-4AE2-A29E-3FE9DFC4A5FC}.Release|Any CPU.ActiveCfg = Release|Any CPU
		{6084D6FA-765E-4AE2-A29E-3FE9DFC4A5FC}.Release|Any CPU.Build.0 = Release|Any CPU
		{88774A33-08F5-4AA1-A77C-A7ED2CFFDE51}.Debug|Any CPU.ActiveCfg = Debug|Any CPU
		{88774A33-08F5-4AA1-A77C-A7ED2CFFDE51}.Debug|Any CPU.Build.0 = Debug|Any CPU
		{88774A33-08F5-4AA1-A77C-A7ED2CFFDE51}.Debug|Any CPU.Deploy.0 = Debug|Any CPU
		{88774A33-08F5-4AA1-A77C-A7ED2CFFDE51}.Release|Any CPU.ActiveCfg = Release|Any CPU
		{88774A33-08F5-4AA1-A77C-A7ED2CFFDE51}.Release|Any CPU.Build.0 = Release|Any CPU
		{C21631E7-A789-4DF8-B83F-03D6A07B57B4}.Debug|Any CPU.ActiveCfg = Debug|Any CPU
		{C21631E7-A789-4DF8-B83F-03D6A07B57B4}.Debug|Any CPU.Build.0 = Debug|Any CPU
		{C21631E7-A789-4DF8-B83F-03D6A07B57B4}.Release|Any CPU.ActiveCfg = Release|Any CPU
		{C21631E7-A789-4DF8-B83F-03D6A07B57B4}.Release|Any CPU.Build.0 = Release|Any CPU
		{4B31F220-D152-40A7-8D0F-2FABA7C3926C}.Ad-Hoc|Any CPU.ActiveCfg = Debug|Any CPU
		{4B31F220-D152-40A7-8D0F-2FABA7C3926C}.Ad-Hoc|Any CPU.Build.0 = Debug|Any CPU
		{4B31F220-D152-40A7-8D0F-2FABA7C3926C}.Ad-Hoc|ARM.ActiveCfg = Debug|Any CPU
		{4B31F220-D152-40A7-8D0F-2FABA7C3926C}.Ad-Hoc|ARM.Build.0 = Debug|Any CPU
		{4B31F220-D152-40A7-8D0F-2FABA7C3926C}.Ad-Hoc|ARM64.ActiveCfg = Debug|Any CPU
		{4B31F220-D152-40A7-8D0F-2FABA7C3926C}.Ad-Hoc|ARM64.Build.0 = Debug|Any CPU
		{4B31F220-D152-40A7-8D0F-2FABA7C3926C}.Ad-Hoc|iPhone.ActiveCfg = Debug|Any CPU
		{4B31F220-D152-40A7-8D0F-2FABA7C3926C}.Ad-Hoc|iPhone.Build.0 = Debug|Any CPU
		{4B31F220-D152-40A7-8D0F-2FABA7C3926C}.Ad-Hoc|iPhoneSimulator.ActiveCfg = Debug|Any CPU
		{4B31F220-D152-40A7-8D0F-2FABA7C3926C}.Ad-Hoc|iPhoneSimulator.Build.0 = Debug|Any CPU
		{4B31F220-D152-40A7-8D0F-2FABA7C3926C}.Ad-Hoc|x64.ActiveCfg = Debug|Any CPU
		{4B31F220-D152-40A7-8D0F-2FABA7C3926C}.Ad-Hoc|x64.Build.0 = Debug|Any CPU
		{4B31F220-D152-40A7-8D0F-2FABA7C3926C}.Ad-Hoc|x86.ActiveCfg = Debug|Any CPU
		{4B31F220-D152-40A7-8D0F-2FABA7C3926C}.Ad-Hoc|x86.Build.0 = Debug|Any CPU
		{4B31F220-D152-40A7-8D0F-2FABA7C3926C}.AppStore|Any CPU.ActiveCfg = Debug|Any CPU
		{4B31F220-D152-40A7-8D0F-2FABA7C3926C}.AppStore|Any CPU.Build.0 = Debug|Any CPU
		{4B31F220-D152-40A7-8D0F-2FABA7C3926C}.AppStore|ARM.ActiveCfg = Debug|Any CPU
		{4B31F220-D152-40A7-8D0F-2FABA7C3926C}.AppStore|ARM.Build.0 = Debug|Any CPU
		{4B31F220-D152-40A7-8D0F-2FABA7C3926C}.AppStore|ARM64.ActiveCfg = Debug|Any CPU
		{4B31F220-D152-40A7-8D0F-2FABA7C3926C}.AppStore|ARM64.Build.0 = Debug|Any CPU
		{4B31F220-D152-40A7-8D0F-2FABA7C3926C}.AppStore|iPhone.ActiveCfg = Debug|Any CPU
		{4B31F220-D152-40A7-8D0F-2FABA7C3926C}.AppStore|iPhone.Build.0 = Debug|Any CPU
		{4B31F220-D152-40A7-8D0F-2FABA7C3926C}.AppStore|iPhoneSimulator.ActiveCfg = Debug|Any CPU
		{4B31F220-D152-40A7-8D0F-2FABA7C3926C}.AppStore|iPhoneSimulator.Build.0 = Debug|Any CPU
		{4B31F220-D152-40A7-8D0F-2FABA7C3926C}.AppStore|x64.ActiveCfg = Debug|Any CPU
		{4B31F220-D152-40A7-8D0F-2FABA7C3926C}.AppStore|x64.Build.0 = Debug|Any CPU
		{4B31F220-D152-40A7-8D0F-2FABA7C3926C}.AppStore|x86.ActiveCfg = Debug|Any CPU
		{4B31F220-D152-40A7-8D0F-2FABA7C3926C}.AppStore|x86.Build.0 = Debug|Any CPU
		{4B31F220-D152-40A7-8D0F-2FABA7C3926C}.Debug|Any CPU.ActiveCfg = Debug|Any CPU
		{4B31F220-D152-40A7-8D0F-2FABA7C3926C}.Debug|Any CPU.Build.0 = Debug|Any CPU
		{4B31F220-D152-40A7-8D0F-2FABA7C3926C}.Debug|ARM.ActiveCfg = Debug|Any CPU
		{4B31F220-D152-40A7-8D0F-2FABA7C3926C}.Debug|ARM.Build.0 = Debug|Any CPU
		{4B31F220-D152-40A7-8D0F-2FABA7C3926C}.Debug|ARM64.ActiveCfg = Debug|Any CPU
		{4B31F220-D152-40A7-8D0F-2FABA7C3926C}.Debug|ARM64.Build.0 = Debug|Any CPU
		{4B31F220-D152-40A7-8D0F-2FABA7C3926C}.Debug|iPhone.ActiveCfg = Debug|Any CPU
		{4B31F220-D152-40A7-8D0F-2FABA7C3926C}.Debug|iPhone.Build.0 = Debug|Any CPU
		{4B31F220-D152-40A7-8D0F-2FABA7C3926C}.Debug|iPhoneSimulator.ActiveCfg = Debug|Any CPU
		{4B31F220-D152-40A7-8D0F-2FABA7C3926C}.Debug|iPhoneSimulator.Build.0 = Debug|Any CPU
		{4B31F220-D152-40A7-8D0F-2FABA7C3926C}.Debug|x64.ActiveCfg = Debug|Any CPU
		{4B31F220-D152-40A7-8D0F-2FABA7C3926C}.Debug|x64.Build.0 = Debug|Any CPU
		{4B31F220-D152-40A7-8D0F-2FABA7C3926C}.Debug|x86.ActiveCfg = Debug|Any CPU
		{4B31F220-D152-40A7-8D0F-2FABA7C3926C}.Debug|x86.Build.0 = Debug|Any CPU
		{4B31F220-D152-40A7-8D0F-2FABA7C3926C}.Release|Any CPU.ActiveCfg = Release|Any CPU
		{4B31F220-D152-40A7-8D0F-2FABA7C3926C}.Release|Any CPU.Build.0 = Release|Any CPU
		{4B31F220-D152-40A7-8D0F-2FABA7C3926C}.Release|ARM.ActiveCfg = Release|Any CPU
		{4B31F220-D152-40A7-8D0F-2FABA7C3926C}.Release|ARM.Build.0 = Release|Any CPU
		{4B31F220-D152-40A7-8D0F-2FABA7C3926C}.Release|ARM64.ActiveCfg = Release|Any CPU
		{4B31F220-D152-40A7-8D0F-2FABA7C3926C}.Release|ARM64.Build.0 = Release|Any CPU
		{4B31F220-D152-40A7-8D0F-2FABA7C3926C}.Release|iPhone.ActiveCfg = Release|Any CPU
		{4B31F220-D152-40A7-8D0F-2FABA7C3926C}.Release|iPhone.Build.0 = Release|Any CPU
		{4B31F220-D152-40A7-8D0F-2FABA7C3926C}.Release|iPhoneSimulator.ActiveCfg = Release|Any CPU
		{4B31F220-D152-40A7-8D0F-2FABA7C3926C}.Release|iPhoneSimulator.Build.0 = Release|Any CPU
		{4B31F220-D152-40A7-8D0F-2FABA7C3926C}.Release|x64.ActiveCfg = Release|Any CPU
		{4B31F220-D152-40A7-8D0F-2FABA7C3926C}.Release|x64.Build.0 = Release|Any CPU
		{4B31F220-D152-40A7-8D0F-2FABA7C3926C}.Release|x86.ActiveCfg = Release|Any CPU
		{4B31F220-D152-40A7-8D0F-2FABA7C3926C}.Release|x86.Build.0 = Release|Any CPU
		{A44BB6F8-283F-4FD7-9955-41B6B515AC98}.Ad-Hoc|Any CPU.ActiveCfg = Debug|Any CPU
		{A44BB6F8-283F-4FD7-9955-41B6B515AC98}.Ad-Hoc|Any CPU.Build.0 = Debug|Any CPU
		{A44BB6F8-283F-4FD7-9955-41B6B515AC98}.Ad-Hoc|ARM.ActiveCfg = Debug|Any CPU
		{A44BB6F8-283F-4FD7-9955-41B6B515AC98}.Ad-Hoc|ARM.Build.0 = Debug|Any CPU
		{A44BB6F8-283F-4FD7-9955-41B6B515AC98}.Ad-Hoc|ARM64.ActiveCfg = Debug|Any CPU
		{A44BB6F8-283F-4FD7-9955-41B6B515AC98}.Ad-Hoc|ARM64.Build.0 = Debug|Any CPU
		{A44BB6F8-283F-4FD7-9955-41B6B515AC98}.Ad-Hoc|iPhone.ActiveCfg = Debug|Any CPU
		{A44BB6F8-283F-4FD7-9955-41B6B515AC98}.Ad-Hoc|iPhone.Build.0 = Debug|Any CPU
		{A44BB6F8-283F-4FD7-9955-41B6B515AC98}.Ad-Hoc|iPhoneSimulator.ActiveCfg = Debug|Any CPU
		{A44BB6F8-283F-4FD7-9955-41B6B515AC98}.Ad-Hoc|iPhoneSimulator.Build.0 = Debug|Any CPU
		{A44BB6F8-283F-4FD7-9955-41B6B515AC98}.Ad-Hoc|x64.ActiveCfg = Debug|Any CPU
		{A44BB6F8-283F-4FD7-9955-41B6B515AC98}.Ad-Hoc|x64.Build.0 = Debug|Any CPU
		{A44BB6F8-283F-4FD7-9955-41B6B515AC98}.Ad-Hoc|x86.ActiveCfg = Debug|Any CPU
		{A44BB6F8-283F-4FD7-9955-41B6B515AC98}.Ad-Hoc|x86.Build.0 = Debug|Any CPU
		{A44BB6F8-283F-4FD7-9955-41B6B515AC98}.AppStore|Any CPU.ActiveCfg = Debug|Any CPU
		{A44BB6F8-283F-4FD7-9955-41B6B515AC98}.AppStore|Any CPU.Build.0 = Debug|Any CPU
		{A44BB6F8-283F-4FD7-9955-41B6B515AC98}.AppStore|ARM.ActiveCfg = Debug|Any CPU
		{A44BB6F8-283F-4FD7-9955-41B6B515AC98}.AppStore|ARM.Build.0 = Debug|Any CPU
		{A44BB6F8-283F-4FD7-9955-41B6B515AC98}.AppStore|ARM64.ActiveCfg = Debug|Any CPU
		{A44BB6F8-283F-4FD7-9955-41B6B515AC98}.AppStore|ARM64.Build.0 = Debug|Any CPU
		{A44BB6F8-283F-4FD7-9955-41B6B515AC98}.AppStore|iPhone.ActiveCfg = Debug|Any CPU
		{A44BB6F8-283F-4FD7-9955-41B6B515AC98}.AppStore|iPhone.Build.0 = Debug|Any CPU
		{A44BB6F8-283F-4FD7-9955-41B6B515AC98}.AppStore|iPhoneSimulator.ActiveCfg = Debug|Any CPU
		{A44BB6F8-283F-4FD7-9955-41B6B515AC98}.AppStore|iPhoneSimulator.Build.0 = Debug|Any CPU
		{A44BB6F8-283F-4FD7-9955-41B6B515AC98}.AppStore|x64.ActiveCfg = Debug|Any CPU
		{A44BB6F8-283F-4FD7-9955-41B6B515AC98}.AppStore|x64.Build.0 = Debug|Any CPU
		{A44BB6F8-283F-4FD7-9955-41B6B515AC98}.AppStore|x86.ActiveCfg = Debug|Any CPU
		{A44BB6F8-283F-4FD7-9955-41B6B515AC98}.AppStore|x86.Build.0 = Debug|Any CPU
		{A44BB6F8-283F-4FD7-9955-41B6B515AC98}.Debug|Any CPU.ActiveCfg = Debug|Any CPU
		{A44BB6F8-283F-4FD7-9955-41B6B515AC98}.Debug|Any CPU.Build.0 = Debug|Any CPU
		{A44BB6F8-283F-4FD7-9955-41B6B515AC98}.Debug|ARM.ActiveCfg = Debug|Any CPU
		{A44BB6F8-283F-4FD7-9955-41B6B515AC98}.Debug|ARM.Build.0 = Debug|Any CPU
		{A44BB6F8-283F-4FD7-9955-41B6B515AC98}.Debug|ARM64.ActiveCfg = Debug|Any CPU
		{A44BB6F8-283F-4FD7-9955-41B6B515AC98}.Debug|ARM64.Build.0 = Debug|Any CPU
		{A44BB6F8-283F-4FD7-9955-41B6B515AC98}.Debug|iPhone.ActiveCfg = Debug|Any CPU
		{A44BB6F8-283F-4FD7-9955-41B6B515AC98}.Debug|iPhone.Build.0 = Debug|Any CPU
		{A44BB6F8-283F-4FD7-9955-41B6B515AC98}.Debug|iPhoneSimulator.ActiveCfg = Debug|Any CPU
		{A44BB6F8-283F-4FD7-9955-41B6B515AC98}.Debug|iPhoneSimulator.Build.0 = Debug|Any CPU
		{A44BB6F8-283F-4FD7-9955-41B6B515AC98}.Debug|x64.ActiveCfg = Debug|Any CPU
		{A44BB6F8-283F-4FD7-9955-41B6B515AC98}.Debug|x64.Build.0 = Debug|Any CPU
		{A44BB6F8-283F-4FD7-9955-41B6B515AC98}.Debug|x86.ActiveCfg = Debug|Any CPU
		{A44BB6F8-283F-4FD7-9955-41B6B515AC98}.Debug|x86.Build.0 = Debug|Any CPU
		{A44BB6F8-283F-4FD7-9955-41B6B515AC98}.Release|Any CPU.ActiveCfg = Release|Any CPU
		{A44BB6F8-283F-4FD7-9955-41B6B515AC98}.Release|Any CPU.Build.0 = Release|Any CPU
		{A44BB6F8-283F-4FD7-9955-41B6B515AC98}.Release|ARM.ActiveCfg = Release|Any CPU
		{A44BB6F8-283F-4FD7-9955-41B6B515AC98}.Release|ARM.Build.0 = Release|Any CPU
		{A44BB6F8-283F-4FD7-9955-41B6B515AC98}.Release|ARM64.ActiveCfg = Release|Any CPU
		{A44BB6F8-283F-4FD7-9955-41B6B515AC98}.Release|ARM64.Build.0 = Release|Any CPU
		{A44BB6F8-283F-4FD7-9955-41B6B515AC98}.Release|iPhone.ActiveCfg = Release|Any CPU
		{A44BB6F8-283F-4FD7-9955-41B6B515AC98}.Release|iPhone.Build.0 = Release|Any CPU
		{A44BB6F8-283F-4FD7-9955-41B6B515AC98}.Release|iPhoneSimulator.ActiveCfg = Release|Any CPU
		{A44BB6F8-283F-4FD7-9955-41B6B515AC98}.Release|iPhoneSimulator.Build.0 = Release|Any CPU
		{A44BB6F8-283F-4FD7-9955-41B6B515AC98}.Release|x64.ActiveCfg = Release|Any CPU
		{A44BB6F8-283F-4FD7-9955-41B6B515AC98}.Release|x64.Build.0 = Release|Any CPU
		{A44BB6F8-283F-4FD7-9955-41B6B515AC98}.Release|x86.ActiveCfg = Release|Any CPU
		{A44BB6F8-283F-4FD7-9955-41B6B515AC98}.Release|x86.Build.0 = Release|Any CPU
	EndGlobalSection
	GlobalSection(SolutionProperties) = preSolution
		HideSolutionNode = FALSE
	EndGlobalSection
	GlobalSection(NestedProjects) = preSolution
		{60275342-B149-46E0-B609-12F57FFB799E} = {75481E6D-0D2C-4AFA-81AE-73A7756EA9C0}
		{7ABDA2A1-3B8C-456D-8347-9C03C1DACC73} = {75481E6D-0D2C-4AFA-81AE-73A7756EA9C0}
		{5CBF580C-B30C-4279-8E77-80D23AB2EF93} = {6374E4D9-1BD8-4880-B603-AFDEA8345D7E}
		{D9128F4A-8A8D-4586-9DD7-22BD6221B03E} = {6374E4D9-1BD8-4880-B603-AFDEA8345D7E}
		{BB14C96A-4248-491B-A1FE-8408CD64354E} = {6374E4D9-1BD8-4880-B603-AFDEA8345D7E}
		{A75B0415-BA95-44EF-81B3-542484947E19} = {6374E4D9-1BD8-4880-B603-AFDEA8345D7E}
		{069AE9CC-9793-4E3A-ACBE-4763325527D8} = {6374E4D9-1BD8-4880-B603-AFDEA8345D7E}
		{53833B4E-C3FD-4DEC-A8D6-6E8E17603A87} = {6374E4D9-1BD8-4880-B603-AFDEA8345D7E}
		{1601A59D-B2E0-4BCF-98BF-BE74FAA11C13} = {6374E4D9-1BD8-4880-B603-AFDEA8345D7E}
		{8D6035EC-A59B-4531-998F-F5D955B057F6} = {6374E4D9-1BD8-4880-B603-AFDEA8345D7E}
		{B0B23E85-0DAB-4723-9690-44EB14F6321D} = {6374E4D9-1BD8-4880-B603-AFDEA8345D7E}
		{F3A15C34-EBBD-439E-9AFE-D78FF1FDBB60} = {6374E4D9-1BD8-4880-B603-AFDEA8345D7E}
		{61751BE5-2EA0-43CF-A271-8DE24E934080} = {6374E4D9-1BD8-4880-B603-AFDEA8345D7E}
		{F80BF383-347B-492D-87D2-D566D80AFFC7} = {6374E4D9-1BD8-4880-B603-AFDEA8345D7E}
		{A4FAACE2-CE11-415C-8886-97A9A52FB35C} = {6374E4D9-1BD8-4880-B603-AFDEA8345D7E}
		{DA452A0B-08F8-4809-95F4-9CD583F30FEA} = {6374E4D9-1BD8-4880-B603-AFDEA8345D7E}
		{452F676E-22B7-49A6-9603-D39689F0EAAD} = {3A15354E-BAD2-4195-BE6B-49ED2B4E56E6}
		{47A57CFE-A1A8-407A-86FA-FA003D562C58} = {6374E4D9-1BD8-4880-B603-AFDEA8345D7E}
		{B145321D-8E33-4A33-B5CF-37A162C0E261} = {7C114E37-36C8-4971-91C6-E2557DDCB4E8}
		{2E4505D4-B9B3-4836-A0F8-37BA72025D3D} = {6374E4D9-1BD8-4880-B603-AFDEA8345D7E}
		{3A8077E2-E4BE-47FE-A08D-7ABFDE28961A} = {6374E4D9-1BD8-4880-B603-AFDEA8345D7E}
		{2DB017C9-BB62-4FF5-8832-38B9DF0E847E} = {6374E4D9-1BD8-4880-B603-AFDEA8345D7E}
		{9FE27436-643D-4EDF-AF4A-F0770CD0AEB3} = {6374E4D9-1BD8-4880-B603-AFDEA8345D7E}
		{A7717BEB-CF3C-4CAB-8826-FD3848CCBE95} = {6374E4D9-1BD8-4880-B603-AFDEA8345D7E}
		{6084D6FA-765E-4AE2-A29E-3FE9DFC4A5FC} = {7C114E37-36C8-4971-91C6-E2557DDCB4E8}
		{88774A33-08F5-4AA1-A77C-A7ED2CFFDE51} = {7C114E37-36C8-4971-91C6-E2557DDCB4E8}
		{C21631E7-A789-4DF8-B83F-03D6A07B57B4} = {7C114E37-36C8-4971-91C6-E2557DDCB4E8}
		{4B31F220-D152-40A7-8D0F-2FABA7C3926C} = {7C114E37-36C8-4971-91C6-E2557DDCB4E8}
		{A44BB6F8-283F-4FD7-9955-41B6B515AC98} = {6374E4D9-1BD8-4880-B603-AFDEA8345D7E}
	EndGlobalSection
	GlobalSection(ExtensibilityGlobals) = postSolution
		SolutionGuid = {135D86AF-4EC4-4AA0-BD06-75C410F3EA08}
	EndGlobalSection
	GlobalSection(MonoDevelopProperties) = preSolution
		Policies = $0
		$0.TextStylePolicy = $1
		$1.inheritsSet = null
		$1.scope = text/x-vs
	EndGlobalSection
EndGlobal
