<Solution>
    <Folder Name="/MAUISamples/">
        <Project Path="samples/Sample.Shared.Maui/Sample.Shared.Maui.csproj" />
        <Project Path="samples\Sample.Linux\Sample.Linux.csproj" />
        <Project Path="samples\Sample.MacOS\Sample.MacOS.csproj" />
        <Project Path="samples\Sample.Maui\Sample.Maui.csproj" />
    </Folder>
    <Folder Name="/ServerSamples/">
        <Project Path="samples/Sample.Api/Sample.Api.csproj" />
    </Folder>
    <Folder Name="/tests/">
        <Project Path="tests/Shiny.Tests/Shiny.Tests.csproj" />
        <Project Path="tests/Shiny.Data.Sync.Tests/Shiny.Data.Sync.Tests.csproj" />
        <Project Path="tests/Shiny.Net.Http.Tests/Shiny.Net.Http.Tests.csproj" />
        <Project Path="tests/Shiny.Net.Discovery.Tests/Shiny.Net.Discovery.Tests.csproj" />
        <Project Path="tests/Shiny.Locations.Tests/Shiny.Locations.Tests.csproj" />
        <Project Path="tests/Shiny.Notifications.Tests/Shiny.Notifications.Tests.csproj" />
        <Project Path="tests/Shiny.Jobs.Tests/Shiny.Jobs.Tests.csproj" />
        <Project Path="tests/Shiny.BluetoothLE.Common.Tests/Shiny.BluetoothLE.Common.Tests.csproj" />
    </Folder>
    <Folder Name="/.Solution/">
        <File Path=".editorconfig" />
        <File Path=".github\CODE_OF_CONDUCT.md" />
        <File Path=".github\FUNDING.yml" />
        <File Path=".github\ISSUE_TEMPLATE\bug_report.yml" />
        <File Path=".github\ISSUE_TEMPLATE\config.yml" />
        <File Path=".github\ISSUE_TEMPLATE\feature_request.yml" />
        <File Path=".github\PULL_REQUEST_TEMPLATE.md" />
        <File Path=".github\workflows\build.yml" />
        <File Path=".github\workflows\sync-skills.yml" />
        <File Path="Build.slnf" />
        <File Path="LICENSE.md" />
        <File Path="readme.md" />
        <File Path="nuget.config" />
        <File Path="Directory.build.props" />
        <File Path="Directory.build.targets" />
        <File Path="Directory.packages.props" />
        <File Path="nuget.png" />
        <File Path="nuget.txt" />
        <File Path="version.json" />
    </Folder>
    <Project Path="src\Shiny.BluetoothLE.Common\Shiny.BluetoothLE.Common.csproj" />
    <Project Path="src\Shiny.BluetoothLE.Hosting\Shiny.BluetoothLE.Hosting.csproj" />
    <Project Path="src\Shiny.BluetoothLE\Shiny.BluetoothLE.csproj" />
    <Project Path="src\Shiny.Contacts\Shiny.Contacts.csproj" />
    <Project Path="src\Shiny.Contacts.Extensions.AI\Shiny.Contacts.Extensions.AI.csproj" />
    <Project Path="src\Shiny.Calendar\Shiny.Calendar.csproj" />
    <Project Path="src\Shiny.Calendar.Extensions.AI\Shiny.Calendar.Extensions.AI.csproj" />
    <Project Path="tests\Shiny.Calendar.Tests\Shiny.Calendar.Tests.csproj" />
    <Project Path="src\Shiny.Core\Shiny.Core.csproj" />
    <Project Path="src\Shiny.Data.Sync\Shiny.Data.Sync.csproj" />
    <Project Path="src\Shiny.Extensions.Configuration\Shiny.Extensions.Configuration.csproj" />
    <Project Path="src\Shiny.Hosting.Maui\Shiny.Hosting.Maui.csproj" />
    <Project Path="src\Shiny.Hosting.Native\Shiny.Hosting.Native.csproj" />
    <Project Path="src\Shiny.Jobs\Shiny.Jobs.csproj" />
    <Project Path="src\Shiny.Locations\Shiny.Locations.csproj" />
    <Project Path="src\Shiny.Locations.Extensions.AI\Shiny.Locations.Extensions.AI.csproj" />
    <Project Path="src\Shiny.Net.Http\Shiny.Net.Http.csproj" />
    <Project Path="src\Shiny.Net.Discovery\Shiny.Net.Discovery.csproj" />
    <Project Path="src\Shiny.Notifications\Shiny.Notifications.csproj" />
    <Project Path="src\Shiny.Notifications.Extensions.AI\Shiny.Notifications.Extensions.AI.csproj" />
    <Project Path="src\Shiny.Push.AzureNotificationHubs\Shiny.Push.AzureNotificationHubs.csproj" />
    <Project Path="src\Shiny.Push\Shiny.Push.csproj" />
    <Folder Name="/Blazor/">
        <Project Path="samples\Sample.Blazor\Sample.Blazor.csproj" />
        <Project Path="src/Shiny.Push.Blazor/Shiny.Push.Blazor.csproj" />
        <Project Path="src/Shiny.Core.Blazor/Shiny.Core.Blazor.csproj" />
        <Project Path="src\Shiny.BluetoothLE.Blazor\Shiny.BluetoothLE.Blazor.csproj" />
        <Project Path="src/Shiny.Locations.Blazor/Shiny.Locations.Blazor.csproj" />
        <Project Path="src/Shiny.Net.Http.Blazor/Shiny.Net.Http.Blazor.csproj" />
        <Project Path="src/Shiny.Data.Sync.Blazor/Shiny.Data.Sync.Blazor.csproj" />
    </Folder>
    <Folder Name="/Linux/">
        <Project Path="src\Shiny.BluetoothLE.Linux\Shiny.BluetoothLE.Linux.csproj" />
        <Project Path="src\Shiny.BluetoothLE.Hosting.Linux\Shiny.BluetoothLE.Hosting.Linux.csproj" />
        <Project Path="src\Shiny.Core.Linux\Shiny.Core.Linux.csproj" />
        <Project Path="src\Shiny.Notifications.Linux\Shiny.Notifications.Linux.csproj" />
    </Folder>
</Solution>