
Microsoft Visual Studio Solution File, Format Version 12.00
# Visual Studio Version 16
VisualStudioVersion = 16.0.28621.142
MinimumVisualStudioVersion = 10.0.40219.1
Project("{FAE04EC0-301F-11D3-BF4B-00C04F79EFBC}") = "Samples.Android", "Samples\Samples.Android\Samples.Android.csproj", "{E780B778-C40F-4993-A62F-277486480A67}"
EndProject
Project("{FAE04EC0-301F-11D3-BF4B-00C04F79EFBC}") = "Samples.iOS", "Samples\Samples.iOS\Samples.iOS.csproj", "{227E1B5E-7678-4492-B100-B069186494E5}"
EndProject
Project("{FAE04EC0-301F-11D3-BF4B-00C04F79EFBC}") = "Samples.UWP", "Samples\Samples.UWP\Samples.UWP.csproj", "{4718D281-A453-42A7-9381-0FD48DB8D801}"
EndProject
Project("{9A19103F-16F7-4668-BE54-9A1E7A4F7556}") = "Samples", "Samples\Samples\Samples.csproj", "{EC97E42A-5A7E-45C8-8BD7-A8B76FAE8918}"
EndProject
Project("{2150E333-8FDC-42A3-9474-1A3956D46DE8}") = "sample", "sample", "{1C926612-E1EB-4041-8D28-ED33CE28A57E}"
EndProject
Project("{FAE04EC0-301F-11D3-BF4B-00C04F79EFBC}") = "Shiny.Device.Tests.Android", "Tests\Shiny.Device.Tests.Android\Shiny.Device.Tests.Android.csproj", "{692F40B4-FE18-4C0B-85A7-DE8CFAFB7DCD}"
EndProject
Project("{FAE04EC0-301F-11D3-BF4B-00C04F79EFBC}") = "Shiny.Device.Tests.iOS", "Tests\Shiny.Device.Tests.iOS\Shiny.Device.Tests.iOS.csproj", "{559DAB2C-8BD6-41DB-B77E-C446353100FB}"
EndProject
Project("{FAE04EC0-301F-11D3-BF4B-00C04F79EFBC}") = "Shiny.Device.Tests.UWP", "Tests\Shiny.Device.Tests.UWP\Shiny.Device.Tests.UWP.csproj", "{7F310F01-48C4-4553-9B67-03D4F614AD31}"
EndProject
Project("{9A19103F-16F7-4668-BE54-9A1E7A4F7556}") = "Shiny.Tests", "Tests\Shiny.Tests\Shiny.Tests.csproj", "{CA72E2AD-0DB7-4A6F-9EB8-E29E0FA86D8C}"
EndProject
Project("{2150E333-8FDC-42A3-9474-1A3956D46DE8}") = "Solution Items", "Solution Items", "{482108EE-8D47-4693-80B4-B609B536491B}"
	ProjectSection(SolutionItems) = preProject
		.editorconfig = .editorconfig
		azure-pipelines.yml = azure-pipelines.yml
		bean_testhost.ino = bean_testhost.ino
		CODE_OF_CONDUCT.md = CODE_OF_CONDUCT.md
		CONTRIBUTING.md = CONTRIBUTING.md
		src\Directory.build.props = src\Directory.build.props
		ISSUE_TEMPLATE.md = ISSUE_TEMPLATE.md
		LICENSE.md = LICENSE.md
		readme.md = readme.md
		support.xlsx = support.xlsx
	EndProjectSection
EndProject
Project("{9A19103F-16F7-4668-BE54-9A1E7A4F7556}") = "Shiny.Core", "src\Shiny.Core\Shiny.Core.csproj", "{84C6A1B8-0A57-4C6F-8738-3D3C03CE6F55}"
EndProject
Project("{9A19103F-16F7-4668-BE54-9A1E7A4F7556}") = "Shiny.BluetoothLE", "src\Shiny.BluetoothLE\Shiny.BluetoothLE.csproj", "{007465D6-5714-4E7E-929D-6F01D04E43B6}"
EndProject
Project("{9A19103F-16F7-4668-BE54-9A1E7A4F7556}") = "Shiny.Locations", "src\Shiny.Locations\Shiny.Locations.csproj", "{5A0DD7A1-E497-4051-84B0-2E16B015E012}"
EndProject
Project("{9A19103F-16F7-4668-BE54-9A1E7A4F7556}") = "Shiny.Sensors", "src\Shiny.Sensors\Shiny.Sensors.csproj", "{BE287E27-B7BC-44F5-8E0D-2F1A6E016D47}"
EndProject
Project("{9A19103F-16F7-4668-BE54-9A1E7A4F7556}") = "Shiny.Notifications", "src\Shiny.Notifications\Shiny.Notifications.csproj", "{E76DB2CB-7A95-40B0-9A50-230320554B6B}"
EndProject
Project("{9A19103F-16F7-4668-BE54-9A1E7A4F7556}") = "Shiny.SpeechRecognition", "src\Shiny.SpeechRecognition\Shiny.SpeechRecognition.csproj", "{34905983-1F79-4B74-9BB0-D1DC7D24B8BF}"
EndProject
Project("{2150E333-8FDC-42A3-9474-1A3956D46DE8}") = "tests", "tests", "{5AD1B5E1-D8B5-476B-A1F8-8D8D1CCBA57D}"
EndProject
Project("{9A19103F-16F7-4668-BE54-9A1E7A4F7556}") = "Shiny.Beacons", "src\Shiny.Beacons\Shiny.Beacons.csproj", "{B2E9F094-425F-4899-A979-338C940A917B}"
EndProject
Project("{9A19103F-16F7-4668-BE54-9A1E7A4F7556}") = "Shiny.Net.Http", "src\Shiny.Net.Http\Shiny.Net.Http.csproj", "{22AD683C-25C2-45C9-8FD0-74E9A43628FB}"
EndProject
Project("{D954291E-2A0B-460D-934E-DC6B0785DB48}") = "Shiny.Device.Tests.Shared", "Tests\Shiny.Device.Tests.Shared\Shiny.Device.Tests.Shared.shproj", "{923D64D4-5804-4621-8C17-A683D341BF07}"
EndProject
Project("{2150E333-8FDC-42A3-9474-1A3956D46DE8}") = ".github", ".github", "{1DC43C21-5765-4B46-95F9-CDECB851DF94}"
	ProjectSection(SolutionItems) = preProject
		.github\issue-close-app.yml = .github\issue-close-app.yml
		.github\noresponse.yml = .github\noresponse.yml
		.github\stale.yml = .github\stale.yml
		.github\support.yaml = .github\support.yaml
	EndProjectSection
EndProject
Project("{9A19103F-16F7-4668-BE54-9A1E7A4F7556}") = "Shiny.Testing", "src\Shiny.Testing\Shiny.Testing.csproj", "{204B1F42-0D9C-4349-87C5-34148E3D170A}"
EndProject
Global
	GlobalSection(SharedMSBuildProjectFiles) = preSolution
		Tests\Shiny.Device.Tests.Shared\Shiny.Device.Tests.Shared.projitems*{559dab2c-8bd6-41db-b77e-c446353100fb}*SharedItemsImports = 4
		Tests\Shiny.Device.Tests.Shared\Shiny.Device.Tests.Shared.projitems*{692f40b4-fe18-4c0b-85a7-de8cfafb7dcd}*SharedItemsImports = 4
		Tests\Shiny.Device.Tests.Shared\Shiny.Device.Tests.Shared.projitems*{7f310f01-48c4-4553-9b67-03d4f614ad31}*SharedItemsImports = 4
		Tests\Shiny.Device.Tests.Shared\Shiny.Device.Tests.Shared.projitems*{923d64d4-5804-4621-8c17-a683d341bf07}*SharedItemsImports = 13
	EndGlobalSection
	GlobalSection(SolutionConfigurationPlatforms) = preSolution
		Ad-Hoc|Any CPU = Ad-Hoc|Any CPU
		Ad-Hoc|ARM = Ad-Hoc|ARM
		Ad-Hoc|iPhone = Ad-Hoc|iPhone
		Ad-Hoc|iPhoneSimulator = Ad-Hoc|iPhoneSimulator
		Ad-Hoc|x64 = Ad-Hoc|x64
		Ad-Hoc|x86 = Ad-Hoc|x86
		AppStore|Any CPU = AppStore|Any CPU
		AppStore|ARM = AppStore|ARM
		AppStore|iPhone = AppStore|iPhone
		AppStore|iPhoneSimulator = AppStore|iPhoneSimulator
		AppStore|x64 = AppStore|x64
		AppStore|x86 = AppStore|x86
		Debug|Any CPU = Debug|Any CPU
		Debug|ARM = Debug|ARM
		Debug|iPhone = Debug|iPhone
		Debug|iPhoneSimulator = Debug|iPhoneSimulator
		Debug|x64 = Debug|x64
		Debug|x86 = Debug|x86
		Release|Any CPU = Release|Any CPU
		Release|ARM = Release|ARM
		Release|iPhone = Release|iPhone
		Release|iPhoneSimulator = Release|iPhoneSimulator
		Release|x64 = Release|x64
		Release|x86 = Release|x86
	EndGlobalSection
	GlobalSection(ProjectConfigurationPlatforms) = postSolution
		{E780B778-C40F-4993-A62F-277486480A67}.Ad-Hoc|Any CPU.ActiveCfg = Release|Any CPU
		{E780B778-C40F-4993-A62F-277486480A67}.Ad-Hoc|Any CPU.Build.0 = Release|Any CPU
		{E780B778-C40F-4993-A62F-277486480A67}.Ad-Hoc|Any CPU.Deploy.0 = Release|Any CPU
		{E780B778-C40F-4993-A62F-277486480A67}.Ad-Hoc|ARM.ActiveCfg = Release|Any CPU
		{E780B778-C40F-4993-A62F-277486480A67}.Ad-Hoc|ARM.Build.0 = Release|Any CPU
		{E780B778-C40F-4993-A62F-277486480A67}.Ad-Hoc|ARM.Deploy.0 = Release|Any CPU
		{E780B778-C40F-4993-A62F-277486480A67}.Ad-Hoc|iPhone.ActiveCfg = Release|Any CPU
		{E780B778-C40F-4993-A62F-277486480A67}.Ad-Hoc|iPhone.Build.0 = Release|Any CPU
		{E780B778-C40F-4993-A62F-277486480A67}.Ad-Hoc|iPhone.Deploy.0 = Release|Any CPU
		{E780B778-C40F-4993-A62F-277486480A67}.Ad-Hoc|iPhoneSimulator.ActiveCfg = Release|Any CPU
		{E780B778-C40F-4993-A62F-277486480A67}.Ad-Hoc|iPhoneSimulator.Build.0 = Release|Any CPU
		{E780B778-C40F-4993-A62F-277486480A67}.Ad-Hoc|iPhoneSimulator.Deploy.0 = Release|Any CPU
		{E780B778-C40F-4993-A62F-277486480A67}.Ad-Hoc|x64.ActiveCfg = Release|Any CPU
		{E780B778-C40F-4993-A62F-277486480A67}.Ad-Hoc|x64.Build.0 = Release|Any CPU
		{E780B778-C40F-4993-A62F-277486480A67}.Ad-Hoc|x64.Deploy.0 = Release|Any CPU
		{E780B778-C40F-4993-A62F-277486480A67}.Ad-Hoc|x86.ActiveCfg = Release|Any CPU
		{E780B778-C40F-4993-A62F-277486480A67}.Ad-Hoc|x86.Build.0 = Release|Any CPU
		{E780B778-C40F-4993-A62F-277486480A67}.Ad-Hoc|x86.Deploy.0 = Release|Any CPU
		{E780B778-C40F-4993-A62F-277486480A67}.AppStore|Any CPU.ActiveCfg = Release|Any CPU
		{E780B778-C40F-4993-A62F-277486480A67}.AppStore|Any CPU.Build.0 = Release|Any CPU
		{E780B778-C40F-4993-A62F-277486480A67}.AppStore|Any CPU.Deploy.0 = Release|Any CPU
		{E780B778-C40F-4993-A62F-277486480A67}.AppStore|ARM.ActiveCfg = Release|Any CPU
		{E780B778-C40F-4993-A62F-277486480A67}.AppStore|ARM.Build.0 = Release|Any CPU
		{E780B778-C40F-4993-A62F-277486480A67}.AppStore|ARM.Deploy.0 = Release|Any CPU
		{E780B778-C40F-4993-A62F-277486480A67}.AppStore|iPhone.ActiveCfg = Release|Any CPU
		{E780B778-C40F-4993-A62F-277486480A67}.AppStore|iPhone.Build.0 = Release|Any CPU
		{E780B778-C40F-4993-A62F-277486480A67}.AppStore|iPhone.Deploy.0 = Release|Any CPU
		{E780B778-C40F-4993-A62F-277486480A67}.AppStore|iPhoneSimulator.ActiveCfg = Release|Any CPU
		{E780B778-C40F-4993-A62F-277486480A67}.AppStore|iPhoneSimulator.Build.0 = Release|Any CPU
		{E780B778-C40F-4993-A62F-277486480A67}.AppStore|iPhoneSimulator.Deploy.0 = Release|Any CPU
		{E780B778-C40F-4993-A62F-277486480A67}.AppStore|x64.ActiveCfg = Release|Any CPU
		{E780B778-C40F-4993-A62F-277486480A67}.AppStore|x64.Build.0 = Release|Any CPU
		{E780B778-C40F-4993-A62F-277486480A67}.AppStore|x64.Deploy.0 = Release|Any CPU
		{E780B778-C40F-4993-A62F-277486480A67}.AppStore|x86.ActiveCfg = Release|Any CPU
		{E780B778-C40F-4993-A62F-277486480A67}.AppStore|x86.Build.0 = Release|Any CPU
		{E780B778-C40F-4993-A62F-277486480A67}.AppStore|x86.Deploy.0 = Release|Any CPU
		{E780B778-C40F-4993-A62F-277486480A67}.Debug|Any CPU.ActiveCfg = Debug|Any CPU
		{E780B778-C40F-4993-A62F-277486480A67}.Debug|Any CPU.Build.0 = Debug|Any CPU
		{E780B778-C40F-4993-A62F-277486480A67}.Debug|Any CPU.Deploy.0 = Debug|Any CPU
		{E780B778-C40F-4993-A62F-277486480A67}.Debug|ARM.ActiveCfg = Debug|Any CPU
		{E780B778-C40F-4993-A62F-277486480A67}.Debug|ARM.Build.0 = Debug|Any CPU
		{E780B778-C40F-4993-A62F-277486480A67}.Debug|ARM.Deploy.0 = Debug|Any CPU
		{E780B778-C40F-4993-A62F-277486480A67}.Debug|iPhone.ActiveCfg = Debug|Any CPU
		{E780B778-C40F-4993-A62F-277486480A67}.Debug|iPhone.Build.0 = Debug|Any CPU
		{E780B778-C40F-4993-A62F-277486480A67}.Debug|iPhone.Deploy.0 = Debug|Any CPU
		{E780B778-C40F-4993-A62F-277486480A67}.Debug|iPhoneSimulator.ActiveCfg = Debug|Any CPU
		{E780B778-C40F-4993-A62F-277486480A67}.Debug|iPhoneSimulator.Build.0 = Debug|Any CPU
		{E780B778-C40F-4993-A62F-277486480A67}.Debug|iPhoneSimulator.Deploy.0 = Debug|Any CPU
		{E780B778-C40F-4993-A62F-277486480A67}.Debug|x64.ActiveCfg = Debug|Any CPU
		{E780B778-C40F-4993-A62F-277486480A67}.Debug|x64.Build.0 = Debug|Any CPU
		{E780B778-C40F-4993-A62F-277486480A67}.Debug|x64.Deploy.0 = Debug|Any CPU
		{E780B778-C40F-4993-A62F-277486480A67}.Debug|x86.ActiveCfg = Debug|Any CPU
		{E780B778-C40F-4993-A62F-277486480A67}.Debug|x86.Build.0 = Debug|Any CPU
		{E780B778-C40F-4993-A62F-277486480A67}.Debug|x86.Deploy.0 = Debug|Any CPU
		{E780B778-C40F-4993-A62F-277486480A67}.Release|Any CPU.ActiveCfg = Release|Any CPU
		{E780B778-C40F-4993-A62F-277486480A67}.Release|Any CPU.Build.0 = Release|Any CPU
		{E780B778-C40F-4993-A62F-277486480A67}.Release|Any CPU.Deploy.0 = Release|Any CPU
		{E780B778-C40F-4993-A62F-277486480A67}.Release|ARM.ActiveCfg = Release|Any CPU
		{E780B778-C40F-4993-A62F-277486480A67}.Release|ARM.Build.0 = Release|Any CPU
		{E780B778-C40F-4993-A62F-277486480A67}.Release|ARM.Deploy.0 = Release|Any CPU
		{E780B778-C40F-4993-A62F-277486480A67}.Release|iPhone.ActiveCfg = Release|Any CPU
		{E780B778-C40F-4993-A62F-277486480A67}.Release|iPhone.Build.0 = Release|Any CPU
		{E780B778-C40F-4993-A62F-277486480A67}.Release|iPhone.Deploy.0 = Release|Any CPU
		{E780B778-C40F-4993-A62F-277486480A67}.Release|iPhoneSimulator.ActiveCfg = Release|Any CPU
		{E780B778-C40F-4993-A62F-277486480A67}.Release|iPhoneSimulator.Build.0 = Release|Any CPU
		{E780B778-C40F-4993-A62F-277486480A67}.Release|iPhoneSimulator.Deploy.0 = Release|Any CPU
		{E780B778-C40F-4993-A62F-277486480A67}.Release|x64.ActiveCfg = Release|Any CPU
		{E780B778-C40F-4993-A62F-277486480A67}.Release|x64.Build.0 = Release|Any CPU
		{E780B778-C40F-4993-A62F-277486480A67}.Release|x64.Deploy.0 = Release|Any CPU
		{E780B778-C40F-4993-A62F-277486480A67}.Release|x86.ActiveCfg = Release|Any CPU
		{E780B778-C40F-4993-A62F-277486480A67}.Release|x86.Build.0 = Release|Any CPU
		{E780B778-C40F-4993-A62F-277486480A67}.Release|x86.Deploy.0 = Release|Any CPU
		{227E1B5E-7678-4492-B100-B069186494E5}.Ad-Hoc|Any CPU.ActiveCfg = Ad-Hoc|iPhone
		{227E1B5E-7678-4492-B100-B069186494E5}.Ad-Hoc|ARM.ActiveCfg = Ad-Hoc|iPhone
		{227E1B5E-7678-4492-B100-B069186494E5}.Ad-Hoc|iPhone.ActiveCfg = Ad-Hoc|iPhone
		{227E1B5E-7678-4492-B100-B069186494E5}.Ad-Hoc|iPhone.Build.0 = Ad-Hoc|iPhone
		{227E1B5E-7678-4492-B100-B069186494E5}.Ad-Hoc|iPhoneSimulator.ActiveCfg = Ad-Hoc|iPhoneSimulator
		{227E1B5E-7678-4492-B100-B069186494E5}.Ad-Hoc|iPhoneSimulator.Build.0 = Ad-Hoc|iPhoneSimulator
		{227E1B5E-7678-4492-B100-B069186494E5}.Ad-Hoc|x64.ActiveCfg = Ad-Hoc|iPhone
		{227E1B5E-7678-4492-B100-B069186494E5}.Ad-Hoc|x86.ActiveCfg = Ad-Hoc|iPhone
		{227E1B5E-7678-4492-B100-B069186494E5}.AppStore|Any CPU.ActiveCfg = AppStore|iPhone
		{227E1B5E-7678-4492-B100-B069186494E5}.AppStore|ARM.ActiveCfg = AppStore|iPhone
		{227E1B5E-7678-4492-B100-B069186494E5}.AppStore|iPhone.ActiveCfg = AppStore|iPhone
		{227E1B5E-7678-4492-B100-B069186494E5}.AppStore|iPhone.Build.0 = AppStore|iPhone
		{227E1B5E-7678-4492-B100-B069186494E5}.AppStore|iPhoneSimulator.ActiveCfg = AppStore|iPhoneSimulator
		{227E1B5E-7678-4492-B100-B069186494E5}.AppStore|iPhoneSimulator.Build.0 = AppStore|iPhoneSimulator
		{227E1B5E-7678-4492-B100-B069186494E5}.AppStore|x64.ActiveCfg = AppStore|iPhone
		{227E1B5E-7678-4492-B100-B069186494E5}.AppStore|x86.ActiveCfg = AppStore|iPhone
		{227E1B5E-7678-4492-B100-B069186494E5}.Debug|Any CPU.ActiveCfg = Debug|iPhone
		{227E1B5E-7678-4492-B100-B069186494E5}.Debug|Any CPU.Build.0 = Debug|iPhone
		{227E1B5E-7678-4492-B100-B069186494E5}.Debug|ARM.ActiveCfg = Debug|iPhone
		{227E1B5E-7678-4492-B100-B069186494E5}.Debug|iPhone.ActiveCfg = Debug|iPhone
		{227E1B5E-7678-4492-B100-B069186494E5}.Debug|iPhone.Build.0 = Debug|iPhone
		{227E1B5E-7678-4492-B100-B069186494E5}.Debug|iPhoneSimulator.ActiveCfg = Debug|iPhoneSimulator
		{227E1B5E-7678-4492-B100-B069186494E5}.Debug|iPhoneSimulator.Build.0 = Debug|iPhoneSimulator
		{227E1B5E-7678-4492-B100-B069186494E5}.Debug|x64.ActiveCfg = Debug|iPhone
		{227E1B5E-7678-4492-B100-B069186494E5}.Debug|x86.ActiveCfg = Debug|iPhone
		{227E1B5E-7678-4492-B100-B069186494E5}.Release|Any CPU.ActiveCfg = Release|iPhone
		{227E1B5E-7678-4492-B100-B069186494E5}.Release|Any CPU.Build.0 = Release|iPhone
		{227E1B5E-7678-4492-B100-B069186494E5}.Release|ARM.ActiveCfg = Release|iPhone
		{227E1B5E-7678-4492-B100-B069186494E5}.Release|iPhone.ActiveCfg = Release|iPhone
		{227E1B5E-7678-4492-B100-B069186494E5}.Release|iPhone.Build.0 = Release|iPhone
		{227E1B5E-7678-4492-B100-B069186494E5}.Release|iPhoneSimulator.ActiveCfg = Release|iPhoneSimulator
		{227E1B5E-7678-4492-B100-B069186494E5}.Release|iPhoneSimulator.Build.0 = Release|iPhoneSimulator
		{227E1B5E-7678-4492-B100-B069186494E5}.Release|x64.ActiveCfg = Release|iPhone
		{227E1B5E-7678-4492-B100-B069186494E5}.Release|x86.ActiveCfg = Release|iPhone
		{4718D281-A453-42A7-9381-0FD48DB8D801}.Ad-Hoc|Any CPU.ActiveCfg = Release|x86
		{4718D281-A453-42A7-9381-0FD48DB8D801}.Ad-Hoc|Any CPU.Build.0 = Release|x86
		{4718D281-A453-42A7-9381-0FD48DB8D801}.Ad-Hoc|Any CPU.Deploy.0 = Release|x86
		{4718D281-A453-42A7-9381-0FD48DB8D801}.Ad-Hoc|ARM.ActiveCfg = Release|ARM
		{4718D281-A453-42A7-9381-0FD48DB8D801}.Ad-Hoc|ARM.Build.0 = Release|ARM
		{4718D281-A453-42A7-9381-0FD48DB8D801}.Ad-Hoc|ARM.Deploy.0 = Release|ARM
		{4718D281-A453-42A7-9381-0FD48DB8D801}.Ad-Hoc|iPhone.ActiveCfg = Release|x86
		{4718D281-A453-42A7-9381-0FD48DB8D801}.Ad-Hoc|iPhone.Build.0 = Release|x86
		{4718D281-A453-42A7-9381-0FD48DB8D801}.Ad-Hoc|iPhone.Deploy.0 = Release|x86
		{4718D281-A453-42A7-9381-0FD48DB8D801}.Ad-Hoc|iPhoneSimulator.ActiveCfg = Release|x86
		{4718D281-A453-42A7-9381-0FD48DB8D801}.Ad-Hoc|iPhoneSimulator.Build.0 = Release|x86
		{4718D281-A453-42A7-9381-0FD48DB8D801}.Ad-Hoc|iPhoneSimulator.Deploy.0 = Release|x86
		{4718D281-A453-42A7-9381-0FD48DB8D801}.Ad-Hoc|x64.ActiveCfg = Release|x64
		{4718D281-A453-42A7-9381-0FD48DB8D801}.Ad-Hoc|x64.Build.0 = Release|x64
		{4718D281-A453-42A7-9381-0FD48DB8D801}.Ad-Hoc|x64.Deploy.0 = Release|x64
		{4718D281-A453-42A7-9381-0FD48DB8D801}.Ad-Hoc|x86.ActiveCfg = Release|x86
		{4718D281-A453-42A7-9381-0FD48DB8D801}.Ad-Hoc|x86.Build.0 = Release|x86
		{4718D281-A453-42A7-9381-0FD48DB8D801}.Ad-Hoc|x86.Deploy.0 = Release|x86
		{4718D281-A453-42A7-9381-0FD48DB8D801}.AppStore|Any CPU.ActiveCfg = Release|x86
		{4718D281-A453-42A7-9381-0FD48DB8D801}.AppStore|Any CPU.Build.0 = Release|x86
		{4718D281-A453-42A7-9381-0FD48DB8D801}.AppStore|Any CPU.Deploy.0 = Release|x86
		{4718D281-A453-42A7-9381-0FD48DB8D801}.AppStore|ARM.ActiveCfg = Release|ARM
		{4718D281-A453-42A7-9381-0FD48DB8D801}.AppStore|ARM.Build.0 = Release|ARM
		{4718D281-A453-42A7-9381-0FD48DB8D801}.AppStore|ARM.Deploy.0 = Release|ARM
		{4718D281-A453-42A7-9381-0FD48DB8D801}.AppStore|iPhone.ActiveCfg = Release|x86
		{4718D281-A453-42A7-9381-0FD48DB8D801}.AppStore|iPhone.Build.0 = Release|x86
		{4718D281-A453-42A7-9381-0FD48DB8D801}.AppStore|iPhone.Deploy.0 = Release|x86
		{4718D281-A453-42A7-9381-0FD48DB8D801}.AppStore|iPhoneSimulator.ActiveCfg = Release|x86
		{4718D281-A453-42A7-9381-0FD48DB8D801}.AppStore|iPhoneSimulator.Build.0 = Release|x86
		{4718D281-A453-42A7-9381-0FD48DB8D801}.AppStore|iPhoneSimulator.Deploy.0 = Release|x86
		{4718D281-A453-42A7-9381-0FD48DB8D801}.AppStore|x64.ActiveCfg = Release|x64
		{4718D281-A453-42A7-9381-0FD48DB8D801}.AppStore|x64.Build.0 = Release|x64
		{4718D281-A453-42A7-9381-0FD48DB8D801}.AppStore|x64.Deploy.0 = Release|x64
		{4718D281-A453-42A7-9381-0FD48DB8D801}.AppStore|x86.ActiveCfg = Release|x86
		{4718D281-A453-42A7-9381-0FD48DB8D801}.AppStore|x86.Build.0 = Release|x86
		{4718D281-A453-42A7-9381-0FD48DB8D801}.AppStore|x86.Deploy.0 = Release|x86
		{4718D281-A453-42A7-9381-0FD48DB8D801}.Debug|Any CPU.ActiveCfg = Debug|x86
		{4718D281-A453-42A7-9381-0FD48DB8D801}.Debug|Any CPU.Build.0 = Debug|x86
		{4718D281-A453-42A7-9381-0FD48DB8D801}.Debug|Any CPU.Deploy.0 = Debug|x86
		{4718D281-A453-42A7-9381-0FD48DB8D801}.Debug|ARM.ActiveCfg = Debug|ARM
		{4718D281-A453-42A7-9381-0FD48DB8D801}.Debug|ARM.Build.0 = Debug|ARM
		{4718D281-A453-42A7-9381-0FD48DB8D801}.Debug|ARM.Deploy.0 = Debug|ARM
		{4718D281-A453-42A7-9381-0FD48DB8D801}.Debug|iPhone.ActiveCfg = Debug|x86
		{4718D281-A453-42A7-9381-0FD48DB8D801}.Debug|iPhone.Build.0 = Debug|x86
		{4718D281-A453-42A7-9381-0FD48DB8D801}.Debug|iPhoneSimulator.ActiveCfg = Debug|x86
		{4718D281-A453-42A7-9381-0FD48DB8D801}.Debug|x64.ActiveCfg = Debug|x64
		{4718D281-A453-42A7-9381-0FD48DB8D801}.Debug|x64.Build.0 = Debug|x64
		{4718D281-A453-42A7-9381-0FD48DB8D801}.Debug|x64.Deploy.0 = Debug|x64
		{4718D281-A453-42A7-9381-0FD48DB8D801}.Debug|x86.ActiveCfg = Debug|x86
		{4718D281-A453-42A7-9381-0FD48DB8D801}.Debug|x86.Build.0 = Debug|x86
		{4718D281-A453-42A7-9381-0FD48DB8D801}.Debug|x86.Deploy.0 = Debug|x86
		{4718D281-A453-42A7-9381-0FD48DB8D801}.Release|Any CPU.ActiveCfg = Release|x86
		{4718D281-A453-42A7-9381-0FD48DB8D801}.Release|Any CPU.Build.0 = Release|x86
		{4718D281-A453-42A7-9381-0FD48DB8D801}.Release|Any CPU.Deploy.0 = Release|x86
		{4718D281-A453-42A7-9381-0FD48DB8D801}.Release|ARM.ActiveCfg = Release|ARM
		{4718D281-A453-42A7-9381-0FD48DB8D801}.Release|ARM.Build.0 = Release|ARM
		{4718D281-A453-42A7-9381-0FD48DB8D801}.Release|ARM.Deploy.0 = Release|ARM
		{4718D281-A453-42A7-9381-0FD48DB8D801}.Release|iPhone.ActiveCfg = Release|x86
		{4718D281-A453-42A7-9381-0FD48DB8D801}.Release|iPhoneSimulator.ActiveCfg = Release|x86
		{4718D281-A453-42A7-9381-0FD48DB8D801}.Release|x64.ActiveCfg = Release|x64
		{4718D281-A453-42A7-9381-0FD48DB8D801}.Release|x64.Build.0 = Release|x64
		{4718D281-A453-42A7-9381-0FD48DB8D801}.Release|x64.Deploy.0 = Release|x64
		{4718D281-A453-42A7-9381-0FD48DB8D801}.Release|x86.ActiveCfg = Release|x86
		{4718D281-A453-42A7-9381-0FD48DB8D801}.Release|x86.Build.0 = Release|x86
		{4718D281-A453-42A7-9381-0FD48DB8D801}.Release|x86.Deploy.0 = Release|x86
		{EC97E42A-5A7E-45C8-8BD7-A8B76FAE8918}.Ad-Hoc|Any CPU.ActiveCfg = Debug|Any CPU
		{EC97E42A-5A7E-45C8-8BD7-A8B76FAE8918}.Ad-Hoc|Any CPU.Build.0 = Debug|Any CPU
		{EC97E42A-5A7E-45C8-8BD7-A8B76FAE8918}.Ad-Hoc|ARM.ActiveCfg = Debug|Any CPU
		{EC97E42A-5A7E-45C8-8BD7-A8B76FAE8918}.Ad-Hoc|ARM.Build.0 = Debug|Any CPU
		{EC97E42A-5A7E-45C8-8BD7-A8B76FAE8918}.Ad-Hoc|iPhone.ActiveCfg = Debug|Any CPU
		{EC97E42A-5A7E-45C8-8BD7-A8B76FAE8918}.Ad-Hoc|iPhone.Build.0 = Debug|Any CPU
		{EC97E42A-5A7E-45C8-8BD7-A8B76FAE8918}.Ad-Hoc|iPhoneSimulator.ActiveCfg = Debug|Any CPU
		{EC97E42A-5A7E-45C8-8BD7-A8B76FAE8918}.Ad-Hoc|iPhoneSimulator.Build.0 = Debug|Any CPU
		{EC97E42A-5A7E-45C8-8BD7-A8B76FAE8918}.Ad-Hoc|x64.ActiveCfg = Debug|Any CPU
		{EC97E42A-5A7E-45C8-8BD7-A8B76FAE8918}.Ad-Hoc|x64.Build.0 = Debug|Any CPU
		{EC97E42A-5A7E-45C8-8BD7-A8B76FAE8918}.Ad-Hoc|x86.ActiveCfg = Debug|Any CPU
		{EC97E42A-5A7E-45C8-8BD7-A8B76FAE8918}.Ad-Hoc|x86.Build.0 = Debug|Any CPU
		{EC97E42A-5A7E-45C8-8BD7-A8B76FAE8918}.AppStore|Any CPU.ActiveCfg = Debug|Any CPU
		{EC97E42A-5A7E-45C8-8BD7-A8B76FAE8918}.AppStore|Any CPU.Build.0 = Debug|Any CPU
		{EC97E42A-5A7E-45C8-8BD7-A8B76FAE8918}.AppStore|ARM.ActiveCfg = Debug|Any CPU
		{EC97E42A-5A7E-45C8-8BD7-A8B76FAE8918}.AppStore|ARM.Build.0 = Debug|Any CPU
		{EC97E42A-5A7E-45C8-8BD7-A8B76FAE8918}.AppStore|iPhone.ActiveCfg = Debug|Any CPU
		{EC97E42A-5A7E-45C8-8BD7-A8B76FAE8918}.AppStore|iPhone.Build.0 = Debug|Any CPU
		{EC97E42A-5A7E-45C8-8BD7-A8B76FAE8918}.AppStore|iPhoneSimulator.ActiveCfg = Debug|Any CPU
		{EC97E42A-5A7E-45C8-8BD7-A8B76FAE8918}.AppStore|iPhoneSimulator.Build.0 = Debug|Any CPU
		{EC97E42A-5A7E-45C8-8BD7-A8B76FAE8918}.AppStore|x64.ActiveCfg = Debug|Any CPU
		{EC97E42A-5A7E-45C8-8BD7-A8B76FAE8918}.AppStore|x64.Build.0 = Debug|Any CPU
		{EC97E42A-5A7E-45C8-8BD7-A8B76FAE8918}.AppStore|x86.ActiveCfg = Debug|Any CPU
		{EC97E42A-5A7E-45C8-8BD7-A8B76FAE8918}.AppStore|x86.Build.0 = Debug|Any CPU
		{EC97E42A-5A7E-45C8-8BD7-A8B76FAE8918}.Debug|Any CPU.ActiveCfg = Debug|Any CPU
		{EC97E42A-5A7E-45C8-8BD7-A8B76FAE8918}.Debug|Any CPU.Build.0 = Debug|Any CPU
		{EC97E42A-5A7E-45C8-8BD7-A8B76FAE8918}.Debug|ARM.ActiveCfg = Debug|Any CPU
		{EC97E42A-5A7E-45C8-8BD7-A8B76FAE8918}.Debug|ARM.Build.0 = Debug|Any CPU
		{EC97E42A-5A7E-45C8-8BD7-A8B76FAE8918}.Debug|iPhone.ActiveCfg = Debug|Any CPU
		{EC97E42A-5A7E-45C8-8BD7-A8B76FAE8918}.Debug|iPhone.Build.0 = Debug|Any CPU
		{EC97E42A-5A7E-45C8-8BD7-A8B76FAE8918}.Debug|iPhoneSimulator.ActiveCfg = Debug|Any CPU
		{EC97E42A-5A7E-45C8-8BD7-A8B76FAE8918}.Debug|iPhoneSimulator.Build.0 = Debug|Any CPU
		{EC97E42A-5A7E-45C8-8BD7-A8B76FAE8918}.Debug|x64.ActiveCfg = Debug|Any CPU
		{EC97E42A-5A7E-45C8-8BD7-A8B76FAE8918}.Debug|x64.Build.0 = Debug|Any CPU
		{EC97E42A-5A7E-45C8-8BD7-A8B76FAE8918}.Debug|x86.ActiveCfg = Debug|Any CPU
		{EC97E42A-5A7E-45C8-8BD7-A8B76FAE8918}.Debug|x86.Build.0 = Debug|Any CPU
		{EC97E42A-5A7E-45C8-8BD7-A8B76FAE8918}.Release|Any CPU.ActiveCfg = Release|Any CPU
		{EC97E42A-5A7E-45C8-8BD7-A8B76FAE8918}.Release|Any CPU.Build.0 = Release|Any CPU
		{EC97E42A-5A7E-45C8-8BD7-A8B76FAE8918}.Release|ARM.ActiveCfg = Release|Any CPU
		{EC97E42A-5A7E-45C8-8BD7-A8B76FAE8918}.Release|ARM.Build.0 = Release|Any CPU
		{EC97E42A-5A7E-45C8-8BD7-A8B76FAE8918}.Release|iPhone.ActiveCfg = Release|Any CPU
		{EC97E42A-5A7E-45C8-8BD7-A8B76FAE8918}.Release|iPhone.Build.0 = Release|Any CPU
		{EC97E42A-5A7E-45C8-8BD7-A8B76FAE8918}.Release|iPhoneSimulator.ActiveCfg = Release|Any CPU
		{EC97E42A-5A7E-45C8-8BD7-A8B76FAE8918}.Release|iPhoneSimulator.Build.0 = Release|Any CPU
		{EC97E42A-5A7E-45C8-8BD7-A8B76FAE8918}.Release|x64.ActiveCfg = Release|Any CPU
		{EC97E42A-5A7E-45C8-8BD7-A8B76FAE8918}.Release|x64.Build.0 = Release|Any CPU
		{EC97E42A-5A7E-45C8-8BD7-A8B76FAE8918}.Release|x86.ActiveCfg = Release|Any CPU
		{EC97E42A-5A7E-45C8-8BD7-A8B76FAE8918}.Release|x86.Build.0 = Release|Any CPU
		{692F40B4-FE18-4C0B-85A7-DE8CFAFB7DCD}.Ad-Hoc|Any CPU.ActiveCfg = Release|Any CPU
		{692F40B4-FE18-4C0B-85A7-DE8CFAFB7DCD}.Ad-Hoc|Any CPU.Build.0 = Release|Any CPU
		{692F40B4-FE18-4C0B-85A7-DE8CFAFB7DCD}.Ad-Hoc|Any CPU.Deploy.0 = Release|Any CPU
		{692F40B4-FE18-4C0B-85A7-DE8CFAFB7DCD}.Ad-Hoc|ARM.ActiveCfg = Release|Any CPU
		{692F40B4-FE18-4C0B-85A7-DE8CFAFB7DCD}.Ad-Hoc|ARM.Build.0 = Release|Any CPU
		{692F40B4-FE18-4C0B-85A7-DE8CFAFB7DCD}.Ad-Hoc|ARM.Deploy.0 = Release|Any CPU
		{692F40B4-FE18-4C0B-85A7-DE8CFAFB7DCD}.Ad-Hoc|iPhone.ActiveCfg = Release|Any CPU
		{692F40B4-FE18-4C0B-85A7-DE8CFAFB7DCD}.Ad-Hoc|iPhone.Build.0 = Release|Any CPU
		{692F40B4-FE18-4C0B-85A7-DE8CFAFB7DCD}.Ad-Hoc|iPhone.Deploy.0 = Release|Any CPU
		{692F40B4-FE18-4C0B-85A7-DE8CFAFB7DCD}.Ad-Hoc|iPhoneSimulator.ActiveCfg = Release|Any CPU
		{692F40B4-FE18-4C0B-85A7-DE8CFAFB7DCD}.Ad-Hoc|iPhoneSimulator.Build.0 = Release|Any CPU
		{692F40B4-FE18-4C0B-85A7-DE8CFAFB7DCD}.Ad-Hoc|iPhoneSimulator.Deploy.0 = Release|Any CPU
		{692F40B4-FE18-4C0B-85A7-DE8CFAFB7DCD}.Ad-Hoc|x64.ActiveCfg = Release|Any CPU
		{692F40B4-FE18-4C0B-85A7-DE8CFAFB7DCD}.Ad-Hoc|x64.Build.0 = Release|Any CPU
		{692F40B4-FE18-4C0B-85A7-DE8CFAFB7DCD}.Ad-Hoc|x64.Deploy.0 = Release|Any CPU
		{692F40B4-FE18-4C0B-85A7-DE8CFAFB7DCD}.Ad-Hoc|x86.ActiveCfg = Release|Any CPU
		{692F40B4-FE18-4C0B-85A7-DE8CFAFB7DCD}.Ad-Hoc|x86.Build.0 = Release|Any CPU
		{692F40B4-FE18-4C0B-85A7-DE8CFAFB7DCD}.Ad-Hoc|x86.Deploy.0 = Release|Any CPU
		{692F40B4-FE18-4C0B-85A7-DE8CFAFB7DCD}.AppStore|Any CPU.ActiveCfg = Release|Any CPU
		{692F40B4-FE18-4C0B-85A7-DE8CFAFB7DCD}.AppStore|Any CPU.Build.0 = Release|Any CPU
		{692F40B4-FE18-4C0B-85A7-DE8CFAFB7DCD}.AppStore|Any CPU.Deploy.0 = Release|Any CPU
		{692F40B4-FE18-4C0B-85A7-DE8CFAFB7DCD}.AppStore|ARM.ActiveCfg = Release|Any CPU
		{692F40B4-FE18-4C0B-85A7-DE8CFAFB7DCD}.AppStore|ARM.Build.0 = Release|Any CPU
		{692F40B4-FE18-4C0B-85A7-DE8CFAFB7DCD}.AppStore|ARM.Deploy.0 = Release|Any CPU
		{692F40B4-FE18-4C0B-85A7-DE8CFAFB7DCD}.AppStore|iPhone.ActiveCfg = Release|Any CPU
		{692F40B4-FE18-4C0B-85A7-DE8CFAFB7DCD}.AppStore|iPhone.Build.0 = Release|Any CPU
		{692F40B4-FE18-4C0B-85A7-DE8CFAFB7DCD}.AppStore|iPhone.Deploy.0 = Release|Any CPU
		{692F40B4-FE18-4C0B-85A7-DE8CFAFB7DCD}.AppStore|iPhoneSimulator.ActiveCfg = Release|Any CPU
		{692F40B4-FE18-4C0B-85A7-DE8CFAFB7DCD}.AppStore|iPhoneSimulator.Build.0 = Release|Any CPU
		{692F40B4-FE18-4C0B-85A7-DE8CFAFB7DCD}.AppStore|iPhoneSimulator.Deploy.0 = Release|Any CPU
		{692F40B4-FE18-4C0B-85A7-DE8CFAFB7DCD}.AppStore|x64.ActiveCfg = Release|Any CPU
		{692F40B4-FE18-4C0B-85A7-DE8CFAFB7DCD}.AppStore|x64.Build.0 = Release|Any CPU
		{692F40B4-FE18-4C0B-85A7-DE8CFAFB7DCD}.AppStore|x64.Deploy.0 = Release|Any CPU
		{692F40B4-FE18-4C0B-85A7-DE8CFAFB7DCD}.AppStore|x86.ActiveCfg = Release|Any CPU
		{692F40B4-FE18-4C0B-85A7-DE8CFAFB7DCD}.AppStore|x86.Build.0 = Release|Any CPU
		{692F40B4-FE18-4C0B-85A7-DE8CFAFB7DCD}.AppStore|x86.Deploy.0 = Release|Any CPU
		{692F40B4-FE18-4C0B-85A7-DE8CFAFB7DCD}.Debug|Any CPU.ActiveCfg = Debug|Any CPU
		{692F40B4-FE18-4C0B-85A7-DE8CFAFB7DCD}.Debug|Any CPU.Build.0 = Debug|Any CPU
		{692F40B4-FE18-4C0B-85A7-DE8CFAFB7DCD}.Debug|Any CPU.Deploy.0 = Debug|Any CPU
		{692F40B4-FE18-4C0B-85A7-DE8CFAFB7DCD}.Debug|ARM.ActiveCfg = Debug|Any CPU
		{692F40B4-FE18-4C0B-85A7-DE8CFAFB7DCD}.Debug|ARM.Build.0 = Debug|Any CPU
		{692F40B4-FE18-4C0B-85A7-DE8CFAFB7DCD}.Debug|ARM.Deploy.0 = Debug|Any CPU
		{692F40B4-FE18-4C0B-85A7-DE8CFAFB7DCD}.Debug|iPhone.ActiveCfg = Debug|Any CPU
		{692F40B4-FE18-4C0B-85A7-DE8CFAFB7DCD}.Debug|iPhone.Build.0 = Debug|Any CPU
		{692F40B4-FE18-4C0B-85A7-DE8CFAFB7DCD}.Debug|iPhone.Deploy.0 = Debug|Any CPU
		{692F40B4-FE18-4C0B-85A7-DE8CFAFB7DCD}.Debug|iPhoneSimulator.ActiveCfg = Debug|Any CPU
		{692F40B4-FE18-4C0B-85A7-DE8CFAFB7DCD}.Debug|iPhoneSimulator.Build.0 = Debug|Any CPU
		{692F40B4-FE18-4C0B-85A7-DE8CFAFB7DCD}.Debug|iPhoneSimulator.Deploy.0 = Debug|Any CPU
		{692F40B4-FE18-4C0B-85A7-DE8CFAFB7DCD}.Debug|x64.ActiveCfg = Debug|Any CPU
		{692F40B4-FE18-4C0B-85A7-DE8CFAFB7DCD}.Debug|x64.Build.0 = Debug|Any CPU
		{692F40B4-FE18-4C0B-85A7-DE8CFAFB7DCD}.Debug|x64.Deploy.0 = Debug|Any CPU
		{692F40B4-FE18-4C0B-85A7-DE8CFAFB7DCD}.Debug|x86.ActiveCfg = Debug|Any CPU
		{692F40B4-FE18-4C0B-85A7-DE8CFAFB7DCD}.Debug|x86.Build.0 = Debug|Any CPU
		{692F40B4-FE18-4C0B-85A7-DE8CFAFB7DCD}.Debug|x86.Deploy.0 = Debug|Any CPU
		{692F40B4-FE18-4C0B-85A7-DE8CFAFB7DCD}.Release|Any CPU.ActiveCfg = Release|Any CPU
		{692F40B4-FE18-4C0B-85A7-DE8CFAFB7DCD}.Release|ARM.ActiveCfg = Release|Any CPU
		{692F40B4-FE18-4C0B-85A7-DE8CFAFB7DCD}.Release|ARM.Build.0 = Release|Any CPU
		{692F40B4-FE18-4C0B-85A7-DE8CFAFB7DCD}.Release|ARM.Deploy.0 = Release|Any CPU
		{692F40B4-FE18-4C0B-85A7-DE8CFAFB7DCD}.Release|iPhone.ActiveCfg = Release|Any CPU
		{692F40B4-FE18-4C0B-85A7-DE8CFAFB7DCD}.Release|iPhone.Build.0 = Release|Any CPU
		{692F40B4-FE18-4C0B-85A7-DE8CFAFB7DCD}.Release|iPhone.Deploy.0 = Release|Any CPU
		{692F40B4-FE18-4C0B-85A7-DE8CFAFB7DCD}.Release|iPhoneSimulator.ActiveCfg = Release|Any CPU
		{692F40B4-FE18-4C0B-85A7-DE8CFAFB7DCD}.Release|iPhoneSimulator.Build.0 = Release|Any CPU
		{692F40B4-FE18-4C0B-85A7-DE8CFAFB7DCD}.Release|iPhoneSimulator.Deploy.0 = Release|Any CPU
		{692F40B4-FE18-4C0B-85A7-DE8CFAFB7DCD}.Release|x64.ActiveCfg = Release|Any CPU
		{692F40B4-FE18-4C0B-85A7-DE8CFAFB7DCD}.Release|x64.Build.0 = Release|Any CPU
		{692F40B4-FE18-4C0B-85A7-DE8CFAFB7DCD}.Release|x64.Deploy.0 = Release|Any CPU
		{692F40B4-FE18-4C0B-85A7-DE8CFAFB7DCD}.Release|x86.ActiveCfg = Release|Any CPU
		{692F40B4-FE18-4C0B-85A7-DE8CFAFB7DCD}.Release|x86.Build.0 = Release|Any CPU
		{692F40B4-FE18-4C0B-85A7-DE8CFAFB7DCD}.Release|x86.Deploy.0 = Release|Any CPU
		{559DAB2C-8BD6-41DB-B77E-C446353100FB}.Ad-Hoc|Any CPU.ActiveCfg = Ad-Hoc|iPhone
		{559DAB2C-8BD6-41DB-B77E-C446353100FB}.Ad-Hoc|ARM.ActiveCfg = Ad-Hoc|iPhone
		{559DAB2C-8BD6-41DB-B77E-C446353100FB}.Ad-Hoc|iPhone.ActiveCfg = Ad-Hoc|iPhone
		{559DAB2C-8BD6-41DB-B77E-C446353100FB}.Ad-Hoc|iPhone.Build.0 = Ad-Hoc|iPhone
		{559DAB2C-8BD6-41DB-B77E-C446353100FB}.Ad-Hoc|iPhoneSimulator.ActiveCfg = Ad-Hoc|iPhoneSimulator
		{559DAB2C-8BD6-41DB-B77E-C446353100FB}.Ad-Hoc|iPhoneSimulator.Build.0 = Ad-Hoc|iPhoneSimulator
		{559DAB2C-8BD6-41DB-B77E-C446353100FB}.Ad-Hoc|x64.ActiveCfg = Ad-Hoc|iPhone
		{559DAB2C-8BD6-41DB-B77E-C446353100FB}.Ad-Hoc|x86.ActiveCfg = Ad-Hoc|iPhone
		{559DAB2C-8BD6-41DB-B77E-C446353100FB}.AppStore|Any CPU.ActiveCfg = AppStore|iPhone
		{559DAB2C-8BD6-41DB-B77E-C446353100FB}.AppStore|ARM.ActiveCfg = AppStore|iPhone
		{559DAB2C-8BD6-41DB-B77E-C446353100FB}.AppStore|iPhone.ActiveCfg = AppStore|iPhone
		{559DAB2C-8BD6-41DB-B77E-C446353100FB}.AppStore|iPhone.Build.0 = AppStore|iPhone
		{559DAB2C-8BD6-41DB-B77E-C446353100FB}.AppStore|iPhoneSimulator.ActiveCfg = AppStore|iPhoneSimulator
		{559DAB2C-8BD6-41DB-B77E-C446353100FB}.AppStore|iPhoneSimulator.Build.0 = AppStore|iPhoneSimulator
		{559DAB2C-8BD6-41DB-B77E-C446353100FB}.AppStore|x64.ActiveCfg = AppStore|iPhone
		{559DAB2C-8BD6-41DB-B77E-C446353100FB}.AppStore|x86.ActiveCfg = AppStore|iPhone
		{559DAB2C-8BD6-41DB-B77E-C446353100FB}.Debug|Any CPU.ActiveCfg = Debug|iPhone
		{559DAB2C-8BD6-41DB-B77E-C446353100FB}.Debug|Any CPU.Build.0 = Debug|iPhone
		{559DAB2C-8BD6-41DB-B77E-C446353100FB}.Debug|ARM.ActiveCfg = Debug|iPhone
		{559DAB2C-8BD6-41DB-B77E-C446353100FB}.Debug|iPhone.ActiveCfg = Debug|iPhone
		{559DAB2C-8BD6-41DB-B77E-C446353100FB}.Debug|iPhone.Build.0 = Debug|iPhone
		{559DAB2C-8BD6-41DB-B77E-C446353100FB}.Debug|iPhoneSimulator.ActiveCfg = Debug|iPhoneSimulator
		{559DAB2C-8BD6-41DB-B77E-C446353100FB}.Debug|iPhoneSimulator.Build.0 = Debug|iPhoneSimulator
		{559DAB2C-8BD6-41DB-B77E-C446353100FB}.Debug|x64.ActiveCfg = Debug|iPhone
		{559DAB2C-8BD6-41DB-B77E-C446353100FB}.Debug|x86.ActiveCfg = Debug|iPhone
		{559DAB2C-8BD6-41DB-B77E-C446353100FB}.Release|Any CPU.ActiveCfg = Release|iPhone
		{559DAB2C-8BD6-41DB-B77E-C446353100FB}.Release|ARM.ActiveCfg = Release|iPhone
		{559DAB2C-8BD6-41DB-B77E-C446353100FB}.Release|iPhone.ActiveCfg = Release|iPhone
		{559DAB2C-8BD6-41DB-B77E-C446353100FB}.Release|iPhone.Build.0 = Release|iPhone
		{559DAB2C-8BD6-41DB-B77E-C446353100FB}.Release|iPhoneSimulator.ActiveCfg = Release|iPhoneSimulator
		{559DAB2C-8BD6-41DB-B77E-C446353100FB}.Release|iPhoneSimulator.Build.0 = Release|iPhoneSimulator
		{559DAB2C-8BD6-41DB-B77E-C446353100FB}.Release|x64.ActiveCfg = Release|iPhone
		{559DAB2C-8BD6-41DB-B77E-C446353100FB}.Release|x86.ActiveCfg = Release|iPhone
		{7F310F01-48C4-4553-9B67-03D4F614AD31}.Ad-Hoc|Any CPU.ActiveCfg = Release|x86
		{7F310F01-48C4-4553-9B67-03D4F614AD31}.Ad-Hoc|Any CPU.Build.0 = Release|x86
		{7F310F01-48C4-4553-9B67-03D4F614AD31}.Ad-Hoc|Any CPU.Deploy.0 = Release|x86
		{7F310F01-48C4-4553-9B67-03D4F614AD31}.Ad-Hoc|ARM.ActiveCfg = Release|ARM
		{7F310F01-48C4-4553-9B67-03D4F614AD31}.Ad-Hoc|ARM.Build.0 = Release|ARM
		{7F310F01-48C4-4553-9B67-03D4F614AD31}.Ad-Hoc|ARM.Deploy.0 = Release|ARM
		{7F310F01-48C4-4553-9B67-03D4F614AD31}.Ad-Hoc|iPhone.ActiveCfg = Release|x86
		{7F310F01-48C4-4553-9B67-03D4F614AD31}.Ad-Hoc|iPhone.Build.0 = Release|x86
		{7F310F01-48C4-4553-9B67-03D4F614AD31}.Ad-Hoc|iPhone.Deploy.0 = Release|x86
		{7F310F01-48C4-4553-9B67-03D4F614AD31}.Ad-Hoc|iPhoneSimulator.ActiveCfg = Release|x86
		{7F310F01-48C4-4553-9B67-03D4F614AD31}.Ad-Hoc|iPhoneSimulator.Build.0 = Release|x86
		{7F310F01-48C4-4553-9B67-03D4F614AD31}.Ad-Hoc|iPhoneSimulator.Deploy.0 = Release|x86
		{7F310F01-48C4-4553-9B67-03D4F614AD31}.Ad-Hoc|x64.ActiveCfg = Release|x64
		{7F310F01-48C4-4553-9B67-03D4F614AD31}.Ad-Hoc|x64.Build.0 = Release|x64
		{7F310F01-48C4-4553-9B67-03D4F614AD31}.Ad-Hoc|x64.Deploy.0 = Release|x64
		{7F310F01-48C4-4553-9B67-03D4F614AD31}.Ad-Hoc|x86.ActiveCfg = Release|x86
		{7F310F01-48C4-4553-9B67-03D4F614AD31}.Ad-Hoc|x86.Build.0 = Release|x86
		{7F310F01-48C4-4553-9B67-03D4F614AD31}.Ad-Hoc|x86.Deploy.0 = Release|x86
		{7F310F01-48C4-4553-9B67-03D4F614AD31}.AppStore|Any CPU.ActiveCfg = Release|x86
		{7F310F01-48C4-4553-9B67-03D4F614AD31}.AppStore|Any CPU.Build.0 = Release|x86
		{7F310F01-48C4-4553-9B67-03D4F614AD31}.AppStore|Any CPU.Deploy.0 = Release|x86
		{7F310F01-48C4-4553-9B67-03D4F614AD31}.AppStore|ARM.ActiveCfg = Release|ARM
		{7F310F01-48C4-4553-9B67-03D4F614AD31}.AppStore|ARM.Build.0 = Release|ARM
		{7F310F01-48C4-4553-9B67-03D4F614AD31}.AppStore|ARM.Deploy.0 = Release|ARM
		{7F310F01-48C4-4553-9B67-03D4F614AD31}.AppStore|iPhone.ActiveCfg = Release|x86
		{7F310F01-48C4-4553-9B67-03D4F614AD31}.AppStore|iPhone.Build.0 = Release|x86
		{7F310F01-48C4-4553-9B67-03D4F614AD31}.AppStore|iPhone.Deploy.0 = Release|x86
		{7F310F01-48C4-4553-9B67-03D4F614AD31}.AppStore|iPhoneSimulator.ActiveCfg = Release|x86
		{7F310F01-48C4-4553-9B67-03D4F614AD31}.AppStore|iPhoneSimulator.Build.0 = Release|x86
		{7F310F01-48C4-4553-9B67-03D4F614AD31}.AppStore|iPhoneSimulator.Deploy.0 = Release|x86
		{7F310F01-48C4-4553-9B67-03D4F614AD31}.AppStore|x64.ActiveCfg = Release|x64
		{7F310F01-48C4-4553-9B67-03D4F614AD31}.AppStore|x64.Build.0 = Release|x64
		{7F310F01-48C4-4553-9B67-03D4F614AD31}.AppStore|x64.Deploy.0 = Release|x64
		{7F310F01-48C4-4553-9B67-03D4F614AD31}.AppStore|x86.ActiveCfg = Release|x86
		{7F310F01-48C4-4553-9B67-03D4F614AD31}.AppStore|x86.Build.0 = Release|x86
		{7F310F01-48C4-4553-9B67-03D4F614AD31}.AppStore|x86.Deploy.0 = Release|x86
		{7F310F01-48C4-4553-9B67-03D4F614AD31}.Debug|Any CPU.ActiveCfg = Debug|x86
		{7F310F01-48C4-4553-9B67-03D4F614AD31}.Debug|Any CPU.Build.0 = Debug|x86
		{7F310F01-48C4-4553-9B67-03D4F614AD31}.Debug|Any CPU.Deploy.0 = Debug|x86
		{7F310F01-48C4-4553-9B67-03D4F614AD31}.Debug|ARM.ActiveCfg = Debug|ARM
		{7F310F01-48C4-4553-9B67-03D4F614AD31}.Debug|ARM.Build.0 = Debug|ARM
		{7F310F01-48C4-4553-9B67-03D4F614AD31}.Debug|ARM.Deploy.0 = Debug|ARM
		{7F310F01-48C4-4553-9B67-03D4F614AD31}.Debug|iPhone.ActiveCfg = Debug|x86
		{7F310F01-48C4-4553-9B67-03D4F614AD31}.Debug|iPhone.Build.0 = Debug|x86
		{7F310F01-48C4-4553-9B67-03D4F614AD31}.Debug|iPhoneSimulator.ActiveCfg = Debug|x86
		{7F310F01-48C4-4553-9B67-03D4F614AD31}.Debug|x64.ActiveCfg = Debug|x64
		{7F310F01-48C4-4553-9B67-03D4F614AD31}.Debug|x64.Build.0 = Debug|x64
		{7F310F01-48C4-4553-9B67-03D4F614AD31}.Debug|x64.Deploy.0 = Debug|x64
		{7F310F01-48C4-4553-9B67-03D4F614AD31}.Debug|x86.ActiveCfg = Debug|x86
		{7F310F01-48C4-4553-9B67-03D4F614AD31}.Debug|x86.Build.0 = Debug|x86
		{7F310F01-48C4-4553-9B67-03D4F614AD31}.Debug|x86.Deploy.0 = Debug|x86
		{7F310F01-48C4-4553-9B67-03D4F614AD31}.Release|Any CPU.ActiveCfg = Release|x86
		{7F310F01-48C4-4553-9B67-03D4F614AD31}.Release|ARM.ActiveCfg = Release|ARM
		{7F310F01-48C4-4553-9B67-03D4F614AD31}.Release|ARM.Build.0 = Release|ARM
		{7F310F01-48C4-4553-9B67-03D4F614AD31}.Release|ARM.Deploy.0 = Release|ARM
		{7F310F01-48C4-4553-9B67-03D4F614AD31}.Release|iPhone.ActiveCfg = Release|x86
		{7F310F01-48C4-4553-9B67-03D4F614AD31}.Release|iPhoneSimulator.ActiveCfg = Release|x86
		{7F310F01-48C4-4553-9B67-03D4F614AD31}.Release|x64.ActiveCfg = Release|x64
		{7F310F01-48C4-4553-9B67-03D4F614AD31}.Release|x64.Build.0 = Release|x64
		{7F310F01-48C4-4553-9B67-03D4F614AD31}.Release|x64.Deploy.0 = Release|x64
		{7F310F01-48C4-4553-9B67-03D4F614AD31}.Release|x86.ActiveCfg = Release|x86
		{7F310F01-48C4-4553-9B67-03D4F614AD31}.Release|x86.Build.0 = Release|x86
		{7F310F01-48C4-4553-9B67-03D4F614AD31}.Release|x86.Deploy.0 = Release|x86
		{CA72E2AD-0DB7-4A6F-9EB8-E29E0FA86D8C}.Ad-Hoc|Any CPU.ActiveCfg = Debug|Any CPU
		{CA72E2AD-0DB7-4A6F-9EB8-E29E0FA86D8C}.Ad-Hoc|Any CPU.Build.0 = Debug|Any CPU
		{CA72E2AD-0DB7-4A6F-9EB8-E29E0FA86D8C}.Ad-Hoc|ARM.ActiveCfg = Debug|Any CPU
		{CA72E2AD-0DB7-4A6F-9EB8-E29E0FA86D8C}.Ad-Hoc|ARM.Build.0 = Debug|Any CPU
		{CA72E2AD-0DB7-4A6F-9EB8-E29E0FA86D8C}.Ad-Hoc|iPhone.ActiveCfg = Debug|Any CPU
		{CA72E2AD-0DB7-4A6F-9EB8-E29E0FA86D8C}.Ad-Hoc|iPhone.Build.0 = Debug|Any CPU
		{CA72E2AD-0DB7-4A6F-9EB8-E29E0FA86D8C}.Ad-Hoc|iPhoneSimulator.ActiveCfg = Debug|Any CPU
		{CA72E2AD-0DB7-4A6F-9EB8-E29E0FA86D8C}.Ad-Hoc|iPhoneSimulator.Build.0 = Debug|Any CPU
		{CA72E2AD-0DB7-4A6F-9EB8-E29E0FA86D8C}.Ad-Hoc|x64.ActiveCfg = Debug|Any CPU
		{CA72E2AD-0DB7-4A6F-9EB8-E29E0FA86D8C}.Ad-Hoc|x64.Build.0 = Debug|Any CPU
		{CA72E2AD-0DB7-4A6F-9EB8-E29E0FA86D8C}.Ad-Hoc|x86.ActiveCfg = Debug|Any CPU
		{CA72E2AD-0DB7-4A6F-9EB8-E29E0FA86D8C}.Ad-Hoc|x86.Build.0 = Debug|Any CPU
		{CA72E2AD-0DB7-4A6F-9EB8-E29E0FA86D8C}.AppStore|Any CPU.ActiveCfg = Debug|Any CPU
		{CA72E2AD-0DB7-4A6F-9EB8-E29E0FA86D8C}.AppStore|Any CPU.Build.0 = Debug|Any CPU
		{CA72E2AD-0DB7-4A6F-9EB8-E29E0FA86D8C}.AppStore|ARM.ActiveCfg = Debug|Any CPU
		{CA72E2AD-0DB7-4A6F-9EB8-E29E0FA86D8C}.AppStore|ARM.Build.0 = Debug|Any CPU
		{CA72E2AD-0DB7-4A6F-9EB8-E29E0FA86D8C}.AppStore|iPhone.ActiveCfg = Debug|Any CPU
		{CA72E2AD-0DB7-4A6F-9EB8-E29E0FA86D8C}.AppStore|iPhone.Build.0 = Debug|Any CPU
		{CA72E2AD-0DB7-4A6F-9EB8-E29E0FA86D8C}.AppStore|iPhoneSimulator.ActiveCfg = Debug|Any CPU
		{CA72E2AD-0DB7-4A6F-9EB8-E29E0FA86D8C}.AppStore|iPhoneSimulator.Build.0 = Debug|Any CPU
		{CA72E2AD-0DB7-4A6F-9EB8-E29E0FA86D8C}.AppStore|x64.ActiveCfg = Debug|Any CPU
		{CA72E2AD-0DB7-4A6F-9EB8-E29E0FA86D8C}.AppStore|x64.Build.0 = Debug|Any CPU
		{CA72E2AD-0DB7-4A6F-9EB8-E29E0FA86D8C}.AppStore|x86.ActiveCfg = Debug|Any CPU
		{CA72E2AD-0DB7-4A6F-9EB8-E29E0FA86D8C}.AppStore|x86.Build.0 = Debug|Any CPU
		{CA72E2AD-0DB7-4A6F-9EB8-E29E0FA86D8C}.Debug|Any CPU.ActiveCfg = Debug|Any CPU
		{CA72E2AD-0DB7-4A6F-9EB8-E29E0FA86D8C}.Debug|Any CPU.Build.0 = Debug|Any CPU
		{CA72E2AD-0DB7-4A6F-9EB8-E29E0FA86D8C}.Debug|ARM.ActiveCfg = Debug|Any CPU
		{CA72E2AD-0DB7-4A6F-9EB8-E29E0FA86D8C}.Debug|ARM.Build.0 = Debug|Any CPU
		{CA72E2AD-0DB7-4A6F-9EB8-E29E0FA86D8C}.Debug|iPhone.ActiveCfg = Debug|Any CPU
		{CA72E2AD-0DB7-4A6F-9EB8-E29E0FA86D8C}.Debug|iPhone.Build.0 = Debug|Any CPU
		{CA72E2AD-0DB7-4A6F-9EB8-E29E0FA86D8C}.Debug|iPhoneSimulator.ActiveCfg = Debug|Any CPU
		{CA72E2AD-0DB7-4A6F-9EB8-E29E0FA86D8C}.Debug|iPhoneSimulator.Build.0 = Debug|Any CPU
		{CA72E2AD-0DB7-4A6F-9EB8-E29E0FA86D8C}.Debug|x64.ActiveCfg = Debug|Any CPU
		{CA72E2AD-0DB7-4A6F-9EB8-E29E0FA86D8C}.Debug|x64.Build.0 = Debug|Any CPU
		{CA72E2AD-0DB7-4A6F-9EB8-E29E0FA86D8C}.Debug|x86.ActiveCfg = Debug|Any CPU
		{CA72E2AD-0DB7-4A6F-9EB8-E29E0FA86D8C}.Debug|x86.Build.0 = Debug|Any CPU
		{CA72E2AD-0DB7-4A6F-9EB8-E29E0FA86D8C}.Release|Any CPU.ActiveCfg = Release|Any CPU
		{CA72E2AD-0DB7-4A6F-9EB8-E29E0FA86D8C}.Release|Any CPU.Build.0 = Release|Any CPU
		{CA72E2AD-0DB7-4A6F-9EB8-E29E0FA86D8C}.Release|ARM.ActiveCfg = Release|Any CPU
		{CA72E2AD-0DB7-4A6F-9EB8-E29E0FA86D8C}.Release|ARM.Build.0 = Release|Any CPU
		{CA72E2AD-0DB7-4A6F-9EB8-E29E0FA86D8C}.Release|iPhone.ActiveCfg = Release|Any CPU
		{CA72E2AD-0DB7-4A6F-9EB8-E29E0FA86D8C}.Release|iPhone.Build.0 = Release|Any CPU
		{CA72E2AD-0DB7-4A6F-9EB8-E29E0FA86D8C}.Release|iPhoneSimulator.ActiveCfg = Release|Any CPU
		{CA72E2AD-0DB7-4A6F-9EB8-E29E0FA86D8C}.Release|iPhoneSimulator.Build.0 = Release|Any CPU
		{CA72E2AD-0DB7-4A6F-9EB8-E29E0FA86D8C}.Release|x64.ActiveCfg = Release|Any CPU
		{CA72E2AD-0DB7-4A6F-9EB8-E29E0FA86D8C}.Release|x64.Build.0 = Release|Any CPU
		{CA72E2AD-0DB7-4A6F-9EB8-E29E0FA86D8C}.Release|x86.ActiveCfg = Release|Any CPU
		{CA72E2AD-0DB7-4A6F-9EB8-E29E0FA86D8C}.Release|x86.Build.0 = Release|Any CPU
		{84C6A1B8-0A57-4C6F-8738-3D3C03CE6F55}.Ad-Hoc|Any CPU.ActiveCfg = Debug|Any CPU
		{84C6A1B8-0A57-4C6F-8738-3D3C03CE6F55}.Ad-Hoc|Any CPU.Build.0 = Debug|Any CPU
		{84C6A1B8-0A57-4C6F-8738-3D3C03CE6F55}.Ad-Hoc|ARM.ActiveCfg = Debug|Any CPU
		{84C6A1B8-0A57-4C6F-8738-3D3C03CE6F55}.Ad-Hoc|ARM.Build.0 = Debug|Any CPU
		{84C6A1B8-0A57-4C6F-8738-3D3C03CE6F55}.Ad-Hoc|iPhone.ActiveCfg = Debug|Any CPU
		{84C6A1B8-0A57-4C6F-8738-3D3C03CE6F55}.Ad-Hoc|iPhone.Build.0 = Debug|Any CPU
		{84C6A1B8-0A57-4C6F-8738-3D3C03CE6F55}.Ad-Hoc|iPhoneSimulator.ActiveCfg = Debug|Any CPU
		{84C6A1B8-0A57-4C6F-8738-3D3C03CE6F55}.Ad-Hoc|iPhoneSimulator.Build.0 = Debug|Any CPU
		{84C6A1B8-0A57-4C6F-8738-3D3C03CE6F55}.Ad-Hoc|x64.ActiveCfg = Debug|Any CPU
		{84C6A1B8-0A57-4C6F-8738-3D3C03CE6F55}.Ad-Hoc|x64.Build.0 = Debug|Any CPU
		{84C6A1B8-0A57-4C6F-8738-3D3C03CE6F55}.Ad-Hoc|x86.ActiveCfg = Debug|Any CPU
		{84C6A1B8-0A57-4C6F-8738-3D3C03CE6F55}.Ad-Hoc|x86.Build.0 = Debug|Any CPU
		{84C6A1B8-0A57-4C6F-8738-3D3C03CE6F55}.AppStore|Any CPU.ActiveCfg = Debug|Any CPU
		{84C6A1B8-0A57-4C6F-8738-3D3C03CE6F55}.AppStore|Any CPU.Build.0 = Debug|Any CPU
		{84C6A1B8-0A57-4C6F-8738-3D3C03CE6F55}.AppStore|ARM.ActiveCfg = Debug|Any CPU
		{84C6A1B8-0A57-4C6F-8738-3D3C03CE6F55}.AppStore|ARM.Build.0 = Debug|Any CPU
		{84C6A1B8-0A57-4C6F-8738-3D3C03CE6F55}.AppStore|iPhone.ActiveCfg = Debug|Any CPU
		{84C6A1B8-0A57-4C6F-8738-3D3C03CE6F55}.AppStore|iPhone.Build.0 = Debug|Any CPU
		{84C6A1B8-0A57-4C6F-8738-3D3C03CE6F55}.AppStore|iPhoneSimulator.ActiveCfg = Debug|Any CPU
		{84C6A1B8-0A57-4C6F-8738-3D3C03CE6F55}.AppStore|iPhoneSimulator.Build.0 = Debug|Any CPU
		{84C6A1B8-0A57-4C6F-8738-3D3C03CE6F55}.AppStore|x64.ActiveCfg = Debug|Any CPU
		{84C6A1B8-0A57-4C6F-8738-3D3C03CE6F55}.AppStore|x64.Build.0 = Debug|Any CPU
		{84C6A1B8-0A57-4C6F-8738-3D3C03CE6F55}.AppStore|x86.ActiveCfg = Debug|Any CPU
		{84C6A1B8-0A57-4C6F-8738-3D3C03CE6F55}.AppStore|x86.Build.0 = Debug|Any CPU
		{84C6A1B8-0A57-4C6F-8738-3D3C03CE6F55}.Debug|Any CPU.ActiveCfg = Debug|Any CPU
		{84C6A1B8-0A57-4C6F-8738-3D3C03CE6F55}.Debug|Any CPU.Build.0 = Debug|Any CPU
		{84C6A1B8-0A57-4C6F-8738-3D3C03CE6F55}.Debug|ARM.ActiveCfg = Debug|Any CPU
		{84C6A1B8-0A57-4C6F-8738-3D3C03CE6F55}.Debug|ARM.Build.0 = Debug|Any CPU
		{84C6A1B8-0A57-4C6F-8738-3D3C03CE6F55}.Debug|iPhone.ActiveCfg = Debug|Any CPU
		{84C6A1B8-0A57-4C6F-8738-3D3C03CE6F55}.Debug|iPhone.Build.0 = Debug|Any CPU
		{84C6A1B8-0A57-4C6F-8738-3D3C03CE6F55}.Debug|iPhoneSimulator.ActiveCfg = Debug|Any CPU
		{84C6A1B8-0A57-4C6F-8738-3D3C03CE6F55}.Debug|iPhoneSimulator.Build.0 = Debug|Any CPU
		{84C6A1B8-0A57-4C6F-8738-3D3C03CE6F55}.Debug|x64.ActiveCfg = Debug|Any CPU
		{84C6A1B8-0A57-4C6F-8738-3D3C03CE6F55}.Debug|x64.Build.0 = Debug|Any CPU
		{84C6A1B8-0A57-4C6F-8738-3D3C03CE6F55}.Debug|x86.ActiveCfg = Debug|Any CPU
		{84C6A1B8-0A57-4C6F-8738-3D3C03CE6F55}.Debug|x86.Build.0 = Debug|Any CPU
		{84C6A1B8-0A57-4C6F-8738-3D3C03CE6F55}.Release|Any CPU.ActiveCfg = Release|Any CPU
		{84C6A1B8-0A57-4C6F-8738-3D3C03CE6F55}.Release|Any CPU.Build.0 = Release|Any CPU
		{84C6A1B8-0A57-4C6F-8738-3D3C03CE6F55}.Release|ARM.ActiveCfg = Release|Any CPU
		{84C6A1B8-0A57-4C6F-8738-3D3C03CE6F55}.Release|ARM.Build.0 = Release|Any CPU
		{84C6A1B8-0A57-4C6F-8738-3D3C03CE6F55}.Release|iPhone.ActiveCfg = Release|Any CPU
		{84C6A1B8-0A57-4C6F-8738-3D3C03CE6F55}.Release|iPhone.Build.0 = Release|Any CPU
		{84C6A1B8-0A57-4C6F-8738-3D3C03CE6F55}.Release|iPhoneSimulator.ActiveCfg = Release|Any CPU
		{84C6A1B8-0A57-4C6F-8738-3D3C03CE6F55}.Release|iPhoneSimulator.Build.0 = Release|Any CPU
		{84C6A1B8-0A57-4C6F-8738-3D3C03CE6F55}.Release|x64.ActiveCfg = Release|Any CPU
		{84C6A1B8-0A57-4C6F-8738-3D3C03CE6F55}.Release|x64.Build.0 = Release|Any CPU
		{84C6A1B8-0A57-4C6F-8738-3D3C03CE6F55}.Release|x86.ActiveCfg = Release|Any CPU
		{84C6A1B8-0A57-4C6F-8738-3D3C03CE6F55}.Release|x86.Build.0 = Release|Any CPU
		{007465D6-5714-4E7E-929D-6F01D04E43B6}.Ad-Hoc|Any CPU.ActiveCfg = Debug|Any CPU
		{007465D6-5714-4E7E-929D-6F01D04E43B6}.Ad-Hoc|Any CPU.Build.0 = Debug|Any CPU
		{007465D6-5714-4E7E-929D-6F01D04E43B6}.Ad-Hoc|ARM.ActiveCfg = Debug|Any CPU
		{007465D6-5714-4E7E-929D-6F01D04E43B6}.Ad-Hoc|ARM.Build.0 = Debug|Any CPU
		{007465D6-5714-4E7E-929D-6F01D04E43B6}.Ad-Hoc|iPhone.ActiveCfg = Debug|Any CPU
		{007465D6-5714-4E7E-929D-6F01D04E43B6}.Ad-Hoc|iPhone.Build.0 = Debug|Any CPU
		{007465D6-5714-4E7E-929D-6F01D04E43B6}.Ad-Hoc|iPhoneSimulator.ActiveCfg = Debug|Any CPU
		{007465D6-5714-4E7E-929D-6F01D04E43B6}.Ad-Hoc|iPhoneSimulator.Build.0 = Debug|Any CPU
		{007465D6-5714-4E7E-929D-6F01D04E43B6}.Ad-Hoc|x64.ActiveCfg = Debug|Any CPU
		{007465D6-5714-4E7E-929D-6F01D04E43B6}.Ad-Hoc|x64.Build.0 = Debug|Any CPU
		{007465D6-5714-4E7E-929D-6F01D04E43B6}.Ad-Hoc|x86.ActiveCfg = Debug|Any CPU
		{007465D6-5714-4E7E-929D-6F01D04E43B6}.Ad-Hoc|x86.Build.0 = Debug|Any CPU
		{007465D6-5714-4E7E-929D-6F01D04E43B6}.AppStore|Any CPU.ActiveCfg = Debug|Any CPU
		{007465D6-5714-4E7E-929D-6F01D04E43B6}.AppStore|Any CPU.Build.0 = Debug|Any CPU
		{007465D6-5714-4E7E-929D-6F01D04E43B6}.AppStore|ARM.ActiveCfg = Debug|Any CPU
		{007465D6-5714-4E7E-929D-6F01D04E43B6}.AppStore|ARM.Build.0 = Debug|Any CPU
		{007465D6-5714-4E7E-929D-6F01D04E43B6}.AppStore|iPhone.ActiveCfg = Debug|Any CPU
		{007465D6-5714-4E7E-929D-6F01D04E43B6}.AppStore|iPhone.Build.0 = Debug|Any CPU
		{007465D6-5714-4E7E-929D-6F01D04E43B6}.AppStore|iPhoneSimulator.ActiveCfg = Debug|Any CPU
		{007465D6-5714-4E7E-929D-6F01D04E43B6}.AppStore|iPhoneSimulator.Build.0 = Debug|Any CPU
		{007465D6-5714-4E7E-929D-6F01D04E43B6}.AppStore|x64.ActiveCfg = Debug|Any CPU
		{007465D6-5714-4E7E-929D-6F01D04E43B6}.AppStore|x64.Build.0 = Debug|Any CPU
		{007465D6-5714-4E7E-929D-6F01D04E43B6}.AppStore|x86.ActiveCfg = Debug|Any CPU
		{007465D6-5714-4E7E-929D-6F01D04E43B6}.AppStore|x86.Build.0 = Debug|Any CPU
		{007465D6-5714-4E7E-929D-6F01D04E43B6}.Debug|Any CPU.ActiveCfg = Debug|Any CPU
		{007465D6-5714-4E7E-929D-6F01D04E43B6}.Debug|Any CPU.Build.0 = Debug|Any CPU
		{007465D6-5714-4E7E-929D-6F01D04E43B6}.Debug|ARM.ActiveCfg = Debug|Any CPU
		{007465D6-5714-4E7E-929D-6F01D04E43B6}.Debug|ARM.Build.0 = Debug|Any CPU
		{007465D6-5714-4E7E-929D-6F01D04E43B6}.Debug|iPhone.ActiveCfg = Debug|Any CPU
		{007465D6-5714-4E7E-929D-6F01D04E43B6}.Debug|iPhone.Build.0 = Debug|Any CPU
		{007465D6-5714-4E7E-929D-6F01D04E43B6}.Debug|iPhoneSimulator.ActiveCfg = Debug|Any CPU
		{007465D6-5714-4E7E-929D-6F01D04E43B6}.Debug|iPhoneSimulator.Build.0 = Debug|Any CPU
		{007465D6-5714-4E7E-929D-6F01D04E43B6}.Debug|x64.ActiveCfg = Debug|Any CPU
		{007465D6-5714-4E7E-929D-6F01D04E43B6}.Debug|x64.Build.0 = Debug|Any CPU
		{007465D6-5714-4E7E-929D-6F01D04E43B6}.Debug|x86.ActiveCfg = Debug|Any CPU
		{007465D6-5714-4E7E-929D-6F01D04E43B6}.Debug|x86.Build.0 = Debug|Any CPU
		{007465D6-5714-4E7E-929D-6F01D04E43B6}.Release|Any CPU.ActiveCfg = Release|Any CPU
		{007465D6-5714-4E7E-929D-6F01D04E43B6}.Release|Any CPU.Build.0 = Release|Any CPU
		{007465D6-5714-4E7E-929D-6F01D04E43B6}.Release|ARM.ActiveCfg = Release|Any CPU
		{007465D6-5714-4E7E-929D-6F01D04E43B6}.Release|ARM.Build.0 = Release|Any CPU
		{007465D6-5714-4E7E-929D-6F01D04E43B6}.Release|iPhone.ActiveCfg = Release|Any CPU
		{007465D6-5714-4E7E-929D-6F01D04E43B6}.Release|iPhone.Build.0 = Release|Any CPU
		{007465D6-5714-4E7E-929D-6F01D04E43B6}.Release|iPhoneSimulator.ActiveCfg = Release|Any CPU
		{007465D6-5714-4E7E-929D-6F01D04E43B6}.Release|iPhoneSimulator.Build.0 = Release|Any CPU
		{007465D6-5714-4E7E-929D-6F01D04E43B6}.Release|x64.ActiveCfg = Release|Any CPU
		{007465D6-5714-4E7E-929D-6F01D04E43B6}.Release|x64.Build.0 = Release|Any CPU
		{007465D6-5714-4E7E-929D-6F01D04E43B6}.Release|x86.ActiveCfg = Release|Any CPU
		{007465D6-5714-4E7E-929D-6F01D04E43B6}.Release|x86.Build.0 = Release|Any CPU
		{5A0DD7A1-E497-4051-84B0-2E16B015E012}.Ad-Hoc|Any CPU.ActiveCfg = Debug|Any CPU
		{5A0DD7A1-E497-4051-84B0-2E16B015E012}.Ad-Hoc|Any CPU.Build.0 = Debug|Any CPU
		{5A0DD7A1-E497-4051-84B0-2E16B015E012}.Ad-Hoc|ARM.ActiveCfg = Debug|Any CPU
		{5A0DD7A1-E497-4051-84B0-2E16B015E012}.Ad-Hoc|ARM.Build.0 = Debug|Any CPU
		{5A0DD7A1-E497-4051-84B0-2E16B015E012}.Ad-Hoc|iPhone.ActiveCfg = Debug|Any CPU
		{5A0DD7A1-E497-4051-84B0-2E16B015E012}.Ad-Hoc|iPhone.Build.0 = Debug|Any CPU
		{5A0DD7A1-E497-4051-84B0-2E16B015E012}.Ad-Hoc|iPhoneSimulator.ActiveCfg = Debug|Any CPU
		{5A0DD7A1-E497-4051-84B0-2E16B015E012}.Ad-Hoc|iPhoneSimulator.Build.0 = Debug|Any CPU
		{5A0DD7A1-E497-4051-84B0-2E16B015E012}.Ad-Hoc|x64.ActiveCfg = Debug|Any CPU
		{5A0DD7A1-E497-4051-84B0-2E16B015E012}.Ad-Hoc|x64.Build.0 = Debug|Any CPU
		{5A0DD7A1-E497-4051-84B0-2E16B015E012}.Ad-Hoc|x86.ActiveCfg = Debug|Any CPU
		{5A0DD7A1-E497-4051-84B0-2E16B015E012}.Ad-Hoc|x86.Build.0 = Debug|Any CPU
		{5A0DD7A1-E497-4051-84B0-2E16B015E012}.AppStore|Any CPU.ActiveCfg = Debug|Any CPU
		{5A0DD7A1-E497-4051-84B0-2E16B015E012}.AppStore|Any CPU.Build.0 = Debug|Any CPU
		{5A0DD7A1-E497-4051-84B0-2E16B015E012}.AppStore|ARM.ActiveCfg = Debug|Any CPU
		{5A0DD7A1-E497-4051-84B0-2E16B015E012}.AppStore|ARM.Build.0 = Debug|Any CPU
		{5A0DD7A1-E497-4051-84B0-2E16B015E012}.AppStore|iPhone.ActiveCfg = Debug|Any CPU
		{5A0DD7A1-E497-4051-84B0-2E16B015E012}.AppStore|iPhone.Build.0 = Debug|Any CPU
		{5A0DD7A1-E497-4051-84B0-2E16B015E012}.AppStore|iPhoneSimulator.ActiveCfg = Debug|Any CPU
		{5A0DD7A1-E497-4051-84B0-2E16B015E012}.AppStore|iPhoneSimulator.Build.0 = Debug|Any CPU
		{5A0DD7A1-E497-4051-84B0-2E16B015E012}.AppStore|x64.ActiveCfg = Debug|Any CPU
		{5A0DD7A1-E497-4051-84B0-2E16B015E012}.AppStore|x64.Build.0 = Debug|Any CPU
		{5A0DD7A1-E497-4051-84B0-2E16B015E012}.AppStore|x86.ActiveCfg = Debug|Any CPU
		{5A0DD7A1-E497-4051-84B0-2E16B015E012}.AppStore|x86.Build.0 = Debug|Any CPU
		{5A0DD7A1-E497-4051-84B0-2E16B015E012}.Debug|Any CPU.ActiveCfg = Debug|Any CPU
		{5A0DD7A1-E497-4051-84B0-2E16B015E012}.Debug|Any CPU.Build.0 = Debug|Any CPU
		{5A0DD7A1-E497-4051-84B0-2E16B015E012}.Debug|ARM.ActiveCfg = Debug|Any CPU
		{5A0DD7A1-E497-4051-84B0-2E16B015E012}.Debug|ARM.Build.0 = Debug|Any CPU
		{5A0DD7A1-E497-4051-84B0-2E16B015E012}.Debug|iPhone.ActiveCfg = Debug|Any CPU
		{5A0DD7A1-E497-4051-84B0-2E16B015E012}.Debug|iPhone.Build.0 = Debug|Any CPU
		{5A0DD7A1-E497-4051-84B0-2E16B015E012}.Debug|iPhoneSimulator.ActiveCfg = Debug|Any CPU
		{5A0DD7A1-E497-4051-84B0-2E16B015E012}.Debug|iPhoneSimulator.Build.0 = Debug|Any CPU
		{5A0DD7A1-E497-4051-84B0-2E16B015E012}.Debug|x64.ActiveCfg = Debug|Any CPU
		{5A0DD7A1-E497-4051-84B0-2E16B015E012}.Debug|x64.Build.0 = Debug|Any CPU
		{5A0DD7A1-E497-4051-84B0-2E16B015E012}.Debug|x86.ActiveCfg = Debug|Any CPU
		{5A0DD7A1-E497-4051-84B0-2E16B015E012}.Debug|x86.Build.0 = Debug|Any CPU
		{5A0DD7A1-E497-4051-84B0-2E16B015E012}.Release|Any CPU.ActiveCfg = Release|Any CPU
		{5A0DD7A1-E497-4051-84B0-2E16B015E012}.Release|Any CPU.Build.0 = Release|Any CPU
		{5A0DD7A1-E497-4051-84B0-2E16B015E012}.Release|ARM.ActiveCfg = Release|Any CPU
		{5A0DD7A1-E497-4051-84B0-2E16B015E012}.Release|ARM.Build.0 = Release|Any CPU
		{5A0DD7A1-E497-4051-84B0-2E16B015E012}.Release|iPhone.ActiveCfg = Release|Any CPU
		{5A0DD7A1-E497-4051-84B0-2E16B015E012}.Release|iPhone.Build.0 = Release|Any CPU
		{5A0DD7A1-E497-4051-84B0-2E16B015E012}.Release|iPhoneSimulator.ActiveCfg = Release|Any CPU
		{5A0DD7A1-E497-4051-84B0-2E16B015E012}.Release|iPhoneSimulator.Build.0 = Release|Any CPU
		{5A0DD7A1-E497-4051-84B0-2E16B015E012}.Release|x64.ActiveCfg = Release|Any CPU
		{5A0DD7A1-E497-4051-84B0-2E16B015E012}.Release|x64.Build.0 = Release|Any CPU
		{5A0DD7A1-E497-4051-84B0-2E16B015E012}.Release|x86.ActiveCfg = Release|Any CPU
		{5A0DD7A1-E497-4051-84B0-2E16B015E012}.Release|x86.Build.0 = Release|Any CPU
		{BE287E27-B7BC-44F5-8E0D-2F1A6E016D47}.Ad-Hoc|Any CPU.ActiveCfg = Debug|Any CPU
		{BE287E27-B7BC-44F5-8E0D-2F1A6E016D47}.Ad-Hoc|Any CPU.Build.0 = Debug|Any CPU
		{BE287E27-B7BC-44F5-8E0D-2F1A6E016D47}.Ad-Hoc|ARM.ActiveCfg = Debug|Any CPU
		{BE287E27-B7BC-44F5-8E0D-2F1A6E016D47}.Ad-Hoc|ARM.Build.0 = Debug|Any CPU
		{BE287E27-B7BC-44F5-8E0D-2F1A6E016D47}.Ad-Hoc|iPhone.ActiveCfg = Debug|Any CPU
		{BE287E27-B7BC-44F5-8E0D-2F1A6E016D47}.Ad-Hoc|iPhone.Build.0 = Debug|Any CPU
		{BE287E27-B7BC-44F5-8E0D-2F1A6E016D47}.Ad-Hoc|iPhoneSimulator.ActiveCfg = Debug|Any CPU
		{BE287E27-B7BC-44F5-8E0D-2F1A6E016D47}.Ad-Hoc|iPhoneSimulator.Build.0 = Debug|Any CPU
		{BE287E27-B7BC-44F5-8E0D-2F1A6E016D47}.Ad-Hoc|x64.ActiveCfg = Debug|Any CPU
		{BE287E27-B7BC-44F5-8E0D-2F1A6E016D47}.Ad-Hoc|x64.Build.0 = Debug|Any CPU
		{BE287E27-B7BC-44F5-8E0D-2F1A6E016D47}.Ad-Hoc|x86.ActiveCfg = Debug|Any CPU
		{BE287E27-B7BC-44F5-8E0D-2F1A6E016D47}.Ad-Hoc|x86.Build.0 = Debug|Any CPU
		{BE287E27-B7BC-44F5-8E0D-2F1A6E016D47}.AppStore|Any CPU.ActiveCfg = Debug|Any CPU
		{BE287E27-B7BC-44F5-8E0D-2F1A6E016D47}.AppStore|Any CPU.Build.0 = Debug|Any CPU
		{BE287E27-B7BC-44F5-8E0D-2F1A6E016D47}.AppStore|ARM.ActiveCfg = Debug|Any CPU
		{BE287E27-B7BC-44F5-8E0D-2F1A6E016D47}.AppStore|ARM.Build.0 = Debug|Any CPU
		{BE287E27-B7BC-44F5-8E0D-2F1A6E016D47}.AppStore|iPhone.ActiveCfg = Debug|Any CPU
		{BE287E27-B7BC-44F5-8E0D-2F1A6E016D47}.AppStore|iPhone.Build.0 = Debug|Any CPU
		{BE287E27-B7BC-44F5-8E0D-2F1A6E016D47}.AppStore|iPhoneSimulator.ActiveCfg = Debug|Any CPU
		{BE287E27-B7BC-44F5-8E0D-2F1A6E016D47}.AppStore|iPhoneSimulator.Build.0 = Debug|Any CPU
		{BE287E27-B7BC-44F5-8E0D-2F1A6E016D47}.AppStore|x64.ActiveCfg = Debug|Any CPU
		{BE287E27-B7BC-44F5-8E0D-2F1A6E016D47}.AppStore|x64.Build.0 = Debug|Any CPU
		{BE287E27-B7BC-44F5-8E0D-2F1A6E016D47}.AppStore|x86.ActiveCfg = Debug|Any CPU
		{BE287E27-B7BC-44F5-8E0D-2F1A6E016D47}.AppStore|x86.Build.0 = Debug|Any CPU
		{BE287E27-B7BC-44F5-8E0D-2F1A6E016D47}.Debug|Any CPU.ActiveCfg = Debug|Any CPU
		{BE287E27-B7BC-44F5-8E0D-2F1A6E016D47}.Debug|Any CPU.Build.0 = Debug|Any CPU
		{BE287E27-B7BC-44F5-8E0D-2F1A6E016D47}.Debug|ARM.ActiveCfg = Debug|Any CPU
		{BE287E27-B7BC-44F5-8E0D-2F1A6E016D47}.Debug|ARM.Build.0 = Debug|Any CPU
		{BE287E27-B7BC-44F5-8E0D-2F1A6E016D47}.Debug|iPhone.ActiveCfg = Debug|Any CPU
		{BE287E27-B7BC-44F5-8E0D-2F1A6E016D47}.Debug|iPhone.Build.0 = Debug|Any CPU
		{BE287E27-B7BC-44F5-8E0D-2F1A6E016D47}.Debug|iPhoneSimulator.ActiveCfg = Debug|Any CPU
		{BE287E27-B7BC-44F5-8E0D-2F1A6E016D47}.Debug|iPhoneSimulator.Build.0 = Debug|Any CPU
		{BE287E27-B7BC-44F5-8E0D-2F1A6E016D47}.Debug|x64.ActiveCfg = Debug|Any CPU
		{BE287E27-B7BC-44F5-8E0D-2F1A6E016D47}.Debug|x64.Build.0 = Debug|Any CPU
		{BE287E27-B7BC-44F5-8E0D-2F1A6E016D47}.Debug|x86.ActiveCfg = Debug|Any CPU
		{BE287E27-B7BC-44F5-8E0D-2F1A6E016D47}.Debug|x86.Build.0 = Debug|Any CPU
		{BE287E27-B7BC-44F5-8E0D-2F1A6E016D47}.Release|Any CPU.ActiveCfg = Release|Any CPU
		{BE287E27-B7BC-44F5-8E0D-2F1A6E016D47}.Release|Any CPU.Build.0 = Release|Any CPU
		{BE287E27-B7BC-44F5-8E0D-2F1A6E016D47}.Release|ARM.ActiveCfg = Release|Any CPU
		{BE287E27-B7BC-44F5-8E0D-2F1A6E016D47}.Release|ARM.Build.0 = Release|Any CPU
		{BE287E27-B7BC-44F5-8E0D-2F1A6E016D47}.Release|iPhone.ActiveCfg = Release|Any CPU
		{BE287E27-B7BC-44F5-8E0D-2F1A6E016D47}.Release|iPhone.Build.0 = Release|Any CPU
		{BE287E27-B7BC-44F5-8E0D-2F1A6E016D47}.Release|iPhoneSimulator.ActiveCfg = Release|Any CPU
		{BE287E27-B7BC-44F5-8E0D-2F1A6E016D47}.Release|iPhoneSimulator.Build.0 = Release|Any CPU
		{BE287E27-B7BC-44F5-8E0D-2F1A6E016D47}.Release|x64.ActiveCfg = Release|Any CPU
		{BE287E27-B7BC-44F5-8E0D-2F1A6E016D47}.Release|x64.Build.0 = Release|Any CPU
		{BE287E27-B7BC-44F5-8E0D-2F1A6E016D47}.Release|x86.ActiveCfg = Release|Any CPU
		{BE287E27-B7BC-44F5-8E0D-2F1A6E016D47}.Release|x86.Build.0 = Release|Any CPU
		{E76DB2CB-7A95-40B0-9A50-230320554B6B}.Ad-Hoc|Any CPU.ActiveCfg = Debug|Any CPU
		{E76DB2CB-7A95-40B0-9A50-230320554B6B}.Ad-Hoc|Any CPU.Build.0 = Debug|Any CPU
		{E76DB2CB-7A95-40B0-9A50-230320554B6B}.Ad-Hoc|ARM.ActiveCfg = Debug|Any CPU
		{E76DB2CB-7A95-40B0-9A50-230320554B6B}.Ad-Hoc|ARM.Build.0 = Debug|Any CPU
		{E76DB2CB-7A95-40B0-9A50-230320554B6B}.Ad-Hoc|iPhone.ActiveCfg = Debug|Any CPU
		{E76DB2CB-7A95-40B0-9A50-230320554B6B}.Ad-Hoc|iPhone.Build.0 = Debug|Any CPU
		{E76DB2CB-7A95-40B0-9A50-230320554B6B}.Ad-Hoc|iPhoneSimulator.ActiveCfg = Debug|Any CPU
		{E76DB2CB-7A95-40B0-9A50-230320554B6B}.Ad-Hoc|iPhoneSimulator.Build.0 = Debug|Any CPU
		{E76DB2CB-7A95-40B0-9A50-230320554B6B}.Ad-Hoc|x64.ActiveCfg = Debug|Any CPU
		{E76DB2CB-7A95-40B0-9A50-230320554B6B}.Ad-Hoc|x64.Build.0 = Debug|Any CPU
		{E76DB2CB-7A95-40B0-9A50-230320554B6B}.Ad-Hoc|x86.ActiveCfg = Debug|Any CPU
		{E76DB2CB-7A95-40B0-9A50-230320554B6B}.Ad-Hoc|x86.Build.0 = Debug|Any CPU
		{E76DB2CB-7A95-40B0-9A50-230320554B6B}.AppStore|Any CPU.ActiveCfg = Debug|Any CPU
		{E76DB2CB-7A95-40B0-9A50-230320554B6B}.AppStore|Any CPU.Build.0 = Debug|Any CPU
		{E76DB2CB-7A95-40B0-9A50-230320554B6B}.AppStore|ARM.ActiveCfg = Debug|Any CPU
		{E76DB2CB-7A95-40B0-9A50-230320554B6B}.AppStore|ARM.Build.0 = Debug|Any CPU
		{E76DB2CB-7A95-40B0-9A50-230320554B6B}.AppStore|iPhone.ActiveCfg = Debug|Any CPU
		{E76DB2CB-7A95-40B0-9A50-230320554B6B}.AppStore|iPhone.Build.0 = Debug|Any CPU
		{E76DB2CB-7A95-40B0-9A50-230320554B6B}.AppStore|iPhoneSimulator.ActiveCfg = Debug|Any CPU
		{E76DB2CB-7A95-40B0-9A50-230320554B6B}.AppStore|iPhoneSimulator.Build.0 = Debug|Any CPU
		{E76DB2CB-7A95-40B0-9A50-230320554B6B}.AppStore|x64.ActiveCfg = Debug|Any CPU
		{E76DB2CB-7A95-40B0-9A50-230320554B6B}.AppStore|x64.Build.0 = Debug|Any CPU
		{E76DB2CB-7A95-40B0-9A50-230320554B6B}.AppStore|x86.ActiveCfg = Debug|Any CPU
		{E76DB2CB-7A95-40B0-9A50-230320554B6B}.AppStore|x86.Build.0 = Debug|Any CPU
		{E76DB2CB-7A95-40B0-9A50-230320554B6B}.Debug|Any CPU.ActiveCfg = Debug|Any CPU
		{E76DB2CB-7A95-40B0-9A50-230320554B6B}.Debug|Any CPU.Build.0 = Debug|Any CPU
		{E76DB2CB-7A95-40B0-9A50-230320554B6B}.Debug|ARM.ActiveCfg = Debug|Any CPU
		{E76DB2CB-7A95-40B0-9A50-230320554B6B}.Debug|ARM.Build.0 = Debug|Any CPU
		{E76DB2CB-7A95-40B0-9A50-230320554B6B}.Debug|iPhone.ActiveCfg = Debug|Any CPU
		{E76DB2CB-7A95-40B0-9A50-230320554B6B}.Debug|iPhone.Build.0 = Debug|Any CPU
		{E76DB2CB-7A95-40B0-9A50-230320554B6B}.Debug|iPhoneSimulator.ActiveCfg = Debug|Any CPU
		{E76DB2CB-7A95-40B0-9A50-230320554B6B}.Debug|iPhoneSimulator.Build.0 = Debug|Any CPU
		{E76DB2CB-7A95-40B0-9A50-230320554B6B}.Debug|x64.ActiveCfg = Debug|Any CPU
		{E76DB2CB-7A95-40B0-9A50-230320554B6B}.Debug|x64.Build.0 = Debug|Any CPU
		{E76DB2CB-7A95-40B0-9A50-230320554B6B}.Debug|x86.ActiveCfg = Debug|Any CPU
		{E76DB2CB-7A95-40B0-9A50-230320554B6B}.Debug|x86.Build.0 = Debug|Any CPU
		{E76DB2CB-7A95-40B0-9A50-230320554B6B}.Release|Any CPU.ActiveCfg = Release|Any CPU
		{E76DB2CB-7A95-40B0-9A50-230320554B6B}.Release|Any CPU.Build.0 = Release|Any CPU
		{E76DB2CB-7A95-40B0-9A50-230320554B6B}.Release|ARM.ActiveCfg = Release|Any CPU
		{E76DB2CB-7A95-40B0-9A50-230320554B6B}.Release|ARM.Build.0 = Release|Any CPU
		{E76DB2CB-7A95-40B0-9A50-230320554B6B}.Release|iPhone.ActiveCfg = Release|Any CPU
		{E76DB2CB-7A95-40B0-9A50-230320554B6B}.Release|iPhone.Build.0 = Release|Any CPU
		{E76DB2CB-7A95-40B0-9A50-230320554B6B}.Release|iPhoneSimulator.ActiveCfg = Release|Any CPU
		{E76DB2CB-7A95-40B0-9A50-230320554B6B}.Release|iPhoneSimulator.Build.0 = Release|Any CPU
		{E76DB2CB-7A95-40B0-9A50-230320554B6B}.Release|x64.ActiveCfg = Release|Any CPU
		{E76DB2CB-7A95-40B0-9A50-230320554B6B}.Release|x64.Build.0 = Release|Any CPU
		{E76DB2CB-7A95-40B0-9A50-230320554B6B}.Release|x86.ActiveCfg = Release|Any CPU
		{E76DB2CB-7A95-40B0-9A50-230320554B6B}.Release|x86.Build.0 = Release|Any CPU
		{34905983-1F79-4B74-9BB0-D1DC7D24B8BF}.Ad-Hoc|Any CPU.ActiveCfg = Debug|Any CPU
		{34905983-1F79-4B74-9BB0-D1DC7D24B8BF}.Ad-Hoc|Any CPU.Build.0 = Debug|Any CPU
		{34905983-1F79-4B74-9BB0-D1DC7D24B8BF}.Ad-Hoc|ARM.ActiveCfg = Debug|Any CPU
		{34905983-1F79-4B74-9BB0-D1DC7D24B8BF}.Ad-Hoc|ARM.Build.0 = Debug|Any CPU
		{34905983-1F79-4B74-9BB0-D1DC7D24B8BF}.Ad-Hoc|iPhone.ActiveCfg = Debug|Any CPU
		{34905983-1F79-4B74-9BB0-D1DC7D24B8BF}.Ad-Hoc|iPhone.Build.0 = Debug|Any CPU
		{34905983-1F79-4B74-9BB0-D1DC7D24B8BF}.Ad-Hoc|iPhoneSimulator.ActiveCfg = Debug|Any CPU
		{34905983-1F79-4B74-9BB0-D1DC7D24B8BF}.Ad-Hoc|iPhoneSimulator.Build.0 = Debug|Any CPU
		{34905983-1F79-4B74-9BB0-D1DC7D24B8BF}.Ad-Hoc|x64.ActiveCfg = Debug|Any CPU
		{34905983-1F79-4B74-9BB0-D1DC7D24B8BF}.Ad-Hoc|x64.Build.0 = Debug|Any CPU
		{34905983-1F79-4B74-9BB0-D1DC7D24B8BF}.Ad-Hoc|x86.ActiveCfg = Debug|Any CPU
		{34905983-1F79-4B74-9BB0-D1DC7D24B8BF}.Ad-Hoc|x86.Build.0 = Debug|Any CPU
		{34905983-1F79-4B74-9BB0-D1DC7D24B8BF}.AppStore|Any CPU.ActiveCfg = Debug|Any CPU
		{34905983-1F79-4B74-9BB0-D1DC7D24B8BF}.AppStore|Any CPU.Build.0 = Debug|Any CPU
		{34905983-1F79-4B74-9BB0-D1DC7D24B8BF}.AppStore|ARM.ActiveCfg = Debug|Any CPU
		{34905983-1F79-4B74-9BB0-D1DC7D24B8BF}.AppStore|ARM.Build.0 = Debug|Any CPU
		{34905983-1F79-4B74-9BB0-D1DC7D24B8BF}.AppStore|iPhone.ActiveCfg = Debug|Any CPU
		{34905983-1F79-4B74-9BB0-D1DC7D24B8BF}.AppStore|iPhone.Build.0 = Debug|Any CPU
		{34905983-1F79-4B74-9BB0-D1DC7D24B8BF}.AppStore|iPhoneSimulator.ActiveCfg = Debug|Any CPU
		{34905983-1F79-4B74-9BB0-D1DC7D24B8BF}.AppStore|iPhoneSimulator.Build.0 = Debug|Any CPU
		{34905983-1F79-4B74-9BB0-D1DC7D24B8BF}.AppStore|x64.ActiveCfg = Debug|Any CPU
		{34905983-1F79-4B74-9BB0-D1DC7D24B8BF}.AppStore|x64.Build.0 = Debug|Any CPU
		{34905983-1F79-4B74-9BB0-D1DC7D24B8BF}.AppStore|x86.ActiveCfg = Debug|Any CPU
		{34905983-1F79-4B74-9BB0-D1DC7D24B8BF}.AppStore|x86.Build.0 = Debug|Any CPU
		{34905983-1F79-4B74-9BB0-D1DC7D24B8BF}.Debug|Any CPU.ActiveCfg = Debug|Any CPU
		{34905983-1F79-4B74-9BB0-D1DC7D24B8BF}.Debug|Any CPU.Build.0 = Debug|Any CPU
		{34905983-1F79-4B74-9BB0-D1DC7D24B8BF}.Debug|ARM.ActiveCfg = Debug|Any CPU
		{34905983-1F79-4B74-9BB0-D1DC7D24B8BF}.Debug|ARM.Build.0 = Debug|Any CPU
		{34905983-1F79-4B74-9BB0-D1DC7D24B8BF}.Debug|iPhone.ActiveCfg = Debug|Any CPU
		{34905983-1F79-4B74-9BB0-D1DC7D24B8BF}.Debug|iPhone.Build.0 = Debug|Any CPU
		{34905983-1F79-4B74-9BB0-D1DC7D24B8BF}.Debug|iPhoneSimulator.ActiveCfg = Debug|Any CPU
		{34905983-1F79-4B74-9BB0-D1DC7D24B8BF}.Debug|iPhoneSimulator.Build.0 = Debug|Any CPU
		{34905983-1F79-4B74-9BB0-D1DC7D24B8BF}.Debug|x64.ActiveCfg = Debug|Any CPU
		{34905983-1F79-4B74-9BB0-D1DC7D24B8BF}.Debug|x64.Build.0 = Debug|Any CPU
		{34905983-1F79-4B74-9BB0-D1DC7D24B8BF}.Debug|x86.ActiveCfg = Debug|Any CPU
		{34905983-1F79-4B74-9BB0-D1DC7D24B8BF}.Debug|x86.Build.0 = Debug|Any CPU
		{34905983-1F79-4B74-9BB0-D1DC7D24B8BF}.Release|Any CPU.ActiveCfg = Release|Any CPU
		{34905983-1F79-4B74-9BB0-D1DC7D24B8BF}.Release|Any CPU.Build.0 = Release|Any CPU
		{34905983-1F79-4B74-9BB0-D1DC7D24B8BF}.Release|ARM.ActiveCfg = Release|Any CPU
		{34905983-1F79-4B74-9BB0-D1DC7D24B8BF}.Release|ARM.Build.0 = Release|Any CPU
		{34905983-1F79-4B74-9BB0-D1DC7D24B8BF}.Release|iPhone.ActiveCfg = Release|Any CPU
		{34905983-1F79-4B74-9BB0-D1DC7D24B8BF}.Release|iPhone.Build.0 = Release|Any CPU
		{34905983-1F79-4B74-9BB0-D1DC7D24B8BF}.Release|iPhoneSimulator.ActiveCfg = Release|Any CPU
		{34905983-1F79-4B74-9BB0-D1DC7D24B8BF}.Release|iPhoneSimulator.Build.0 = Release|Any CPU
		{34905983-1F79-4B74-9BB0-D1DC7D24B8BF}.Release|x64.ActiveCfg = Release|Any CPU
		{34905983-1F79-4B74-9BB0-D1DC7D24B8BF}.Release|x64.Build.0 = Release|Any CPU
		{34905983-1F79-4B74-9BB0-D1DC7D24B8BF}.Release|x86.ActiveCfg = Release|Any CPU
		{34905983-1F79-4B74-9BB0-D1DC7D24B8BF}.Release|x86.Build.0 = Release|Any CPU
		{B2E9F094-425F-4899-A979-338C940A917B}.Ad-Hoc|Any CPU.ActiveCfg = Debug|Any CPU
		{B2E9F094-425F-4899-A979-338C940A917B}.Ad-Hoc|Any CPU.Build.0 = Debug|Any CPU
		{B2E9F094-425F-4899-A979-338C940A917B}.Ad-Hoc|ARM.ActiveCfg = Debug|Any CPU
		{B2E9F094-425F-4899-A979-338C940A917B}.Ad-Hoc|ARM.Build.0 = Debug|Any CPU
		{B2E9F094-425F-4899-A979-338C940A917B}.Ad-Hoc|iPhone.ActiveCfg = Debug|Any CPU
		{B2E9F094-425F-4899-A979-338C940A917B}.Ad-Hoc|iPhone.Build.0 = Debug|Any CPU
		{B2E9F094-425F-4899-A979-338C940A917B}.Ad-Hoc|iPhoneSimulator.ActiveCfg = Debug|Any CPU
		{B2E9F094-425F-4899-A979-338C940A917B}.Ad-Hoc|iPhoneSimulator.Build.0 = Debug|Any CPU
		{B2E9F094-425F-4899-A979-338C940A917B}.Ad-Hoc|x64.ActiveCfg = Debug|Any CPU
		{B2E9F094-425F-4899-A979-338C940A917B}.Ad-Hoc|x64.Build.0 = Debug|Any CPU
		{B2E9F094-425F-4899-A979-338C940A917B}.Ad-Hoc|x86.ActiveCfg = Debug|Any CPU
		{B2E9F094-425F-4899-A979-338C940A917B}.Ad-Hoc|x86.Build.0 = Debug|Any CPU
		{B2E9F094-425F-4899-A979-338C940A917B}.AppStore|Any CPU.ActiveCfg = Debug|Any CPU
		{B2E9F094-425F-4899-A979-338C940A917B}.AppStore|Any CPU.Build.0 = Debug|Any CPU
		{B2E9F094-425F-4899-A979-338C940A917B}.AppStore|ARM.ActiveCfg = Debug|Any CPU
		{B2E9F094-425F-4899-A979-338C940A917B}.AppStore|ARM.Build.0 = Debug|Any CPU
		{B2E9F094-425F-4899-A979-338C940A917B}.AppStore|iPhone.ActiveCfg = Debug|Any CPU
		{B2E9F094-425F-4899-A979-338C940A917B}.AppStore|iPhone.Build.0 = Debug|Any CPU
		{B2E9F094-425F-4899-A979-338C940A917B}.AppStore|iPhoneSimulator.ActiveCfg = Debug|Any CPU
		{B2E9F094-425F-4899-A979-338C940A917B}.AppStore|iPhoneSimulator.Build.0 = Debug|Any CPU
		{B2E9F094-425F-4899-A979-338C940A917B}.AppStore|x64.ActiveCfg = Debug|Any CPU
		{B2E9F094-425F-4899-A979-338C940A917B}.AppStore|x64.Build.0 = Debug|Any CPU
		{B2E9F094-425F-4899-A979-338C940A917B}.AppStore|x86.ActiveCfg = Debug|Any CPU
		{B2E9F094-425F-4899-A979-338C940A917B}.AppStore|x86.Build.0 = Debug|Any CPU
		{B2E9F094-425F-4899-A979-338C940A917B}.Debug|Any CPU.ActiveCfg = Debug|Any CPU
		{B2E9F094-425F-4899-A979-338C940A917B}.Debug|Any CPU.Build.0 = Debug|Any CPU
		{B2E9F094-425F-4899-A979-338C940A917B}.Debug|ARM.ActiveCfg = Debug|Any CPU
		{B2E9F094-425F-4899-A979-338C940A917B}.Debug|ARM.Build.0 = Debug|Any CPU
		{B2E9F094-425F-4899-A979-338C940A917B}.Debug|iPhone.ActiveCfg = Debug|Any CPU
		{B2E9F094-425F-4899-A979-338C940A917B}.Debug|iPhone.Build.0 = Debug|Any CPU
		{B2E9F094-425F-4899-A979-338C940A917B}.Debug|iPhoneSimulator.ActiveCfg = Debug|Any CPU
		{B2E9F094-425F-4899-A979-338C940A917B}.Debug|iPhoneSimulator.Build.0 = Debug|Any CPU
		{B2E9F094-425F-4899-A979-338C940A917B}.Debug|x64.ActiveCfg = Debug|Any CPU
		{B2E9F094-425F-4899-A979-338C940A917B}.Debug|x64.Build.0 = Debug|Any CPU
		{B2E9F094-425F-4899-A979-338C940A917B}.Debug|x86.ActiveCfg = Debug|Any CPU
		{B2E9F094-425F-4899-A979-338C940A917B}.Debug|x86.Build.0 = Debug|Any CPU
		{B2E9F094-425F-4899-A979-338C940A917B}.Release|Any CPU.ActiveCfg = Release|Any CPU
		{B2E9F094-425F-4899-A979-338C940A917B}.Release|Any CPU.Build.0 = Release|Any CPU
		{B2E9F094-425F-4899-A979-338C940A917B}.Release|ARM.ActiveCfg = Release|Any CPU
		{B2E9F094-425F-4899-A979-338C940A917B}.Release|ARM.Build.0 = Release|Any CPU
		{B2E9F094-425F-4899-A979-338C940A917B}.Release|iPhone.ActiveCfg = Release|Any CPU
		{B2E9F094-425F-4899-A979-338C940A917B}.Release|iPhone.Build.0 = Release|Any CPU
		{B2E9F094-425F-4899-A979-338C940A917B}.Release|iPhoneSimulator.ActiveCfg = Release|Any CPU
		{B2E9F094-425F-4899-A979-338C940A917B}.Release|iPhoneSimulator.Build.0 = Release|Any CPU
		{B2E9F094-425F-4899-A979-338C940A917B}.Release|x64.ActiveCfg = Release|Any CPU
		{B2E9F094-425F-4899-A979-338C940A917B}.Release|x64.Build.0 = Release|Any CPU
		{B2E9F094-425F-4899-A979-338C940A917B}.Release|x86.ActiveCfg = Release|Any CPU
		{B2E9F094-425F-4899-A979-338C940A917B}.Release|x86.Build.0 = Release|Any CPU
		{22AD683C-25C2-45C9-8FD0-74E9A43628FB}.Ad-Hoc|Any CPU.ActiveCfg = Debug|Any CPU
		{22AD683C-25C2-45C9-8FD0-74E9A43628FB}.Ad-Hoc|Any CPU.Build.0 = Debug|Any CPU
		{22AD683C-25C2-45C9-8FD0-74E9A43628FB}.Ad-Hoc|ARM.ActiveCfg = Debug|Any CPU
		{22AD683C-25C2-45C9-8FD0-74E9A43628FB}.Ad-Hoc|ARM.Build.0 = Debug|Any CPU
		{22AD683C-25C2-45C9-8FD0-74E9A43628FB}.Ad-Hoc|iPhone.ActiveCfg = Debug|Any CPU
		{22AD683C-25C2-45C9-8FD0-74E9A43628FB}.Ad-Hoc|iPhone.Build.0 = Debug|Any CPU
		{22AD683C-25C2-45C9-8FD0-74E9A43628FB}.Ad-Hoc|iPhoneSimulator.ActiveCfg = Debug|Any CPU
		{22AD683C-25C2-45C9-8FD0-74E9A43628FB}.Ad-Hoc|iPhoneSimulator.Build.0 = Debug|Any CPU
		{22AD683C-25C2-45C9-8FD0-74E9A43628FB}.Ad-Hoc|x64.ActiveCfg = Debug|Any CPU
		{22AD683C-25C2-45C9-8FD0-74E9A43628FB}.Ad-Hoc|x64.Build.0 = Debug|Any CPU
		{22AD683C-25C2-45C9-8FD0-74E9A43628FB}.Ad-Hoc|x86.ActiveCfg = Debug|Any CPU
		{22AD683C-25C2-45C9-8FD0-74E9A43628FB}.Ad-Hoc|x86.Build.0 = Debug|Any CPU
		{22AD683C-25C2-45C9-8FD0-74E9A43628FB}.AppStore|Any CPU.ActiveCfg = Debug|Any CPU
		{22AD683C-25C2-45C9-8FD0-74E9A43628FB}.AppStore|Any CPU.Build.0 = Debug|Any CPU
		{22AD683C-25C2-45C9-8FD0-74E9A43628FB}.AppStore|ARM.ActiveCfg = Debug|Any CPU
		{22AD683C-25C2-45C9-8FD0-74E9A43628FB}.AppStore|ARM.Build.0 = Debug|Any CPU
		{22AD683C-25C2-45C9-8FD0-74E9A43628FB}.AppStore|iPhone.ActiveCfg = Debug|Any CPU
		{22AD683C-25C2-45C9-8FD0-74E9A43628FB}.AppStore|iPhone.Build.0 = Debug|Any CPU
		{22AD683C-25C2-45C9-8FD0-74E9A43628FB}.AppStore|iPhoneSimulator.ActiveCfg = Debug|Any CPU
		{22AD683C-25C2-45C9-8FD0-74E9A43628FB}.AppStore|iPhoneSimulator.Build.0 = Debug|Any CPU
		{22AD683C-25C2-45C9-8FD0-74E9A43628FB}.AppStore|x64.ActiveCfg = Debug|Any CPU
		{22AD683C-25C2-45C9-8FD0-74E9A43628FB}.AppStore|x64.Build.0 = Debug|Any CPU
		{22AD683C-25C2-45C9-8FD0-74E9A43628FB}.AppStore|x86.ActiveCfg = Debug|Any CPU
		{22AD683C-25C2-45C9-8FD0-74E9A43628FB}.AppStore|x86.Build.0 = Debug|Any CPU
		{22AD683C-25C2-45C9-8FD0-74E9A43628FB}.Debug|Any CPU.ActiveCfg = Debug|Any CPU
		{22AD683C-25C2-45C9-8FD0-74E9A43628FB}.Debug|Any CPU.Build.0 = Debug|Any CPU
		{22AD683C-25C2-45C9-8FD0-74E9A43628FB}.Debug|ARM.ActiveCfg = Debug|Any CPU
		{22AD683C-25C2-45C9-8FD0-74E9A43628FB}.Debug|ARM.Build.0 = Debug|Any CPU
		{22AD683C-25C2-45C9-8FD0-74E9A43628FB}.Debug|iPhone.ActiveCfg = Debug|Any CPU
		{22AD683C-25C2-45C9-8FD0-74E9A43628FB}.Debug|iPhone.Build.0 = Debug|Any CPU
		{22AD683C-25C2-45C9-8FD0-74E9A43628FB}.Debug|iPhoneSimulator.ActiveCfg = Debug|Any CPU
		{22AD683C-25C2-45C9-8FD0-74E9A43628FB}.Debug|iPhoneSimulator.Build.0 = Debug|Any CPU
		{22AD683C-25C2-45C9-8FD0-74E9A43628FB}.Debug|x64.ActiveCfg = Debug|Any CPU
		{22AD683C-25C2-45C9-8FD0-74E9A43628FB}.Debug|x64.Build.0 = Debug|Any CPU
		{22AD683C-25C2-45C9-8FD0-74E9A43628FB}.Debug|x86.ActiveCfg = Debug|Any CPU
		{22AD683C-25C2-45C9-8FD0-74E9A43628FB}.Debug|x86.Build.0 = Debug|Any CPU
		{22AD683C-25C2-45C9-8FD0-74E9A43628FB}.Release|Any CPU.ActiveCfg = Release|Any CPU
		{22AD683C-25C2-45C9-8FD0-74E9A43628FB}.Release|Any CPU.Build.0 = Release|Any CPU
		{22AD683C-25C2-45C9-8FD0-74E9A43628FB}.Release|ARM.ActiveCfg = Release|Any CPU
		{22AD683C-25C2-45C9-8FD0-74E9A43628FB}.Release|ARM.Build.0 = Release|Any CPU
		{22AD683C-25C2-45C9-8FD0-74E9A43628FB}.Release|iPhone.ActiveCfg = Release|Any CPU
		{22AD683C-25C2-45C9-8FD0-74E9A43628FB}.Release|iPhone.Build.0 = Release|Any CPU
		{22AD683C-25C2-45C9-8FD0-74E9A43628FB}.Release|iPhoneSimulator.ActiveCfg = Release|Any CPU
		{22AD683C-25C2-45C9-8FD0-74E9A43628FB}.Release|iPhoneSimulator.Build.0 = Release|Any CPU
		{22AD683C-25C2-45C9-8FD0-74E9A43628FB}.Release|x64.ActiveCfg = Release|Any CPU
		{22AD683C-25C2-45C9-8FD0-74E9A43628FB}.Release|x64.Build.0 = Release|Any CPU
		{22AD683C-25C2-45C9-8FD0-74E9A43628FB}.Release|x86.ActiveCfg = Release|Any CPU
		{22AD683C-25C2-45C9-8FD0-74E9A43628FB}.Release|x86.Build.0 = Release|Any CPU
		{204B1F42-0D9C-4349-87C5-34148E3D170A}.Ad-Hoc|Any CPU.ActiveCfg = Debug|Any CPU
		{204B1F42-0D9C-4349-87C5-34148E3D170A}.Ad-Hoc|Any CPU.Build.0 = Debug|Any CPU
		{204B1F42-0D9C-4349-87C5-34148E3D170A}.Ad-Hoc|ARM.ActiveCfg = Debug|Any CPU
		{204B1F42-0D9C-4349-87C5-34148E3D170A}.Ad-Hoc|ARM.Build.0 = Debug|Any CPU
		{204B1F42-0D9C-4349-87C5-34148E3D170A}.Ad-Hoc|iPhone.ActiveCfg = Debug|Any CPU
		{204B1F42-0D9C-4349-87C5-34148E3D170A}.Ad-Hoc|iPhone.Build.0 = Debug|Any CPU
		{204B1F42-0D9C-4349-87C5-34148E3D170A}.Ad-Hoc|iPhoneSimulator.ActiveCfg = Debug|Any CPU
		{204B1F42-0D9C-4349-87C5-34148E3D170A}.Ad-Hoc|iPhoneSimulator.Build.0 = Debug|Any CPU
		{204B1F42-0D9C-4349-87C5-34148E3D170A}.Ad-Hoc|x64.ActiveCfg = Debug|Any CPU
		{204B1F42-0D9C-4349-87C5-34148E3D170A}.Ad-Hoc|x64.Build.0 = Debug|Any CPU
		{204B1F42-0D9C-4349-87C5-34148E3D170A}.Ad-Hoc|x86.ActiveCfg = Debug|Any CPU
		{204B1F42-0D9C-4349-87C5-34148E3D170A}.Ad-Hoc|x86.Build.0 = Debug|Any CPU
		{204B1F42-0D9C-4349-87C5-34148E3D170A}.AppStore|Any CPU.ActiveCfg = Debug|Any CPU
		{204B1F42-0D9C-4349-87C5-34148E3D170A}.AppStore|Any CPU.Build.0 = Debug|Any CPU
		{204B1F42-0D9C-4349-87C5-34148E3D170A}.AppStore|ARM.ActiveCfg = Debug|Any CPU
		{204B1F42-0D9C-4349-87C5-34148E3D170A}.AppStore|ARM.Build.0 = Debug|Any CPU
		{204B1F42-0D9C-4349-87C5-34148E3D170A}.AppStore|iPhone.ActiveCfg = Debug|Any CPU
		{204B1F42-0D9C-4349-87C5-34148E3D170A}.AppStore|iPhone.Build.0 = Debug|Any CPU
		{204B1F42-0D9C-4349-87C5-34148E3D170A}.AppStore|iPhoneSimulator.ActiveCfg = Debug|Any CPU
		{204B1F42-0D9C-4349-87C5-34148E3D170A}.AppStore|iPhoneSimulator.Build.0 = Debug|Any CPU
		{204B1F42-0D9C-4349-87C5-34148E3D170A}.AppStore|x64.ActiveCfg = Debug|Any CPU
		{204B1F42-0D9C-4349-87C5-34148E3D170A}.AppStore|x64.Build.0 = Debug|Any CPU
		{204B1F42-0D9C-4349-87C5-34148E3D170A}.AppStore|x86.ActiveCfg = Debug|Any CPU
		{204B1F42-0D9C-4349-87C5-34148E3D170A}.AppStore|x86.Build.0 = Debug|Any CPU
		{204B1F42-0D9C-4349-87C5-34148E3D170A}.Debug|Any CPU.ActiveCfg = Debug|Any CPU
		{204B1F42-0D9C-4349-87C5-34148E3D170A}.Debug|Any CPU.Build.0 = Debug|Any CPU
		{204B1F42-0D9C-4349-87C5-34148E3D170A}.Debug|ARM.ActiveCfg = Debug|Any CPU
		{204B1F42-0D9C-4349-87C5-34148E3D170A}.Debug|ARM.Build.0 = Debug|Any CPU
		{204B1F42-0D9C-4349-87C5-34148E3D170A}.Debug|iPhone.ActiveCfg = Debug|Any CPU
		{204B1F42-0D9C-4349-87C5-34148E3D170A}.Debug|iPhone.Build.0 = Debug|Any CPU
		{204B1F42-0D9C-4349-87C5-34148E3D170A}.Debug|iPhoneSimulator.ActiveCfg = Debug|Any CPU
		{204B1F42-0D9C-4349-87C5-34148E3D170A}.Debug|iPhoneSimulator.Build.0 = Debug|Any CPU
		{204B1F42-0D9C-4349-87C5-34148E3D170A}.Debug|x64.ActiveCfg = Debug|Any CPU
		{204B1F42-0D9C-4349-87C5-34148E3D170A}.Debug|x64.Build.0 = Debug|Any CPU
		{204B1F42-0D9C-4349-87C5-34148E3D170A}.Debug|x86.ActiveCfg = Debug|Any CPU
		{204B1F42-0D9C-4349-87C5-34148E3D170A}.Debug|x86.Build.0 = Debug|Any CPU
		{204B1F42-0D9C-4349-87C5-34148E3D170A}.Release|Any CPU.ActiveCfg = Release|Any CPU
		{204B1F42-0D9C-4349-87C5-34148E3D170A}.Release|Any CPU.Build.0 = Release|Any CPU
		{204B1F42-0D9C-4349-87C5-34148E3D170A}.Release|ARM.ActiveCfg = Release|Any CPU
		{204B1F42-0D9C-4349-87C5-34148E3D170A}.Release|ARM.Build.0 = Release|Any CPU
		{204B1F42-0D9C-4349-87C5-34148E3D170A}.Release|iPhone.ActiveCfg = Release|Any CPU
		{204B1F42-0D9C-4349-87C5-34148E3D170A}.Release|iPhone.Build.0 = Release|Any CPU
		{204B1F42-0D9C-4349-87C5-34148E3D170A}.Release|iPhoneSimulator.ActiveCfg = Release|Any CPU
		{204B1F42-0D9C-4349-87C5-34148E3D170A}.Release|iPhoneSimulator.Build.0 = Release|Any CPU
		{204B1F42-0D9C-4349-87C5-34148E3D170A}.Release|x64.ActiveCfg = Release|Any CPU
		{204B1F42-0D9C-4349-87C5-34148E3D170A}.Release|x64.Build.0 = Release|Any CPU
		{204B1F42-0D9C-4349-87C5-34148E3D170A}.Release|x86.ActiveCfg = Release|Any CPU
		{204B1F42-0D9C-4349-87C5-34148E3D170A}.Release|x86.Build.0 = Release|Any CPU
	EndGlobalSection
	GlobalSection(SolutionProperties) = preSolution
		HideSolutionNode = FALSE
	EndGlobalSection
	GlobalSection(NestedProjects) = preSolution
		{E780B778-C40F-4993-A62F-277486480A67} = {1C926612-E1EB-4041-8D28-ED33CE28A57E}
		{227E1B5E-7678-4492-B100-B069186494E5} = {1C926612-E1EB-4041-8D28-ED33CE28A57E}
		{4718D281-A453-42A7-9381-0FD48DB8D801} = {1C926612-E1EB-4041-8D28-ED33CE28A57E}
		{EC97E42A-5A7E-45C8-8BD7-A8B76FAE8918} = {1C926612-E1EB-4041-8D28-ED33CE28A57E}
		{692F40B4-FE18-4C0B-85A7-DE8CFAFB7DCD} = {5AD1B5E1-D8B5-476B-A1F8-8D8D1CCBA57D}
		{559DAB2C-8BD6-41DB-B77E-C446353100FB} = {5AD1B5E1-D8B5-476B-A1F8-8D8D1CCBA57D}
		{7F310F01-48C4-4553-9B67-03D4F614AD31} = {5AD1B5E1-D8B5-476B-A1F8-8D8D1CCBA57D}
		{CA72E2AD-0DB7-4A6F-9EB8-E29E0FA86D8C} = {5AD1B5E1-D8B5-476B-A1F8-8D8D1CCBA57D}
		{923D64D4-5804-4621-8C17-A683D341BF07} = {5AD1B5E1-D8B5-476B-A1F8-8D8D1CCBA57D}
	EndGlobalSection
	GlobalSection(ExtensibilityGlobals) = postSolution
		SolutionGuid = {135D86AF-4EC4-4AA0-BD06-75C410F3EA08}
	EndGlobalSection
EndGlobal
